// !$*UTF8*$!
{
	archiveVersion = 1;
	classes = {
	};
	objectVersion = 52;
	objects = {

/* Begin PBXBuildFile section */
		B91CAD662306B5F300EB67B1 /* AdvancedList in Frameworks */ = {isa = PBXBuildFile; productRef = B91CAD652306B5F300EB67B1 /* AdvancedList */; };
		B9BA37A123096E3300D3CCA8 /* HouseListInteractorError.swift in Sources */ = {isa = PBXBuildFile; fileRef = B9BA37A023096E3300D3CCA8 /* HouseListInteractorError.swift */; };
		B9E03A9D23032E4000E2B3F5 /* AppDelegate.swift in Sources */ = {isa = PBXBuildFile; fileRef = B9E03A9C23032E4000E2B3F5 /* AppDelegate.swift */; };
		B9E03A9F23032E4000E2B3F5 /* SceneDelegate.swift in Sources */ = {isa = PBXBuildFile; fileRef = B9E03A9E23032E4000E2B3F5 /* SceneDelegate.swift */; };
		B9E03AA123032E4000E2B3F5 /* ContentView.swift in Sources */ = {isa = PBXBuildFile; fileRef = B9E03AA023032E4000E2B3F5 /* ContentView.swift */; };
		B9E03AA323032E4100E2B3F5 /* Assets.xcassets in Resources */ = {isa = PBXBuildFile; fileRef = B9E03AA223032E4100E2B3F5 /* Assets.xcassets */; };
		B9E03AA623032E4100E2B3F5 /* Preview Assets.xcassets in Resources */ = {isa = PBXBuildFile; fileRef = B9E03AA523032E4100E2B3F5 /* Preview Assets.xcassets */; };
		B9E03AA923032E4100E2B3F5 /* LaunchScreen.storyboard in Resources */ = {isa = PBXBuildFile; fileRef = B9E03AA723032E4100E2B3F5 /* LaunchScreen.storyboard */; };
		B9E03AC223032FD600E2B3F5 /* HouseDataModel.swift in Sources */ = {isa = PBXBuildFile; fileRef = B9E03ABD23032FD600E2B3F5 /* HouseDataModel.swift */; };
		B9E03AC323032FD600E2B3F5 /* HouseResponseModel.swift in Sources */ = {isa = PBXBuildFile; fileRef = B9E03ABE23032FD600E2B3F5 /* HouseResponseModel.swift */; };
		B9E03AC423032FD600E2B3F5 /* HouseDataModelConvertibleError.swift in Sources */ = {isa = PBXBuildFile; fileRef = B9E03ABF23032FD600E2B3F5 /* HouseDataModelConvertibleError.swift */; };
		B9E03AC523032FD600E2B3F5 /* APIServiceError.swift in Sources */ = {isa = PBXBuildFile; fileRef = B9E03AC023032FD600E2B3F5 /* APIServiceError.swift */; };
		B9E03AC623032FD600E2B3F5 /* HouseResponseModel+HouseDataModelConvertible.swift in Sources */ = {isa = PBXBuildFile; fileRef = B9E03AC123032FD600E2B3F5 /* HouseResponseModel+HouseDataModelConvertible.swift */; };
		B9E03AC823032FDD00E2B3F5 /* HouseDataModelConvertible.swift in Sources */ = {isa = PBXBuildFile; fileRef = B9E03AC723032FDD00E2B3F5 /* HouseDataModelConvertible.swift */; };
		B9E03ACA23032FE300E2B3F5 /* APIService.swift in Sources */ = {isa = PBXBuildFile; fileRef = B9E03AC923032FE300E2B3F5 /* APIService.swift */; };
		B9E03ACC23032FEB00E2B3F5 /* HouseViewModel.swift in Sources */ = {isa = PBXBuildFile; fileRef = B9E03ACB23032FEA00E2B3F5 /* HouseViewModel.swift */; };
		B9E03ACE2303342900E2B3F5 /* HouseDetailViewModel.swift in Sources */ = {isa = PBXBuildFile; fileRef = B9E03ACD2303342900E2B3F5 /* HouseDetailViewModel.swift */; };
		B9E03AD52303343100E2B3F5 /* HouseTitlesView.swift in Sources */ = {isa = PBXBuildFile; fileRef = B9E03ACF2303343100E2B3F5 /* HouseTitlesView.swift */; };
		B9E03AD62303343100E2B3F5 /* HouseSwornMembersView.swift in Sources */ = {isa = PBXBuildFile; fileRef = B9E03AD02303343100E2B3F5 /* HouseSwornMembersView.swift */; };
		B9E03AD72303343100E2B3F5 /* HouseSeatsView.swift in Sources */ = {isa = PBXBuildFile; fileRef = B9E03AD12303343100E2B3F5 /* HouseSeatsView.swift */; };
		B9E03AD82303343100E2B3F5 /* HouseFactsView.swift in Sources */ = {isa = PBXBuildFile; fileRef = B9E03AD22303343100E2B3F5 /* HouseFactsView.swift */; };
		B9E03AD92303343100E2B3F5 /* HouseCadetBranchesView.swift in Sources */ = {isa = PBXBuildFile; fileRef = B9E03AD32303343100E2B3F5 /* HouseCadetBranchesView.swift */; };
		B9E03ADA2303343100E2B3F5 /* HouseAncestralWeaponsView.swift in Sources */ = {isa = PBXBuildFile; fileRef = B9E03AD42303343100E2B3F5 /* HouseAncestralWeaponsView.swift */; };
		B9E03AE52303343A00E2B3F5 /* HouseDetailView.swift in Sources */ = {isa = PBXBuildFile; fileRef = B9E03ADB2303343A00E2B3F5 /* HouseDetailView.swift */; };
		B9E03AE62303343A00E2B3F5 /* HouseDetailAction.swift in Sources */ = {isa = PBXBuildFile; fileRef = B9E03ADC2303343A00E2B3F5 /* HouseDetailAction.swift */; };
		B9E03AE72303343A00E2B3F5 /* HouseDetailDelegateProtocol.swift in Sources */ = {isa = PBXBuildFile; fileRef = B9E03ADD2303343A00E2B3F5 /* HouseDetailDelegateProtocol.swift */; };
		B9E03AE82303343A00E2B3F5 /* HouseDetailWireframe.swift in Sources */ = {isa = PBXBuildFile; fileRef = B9E03ADE2303343A00E2B3F5 /* HouseDetailWireframe.swift */; };
		B9E03AE92303343A00E2B3F5 /* HouseDetailInteractorDependencies.swift in Sources */ = {isa = PBXBuildFile; fileRef = B9E03ADF2303343A00E2B3F5 /* HouseDetailInteractorDependencies.swift */; };
		B9E03AEA2303343A00E2B3F5 /* HouseDetailPresenter.swift in Sources */ = {isa = PBXBuildFile; fileRef = B9E03AE02303343A00E2B3F5 /* HouseDetailPresenter.swift */; };
		B9E03AEB2303343A00E2B3F5 /* HouseDetailInteractor.swift in Sources */ = {isa = PBXBuildFile; fileRef = B9E03AE12303343A00E2B3F5 /* HouseDetailInteractor.swift */; };
		B9E03AEC2303343A00E2B3F5 /* HouseDetailPresenterDependencies.swift in Sources */ = {isa = PBXBuildFile; fileRef = B9E03AE22303343A00E2B3F5 /* HouseDetailPresenterDependencies.swift */; };
		B9E03AED2303343A00E2B3F5 /* HouseDetailProtocol.swift in Sources */ = {isa = PBXBuildFile; fileRef = B9E03AE32303343A00E2B3F5 /* HouseDetailProtocol.swift */; };
		B9E03AEE2303343A00E2B3F5 /* HouseDetailEvent.swift in Sources */ = {isa = PBXBuildFile; fileRef = B9E03AE42303343A00E2B3F5 /* HouseDetailEvent.swift */; };
		B9E03AFB2303345B00E2B3F5 /* HouseListPresenter.swift in Sources */ = {isa = PBXBuildFile; fileRef = B9E03AF12303345B00E2B3F5 /* HouseListPresenter.swift */; };
		B9E03AFC2303345B00E2B3F5 /* HouseListDelegateProtocol.swift in Sources */ = {isa = PBXBuildFile; fileRef = B9E03AF22303345B00E2B3F5 /* HouseListDelegateProtocol.swift */; };
		B9E03AFD2303345B00E2B3F5 /* HouseListView.swift in Sources */ = {isa = PBXBuildFile; fileRef = B9E03AF32303345B00E2B3F5 /* HouseListView.swift */; };
		B9E03AFE2303345B00E2B3F5 /* HouseListWireframe.swift in Sources */ = {isa = PBXBuildFile; fileRef = B9E03AF42303345B00E2B3F5 /* HouseListWireframe.swift */; };
		B9E03AFF2303345B00E2B3F5 /* HouseListInteractor.swift in Sources */ = {isa = PBXBuildFile; fileRef = B9E03AF52303345B00E2B3F5 /* HouseListInteractor.swift */; };
		B9E03B002303345B00E2B3F5 /* HouseListEvent.swift in Sources */ = {isa = PBXBuildFile; fileRef = B9E03AF62303345B00E2B3F5 /* HouseListEvent.swift */; };
		B9E03B012303345B00E2B3F5 /* HouseListAction.swift in Sources */ = {isa = PBXBuildFile; fileRef = B9E03AF72303345B00E2B3F5 /* HouseListAction.swift */; };
		B9E03B022303345B00E2B3F5 /* HouseListPresenterDependencies.swift in Sources */ = {isa = PBXBuildFile; fileRef = B9E03AF82303345B00E2B3F5 /* HouseListPresenterDependencies.swift */; };
		B9E03B032303345B00E2B3F5 /* HouseListProtocol.swift in Sources */ = {isa = PBXBuildFile; fileRef = B9E03AF92303345B00E2B3F5 /* HouseListProtocol.swift */; };
		B9E03B042303345B00E2B3F5 /* HouseListInteractorDependencies.swift in Sources */ = {isa = PBXBuildFile; fileRef = B9E03AFA2303345B00E2B3F5 /* HouseListInteractorDependencies.swift */; };
/* End PBXBuildFile section */

/* Begin PBXFileReference section */
		B91CAD68230743E900EB67B1 /* Game-of-Thrones-VIPER-SwiftUI.entitlements */ = {isa = PBXFileReference; lastKnownFileType = text.plist.entitlements; path = "Game-of-Thrones-VIPER-SwiftUI.entitlements"; sourceTree = "<group>"; };
		B943C44A230336DF00E1BBA0 /* README.md */ = {isa = PBXFileReference; lastKnownFileType = net.daringfireball.markdown; path = README.md; sourceTree = "<group>"; };
		B943C44B23033EF100E1BBA0 /* Game-of-Thrones-VIPER-SwiftUI.gif */ = {isa = PBXFileReference; lastKnownFileType = image.gif; path = "Game-of-Thrones-VIPER-SwiftUI.gif"; sourceTree = "<group>"; };
		B9BA37A023096E3300D3CCA8 /* HouseListInteractorError.swift */ = {isa = PBXFileReference; lastKnownFileType = sourcecode.swift; path = HouseListInteractorError.swift; sourceTree = "<group>"; };
		B9E03A9923032E4000E2B3F5 /* Game-of-Thrones-VIPER-SwiftUI.app */ = {isa = PBXFileReference; explicitFileType = wrapper.application; includeInIndex = 0; path = "Game-of-Thrones-VIPER-SwiftUI.app"; sourceTree = BUILT_PRODUCTS_DIR; };
		B9E03A9C23032E4000E2B3F5 /* AppDelegate.swift */ = {isa = PBXFileReference; lastKnownFileType = sourcecode.swift; path = AppDelegate.swift; sourceTree = "<group>"; };
		B9E03A9E23032E4000E2B3F5 /* SceneDelegate.swift */ = {isa = PBXFileReference; lastKnownFileType = sourcecode.swift; path = SceneDelegate.swift; sourceTree = "<group>"; };
		B9E03AA023032E4000E2B3F5 /* ContentView.swift */ = {isa = PBXFileReference; lastKnownFileType = sourcecode.swift; path = ContentView.swift; sourceTree = "<group>"; };
		B9E03AA223032E4100E2B3F5 /* Assets.xcassets */ = {isa = PBXFileReference; lastKnownFileType = folder.assetcatalog; path = Assets.xcassets; sourceTree = "<group>"; };
		B9E03AA523032E4100E2B3F5 /* Preview Assets.xcassets */ = {isa = PBXFileReference; lastKnownFileType = folder.assetcatalog; path = "Preview Assets.xcassets"; sourceTree = "<group>"; };
		B9E03AA823032E4100E2B3F5 /* Base */ = {isa = PBXFileReference; lastKnownFileType = file.storyboard; name = Base; path = Base.lproj/LaunchScreen.storyboard; sourceTree = "<group>"; };
		B9E03AAA23032E4100E2B3F5 /* Info.plist */ = {isa = PBXFileReference; lastKnownFileType = text.plist.xml; path = Info.plist; sourceTree = "<group>"; };
		B9E03ABD23032FD600E2B3F5 /* HouseDataModel.swift */ = {isa = PBXFileReference; fileEncoding = 4; lastKnownFileType = sourcecode.swift; path = HouseDataModel.swift; sourceTree = "<group>"; };
		B9E03ABE23032FD600E2B3F5 /* HouseResponseModel.swift */ = {isa = PBXFileReference; fileEncoding = 4; lastKnownFileType = sourcecode.swift; path = HouseResponseModel.swift; sourceTree = "<group>"; };
		B9E03ABF23032FD600E2B3F5 /* HouseDataModelConvertibleError.swift */ = {isa = PBXFileReference; fileEncoding = 4; lastKnownFileType = sourcecode.swift; path = HouseDataModelConvertibleError.swift; sourceTree = "<group>"; };
		B9E03AC023032FD600E2B3F5 /* APIServiceError.swift */ = {isa = PBXFileReference; fileEncoding = 4; lastKnownFileType = sourcecode.swift; path = APIServiceError.swift; sourceTree = "<group>"; };
		B9E03AC123032FD600E2B3F5 /* HouseResponseModel+HouseDataModelConvertible.swift */ = {isa = PBXFileReference; fileEncoding = 4; lastKnownFileType = sourcecode.swift; path = "HouseResponseModel+HouseDataModelConvertible.swift"; sourceTree = "<group>"; };
		B9E03AC723032FDD00E2B3F5 /* HouseDataModelConvertible.swift */ = {isa = PBXFileReference; fileEncoding = 4; lastKnownFileType = sourcecode.swift; path = HouseDataModelConvertible.swift; sourceTree = "<group>"; };
		B9E03AC923032FE300E2B3F5 /* APIService.swift */ = {isa = PBXFileReference; fileEncoding = 4; lastKnownFileType = sourcecode.swift; path = APIService.swift; sourceTree = "<group>"; };
		B9E03ACB23032FEA00E2B3F5 /* HouseViewModel.swift */ = {isa = PBXFileReference; fileEncoding = 4; lastKnownFileType = sourcecode.swift; path = HouseViewModel.swift; sourceTree = "<group>"; };
		B9E03ACD2303342900E2B3F5 /* HouseDetailViewModel.swift */ = {isa = PBXFileReference; fileEncoding = 4; lastKnownFileType = sourcecode.swift; path = HouseDetailViewModel.swift; sourceTree = "<group>"; };
		B9E03ACF2303343100E2B3F5 /* HouseTitlesView.swift */ = {isa = PBXFileReference; fileEncoding = 4; lastKnownFileType = sourcecode.swift; path = HouseTitlesView.swift; sourceTree = "<group>"; };
		B9E03AD02303343100E2B3F5 /* HouseSwornMembersView.swift */ = {isa = PBXFileReference; fileEncoding = 4; lastKnownFileType = sourcecode.swift; path = HouseSwornMembersView.swift; sourceTree = "<group>"; };
		B9E03AD12303343100E2B3F5 /* HouseSeatsView.swift */ = {isa = PBXFileReference; fileEncoding = 4; lastKnownFileType = sourcecode.swift; path = HouseSeatsView.swift; sourceTree = "<group>"; };
		B9E03AD22303343100E2B3F5 /* HouseFactsView.swift */ = {isa = PBXFileReference; fileEncoding = 4; lastKnownFileType = sourcecode.swift; path = HouseFactsView.swift; sourceTree = "<group>"; };
		B9E03AD32303343100E2B3F5 /* HouseCadetBranchesView.swift */ = {isa = PBXFileReference; fileEncoding = 4; lastKnownFileType = sourcecode.swift; path = HouseCadetBranchesView.swift; sourceTree = "<group>"; };
		B9E03AD42303343100E2B3F5 /* HouseAncestralWeaponsView.swift */ = {isa = PBXFileReference; fileEncoding = 4; lastKnownFileType = sourcecode.swift; path = HouseAncestralWeaponsView.swift; sourceTree = "<group>"; };
		B9E03ADB2303343A00E2B3F5 /* HouseDetailView.swift */ = {isa = PBXFileReference; fileEncoding = 4; lastKnownFileType = sourcecode.swift; path = HouseDetailView.swift; sourceTree = "<group>"; };
		B9E03ADC2303343A00E2B3F5 /* HouseDetailAction.swift */ = {isa = PBXFileReference; fileEncoding = 4; lastKnownFileType = sourcecode.swift; path = HouseDetailAction.swift; sourceTree = "<group>"; };
		B9E03ADD2303343A00E2B3F5 /* HouseDetailDelegateProtocol.swift */ = {isa = PBXFileReference; fileEncoding = 4; lastKnownFileType = sourcecode.swift; path = HouseDetailDelegateProtocol.swift; sourceTree = "<group>"; };
		B9E03ADE2303343A00E2B3F5 /* HouseDetailWireframe.swift */ = {isa = PBXFileReference; fileEncoding = 4; lastKnownFileType = sourcecode.swift; path = HouseDetailWireframe.swift; sourceTree = "<group>"; };
		B9E03ADF2303343A00E2B3F5 /* HouseDetailInteractorDependencies.swift */ = {isa = PBXFileReference; fileEncoding = 4; lastKnownFileType = sourcecode.swift; path = HouseDetailInteractorDependencies.swift; sourceTree = "<group>"; };
		B9E03AE02303343A00E2B3F5 /* HouseDetailPresenter.swift */ = {isa = PBXFileReference; fileEncoding = 4; lastKnownFileType = sourcecode.swift; path = HouseDetailPresenter.swift; sourceTree = "<group>"; };
		B9E03AE12303343A00E2B3F5 /* HouseDetailInteractor.swift */ = {isa = PBXFileReference; fileEncoding = 4; lastKnownFileType = sourcecode.swift; path = HouseDetailInteractor.swift; sourceTree = "<group>"; };
		B9E03AE22303343A00E2B3F5 /* HouseDetailPresenterDependencies.swift */ = {isa = PBXFileReference; fileEncoding = 4; lastKnownFileType = sourcecode.swift; path = HouseDetailPresenterDependencies.swift; sourceTree = "<group>"; };
		B9E03AE32303343A00E2B3F5 /* HouseDetailProtocol.swift */ = {isa = PBXFileReference; fileEncoding = 4; lastKnownFileType = sourcecode.swift; path = HouseDetailProtocol.swift; sourceTree = "<group>"; };
		B9E03AE42303343A00E2B3F5 /* HouseDetailEvent.swift */ = {isa = PBXFileReference; fileEncoding = 4; lastKnownFileType = sourcecode.swift; path = HouseDetailEvent.swift; sourceTree = "<group>"; };
		B9E03AF12303345B00E2B3F5 /* HouseListPresenter.swift */ = {isa = PBXFileReference; fileEncoding = 4; lastKnownFileType = sourcecode.swift; path = HouseListPresenter.swift; sourceTree = "<group>"; };
		B9E03AF22303345B00E2B3F5 /* HouseListDelegateProtocol.swift */ = {isa = PBXFileReference; fileEncoding = 4; lastKnownFileType = sourcecode.swift; path = HouseListDelegateProtocol.swift; sourceTree = "<group>"; };
		B9E03AF32303345B00E2B3F5 /* HouseListView.swift */ = {isa = PBXFileReference; fileEncoding = 4; lastKnownFileType = sourcecode.swift; path = HouseListView.swift; sourceTree = "<group>"; };
		B9E03AF42303345B00E2B3F5 /* HouseListWireframe.swift */ = {isa = PBXFileReference; fileEncoding = 4; lastKnownFileType = sourcecode.swift; path = HouseListWireframe.swift; sourceTree = "<group>"; };
		B9E03AF52303345B00E2B3F5 /* HouseListInteractor.swift */ = {isa = PBXFileReference; fileEncoding = 4; lastKnownFileType = sourcecode.swift; path = HouseListInteractor.swift; sourceTree = "<group>"; };
		B9E03AF62303345B00E2B3F5 /* HouseListEvent.swift */ = {isa = PBXFileReference; fileEncoding = 4; lastKnownFileType = sourcecode.swift; path = HouseListEvent.swift; sourceTree = "<group>"; };
		B9E03AF72303345B00E2B3F5 /* HouseListAction.swift */ = {isa = PBXFileReference; fileEncoding = 4; lastKnownFileType = sourcecode.swift; path = HouseListAction.swift; sourceTree = "<group>"; };
		B9E03AF82303345B00E2B3F5 /* HouseListPresenterDependencies.swift */ = {isa = PBXFileReference; fileEncoding = 4; lastKnownFileType = sourcecode.swift; path = HouseListPresenterDependencies.swift; sourceTree = "<group>"; };
		B9E03AF92303345B00E2B3F5 /* HouseListProtocol.swift */ = {isa = PBXFileReference; fileEncoding = 4; lastKnownFileType = sourcecode.swift; path = HouseListProtocol.swift; sourceTree = "<group>"; };
		B9E03AFA2303345B00E2B3F5 /* HouseListInteractorDependencies.swift */ = {isa = PBXFileReference; fileEncoding = 4; lastKnownFileType = sourcecode.swift; path = HouseListInteractorDependencies.swift; sourceTree = "<group>"; };
/* End PBXFileReference section */

/* Begin PBXFrameworksBuildPhase section */
		B9E03A9623032E4000E2B3F5 /* Frameworks */ = {
			isa = PBXFrameworksBuildPhase;
			buildActionMask = 2147483647;
			files = (
				B91CAD662306B5F300EB67B1 /* AdvancedList in Frameworks */,
			);
			runOnlyForDeploymentPostprocessing = 0;
		};
/* End PBXFrameworksBuildPhase section */

/* Begin PBXGroup section */
		B91CAD612305AB6400EB67B1 /* Frameworks */ = {
			isa = PBXGroup;
			children = (
			);
			name = Frameworks;
			sourceTree = "<group>";
		};
		B9E03A9023032E4000E2B3F5 = {
			isa = PBXGroup;
			children = (
				B943C44B23033EF100E1BBA0 /* Game-of-Thrones-VIPER-SwiftUI.gif */,
				B943C44A230336DF00E1BBA0 /* README.md */,
				B9E03A9B23032E4000E2B3F5 /* Game-of-Thrones-VIPER-SwiftUI */,
				B9E03A9A23032E4000E2B3F5 /* Products */,
				B91CAD612305AB6400EB67B1 /* Frameworks */,
			);
			sourceTree = "<group>";
		};
		B9E03A9A23032E4000E2B3F5 /* Products */ = {
			isa = PBXGroup;
			children = (
				B9E03A9923032E4000E2B3F5 /* Game-of-Thrones-VIPER-SwiftUI.app */,
			);
			name = Products;
			sourceTree = "<group>";
		};
		B9E03A9B23032E4000E2B3F5 /* Game-of-Thrones-VIPER-SwiftUI */ = {
			isa = PBXGroup;
			children = (
				B91CAD68230743E900EB67B1 /* Game-of-Thrones-VIPER-SwiftUI.entitlements */,
				B9E03AB123032E6D00E2B3F5 /* Global */,
				B9E03AB023032E6700E2B3F5 /* Features */,
				B9E03A9C23032E4000E2B3F5 /* AppDelegate.swift */,
				B9E03A9E23032E4000E2B3F5 /* SceneDelegate.swift */,
				B9E03AA023032E4000E2B3F5 /* ContentView.swift */,
				B9E03AA223032E4100E2B3F5 /* Assets.xcassets */,
				B9E03AA723032E4100E2B3F5 /* LaunchScreen.storyboard */,
				B9E03AAA23032E4100E2B3F5 /* Info.plist */,
				B9E03AA423032E4100E2B3F5 /* Preview Content */,
			);
			path = "Game-of-Thrones-VIPER-SwiftUI";
			sourceTree = "<group>";
		};
		B9E03AA423032E4100E2B3F5 /* Preview Content */ = {
			isa = PBXGroup;
			children = (
				B9E03AA523032E4100E2B3F5 /* Preview Assets.xcassets */,
			);
			path = "Preview Content";
			sourceTree = "<group>";
		};
		B9E03AB023032E6700E2B3F5 /* Features */ = {
			isa = PBXGroup;
			children = (
				B9E03AB223032E7700E2B3F5 /* HouseDetail */,
				B9E03AB323032E7D00E2B3F5 /* HouseList */,
			);
			path = Features;
			sourceTree = "<group>";
		};
		B9E03AB123032E6D00E2B3F5 /* Global */ = {
			isa = PBXGroup;
			children = (
				B9E03AB423032E8800E2B3F5 /* Models */,
				B9E03AB523032E8D00E2B3F5 /* Protocols */,
				B9E03AB623032E9400E2B3F5 /* Services */,
				B9E03AB723032E9900E2B3F5 /* ViewModels */,
			);
			path = Global;
			sourceTree = "<group>";
		};
		B9E03AB223032E7700E2B3F5 /* HouseDetail */ = {
			isa = PBXGroup;
			children = (
				B9E03AB823032EAE00E2B3F5 /* ViewModels */,
				B9E03AB923032EB300E2B3F5 /* Views */,
				B9E03ABA23032EB700E2B3F5 /* VIPER */,
			);
			path = HouseDetail;
			sourceTree = "<group>";
		};
		B9E03AB323032E7D00E2B3F5 /* HouseList */ = {
			isa = PBXGroup;
			children = (
				B9E03ABC23032EC800E2B3F5 /* VIPER */,
			);
			path = HouseList;
			sourceTree = "<group>";
		};
		B9E03AB423032E8800E2B3F5 /* Models */ = {
			isa = PBXGroup;
			children = (
				B9E03AC023032FD600E2B3F5 /* APIServiceError.swift */,
				B9E03ABD23032FD600E2B3F5 /* HouseDataModel.swift */,
				B9E03ABF23032FD600E2B3F5 /* HouseDataModelConvertibleError.swift */,
				B9E03ABE23032FD600E2B3F5 /* HouseResponseModel.swift */,
				B9E03AC123032FD600E2B3F5 /* HouseResponseModel+HouseDataModelConvertible.swift */,
			);
			path = Models;
			sourceTree = "<group>";
		};
		B9E03AB523032E8D00E2B3F5 /* Protocols */ = {
			isa = PBXGroup;
			children = (
				B9E03AC723032FDD00E2B3F5 /* HouseDataModelConvertible.swift */,
			);
			path = Protocols;
			sourceTree = "<group>";
		};
		B9E03AB623032E9400E2B3F5 /* Services */ = {
			isa = PBXGroup;
			children = (
				B9E03AC923032FE300E2B3F5 /* APIService.swift */,
			);
			path = Services;
			sourceTree = "<group>";
		};
		B9E03AB723032E9900E2B3F5 /* ViewModels */ = {
			isa = PBXGroup;
			children = (
				B9E03ACB23032FEA00E2B3F5 /* HouseViewModel.swift */,
			);
			path = ViewModels;
			sourceTree = "<group>";
		};
		B9E03AB823032EAE00E2B3F5 /* ViewModels */ = {
			isa = PBXGroup;
			children = (
				B9E03ACD2303342900E2B3F5 /* HouseDetailViewModel.swift */,
			);
			path = ViewModels;
			sourceTree = "<group>";
		};
		B9E03AB923032EB300E2B3F5 /* Views */ = {
			isa = PBXGroup;
			children = (
				B9E03AD42303343100E2B3F5 /* HouseAncestralWeaponsView.swift */,
				B9E03AD32303343100E2B3F5 /* HouseCadetBranchesView.swift */,
				B9E03AD22303343100E2B3F5 /* HouseFactsView.swift */,
				B9E03AD12303343100E2B3F5 /* HouseSeatsView.swift */,
				B9E03AD02303343100E2B3F5 /* HouseSwornMembersView.swift */,
				B9E03ACF2303343100E2B3F5 /* HouseTitlesView.swift */,
			);
			path = Views;
			sourceTree = "<group>";
		};
		B9E03ABA23032EB700E2B3F5 /* VIPER */ = {
			isa = PBXGroup;
			children = (
				B9E03ADC2303343A00E2B3F5 /* HouseDetailAction.swift */,
				B9E03ADD2303343A00E2B3F5 /* HouseDetailDelegateProtocol.swift */,
				B9E03AE42303343A00E2B3F5 /* HouseDetailEvent.swift */,
				B9E03AE12303343A00E2B3F5 /* HouseDetailInteractor.swift */,
				B9E03ADF2303343A00E2B3F5 /* HouseDetailInteractorDependencies.swift */,
				B9E03AE02303343A00E2B3F5 /* HouseDetailPresenter.swift */,
				B9E03AE22303343A00E2B3F5 /* HouseDetailPresenterDependencies.swift */,
				B9E03AE32303343A00E2B3F5 /* HouseDetailProtocol.swift */,
				B9E03ADB2303343A00E2B3F5 /* HouseDetailView.swift */,
				B9E03ADE2303343A00E2B3F5 /* HouseDetailWireframe.swift */,
			);
			path = VIPER;
			sourceTree = "<group>";
		};
		B9E03ABC23032EC800E2B3F5 /* VIPER */ = {
			isa = PBXGroup;
			children = (
				B9E03AF72303345B00E2B3F5 /* HouseListAction.swift */,
				B9E03AF22303345B00E2B3F5 /* HouseListDelegateProtocol.swift */,
				B9E03AF62303345B00E2B3F5 /* HouseListEvent.swift */,
				B9E03AF52303345B00E2B3F5 /* HouseListInteractor.swift */,
				B9E03AFA2303345B00E2B3F5 /* HouseListInteractorDependencies.swift */,
				B9BA37A023096E3300D3CCA8 /* HouseListInteractorError.swift */,
				B9E03AF12303345B00E2B3F5 /* HouseListPresenter.swift */,
				B9E03AF82303345B00E2B3F5 /* HouseListPresenterDependencies.swift */,
				B9E03AF92303345B00E2B3F5 /* HouseListProtocol.swift */,
				B9E03AF32303345B00E2B3F5 /* HouseListView.swift */,
				B9E03AF42303345B00E2B3F5 /* HouseListWireframe.swift */,
			);
			path = VIPER;
			sourceTree = "<group>";
		};
/* End PBXGroup section */

/* Begin PBXNativeTarget section */
		B9E03A9823032E4000E2B3F5 /* Game-of-Thrones-VIPER-SwiftUI */ = {
			isa = PBXNativeTarget;
			buildConfigurationList = B9E03AAD23032E4100E2B3F5 /* Build configuration list for PBXNativeTarget "Game-of-Thrones-VIPER-SwiftUI" */;
			buildPhases = (
				B9E03A9523032E4000E2B3F5 /* Sources */,
				B9E03A9623032E4000E2B3F5 /* Frameworks */,
				B9E03A9723032E4000E2B3F5 /* Resources */,
			);
			buildRules = (
			);
			dependencies = (
			);
			name = "Game-of-Thrones-VIPER-SwiftUI";
			packageProductDependencies = (
				B91CAD652306B5F300EB67B1 /* AdvancedList */,
			);
			productName = "Game-of-Thrones-VIPER-SwiftUI";
			productReference = B9E03A9923032E4000E2B3F5 /* Game-of-Thrones-VIPER-SwiftUI.app */;
			productType = "com.apple.product-type.application";
		};
/* End PBXNativeTarget section */

/* Begin PBXProject section */
		B9E03A9123032E4000E2B3F5 /* Project object */ = {
			isa = PBXProject;
			attributes = {
				LastSwiftUpdateCheck = 1100;
				LastUpgradeCheck = 1100;
				ORGANIZATIONNAME = "Christian Elies";
				TargetAttributes = {
					B9E03A9823032E4000E2B3F5 = {
						CreatedOnToolsVersion = 11.0;
					};
				};
			};
			buildConfigurationList = B9E03A9423032E4000E2B3F5 /* Build configuration list for PBXProject "Game-of-Thrones-VIPER-SwiftUI" */;
			compatibilityVersion = "Xcode 9.3";
			developmentRegion = en;
			hasScannedForEncodings = 0;
			knownRegions = (
				en,
				Base,
			);
			mainGroup = B9E03A9023032E4000E2B3F5;
			packageReferences = (
				B91CAD642306B5F300EB67B1 /* XCRemoteSwiftPackageReference "AdvancedList" */,
			);
			productRefGroup = B9E03A9A23032E4000E2B3F5 /* Products */;
			projectDirPath = "";
			projectRoot = "";
			targets = (
				B9E03A9823032E4000E2B3F5 /* Game-of-Thrones-VIPER-SwiftUI */,
			);
		};
/* End PBXProject section */

/* Begin PBXResourcesBuildPhase section */
		B9E03A9723032E4000E2B3F5 /* Resources */ = {
			isa = PBXResourcesBuildPhase;
			buildActionMask = 2147483647;
			files = (
				B9E03AA923032E4100E2B3F5 /* LaunchScreen.storyboard in Resources */,
				B9E03AA623032E4100E2B3F5 /* Preview Assets.xcassets in Resources */,
				B9E03AA323032E4100E2B3F5 /* Assets.xcassets in Resources */,
			);
			runOnlyForDeploymentPostprocessing = 0;
		};
/* End PBXResourcesBuildPhase section */

/* Begin PBXSourcesBuildPhase section */
		B9E03A9523032E4000E2B3F5 /* Sources */ = {
			isa = PBXSourcesBuildPhase;
			buildActionMask = 2147483647;
			files = (
				B9E03AD92303343100E2B3F5 /* HouseCadetBranchesView.swift in Sources */,
				B9E03ACE2303342900E2B3F5 /* HouseDetailViewModel.swift in Sources */,
				B9E03ACC23032FEB00E2B3F5 /* HouseViewModel.swift in Sources */,
				B9E03AFB2303345B00E2B3F5 /* HouseListPresenter.swift in Sources */,
				B9E03AC623032FD600E2B3F5 /* HouseResponseModel+HouseDataModelConvertible.swift in Sources */,
				B9E03AC323032FD600E2B3F5 /* HouseResponseModel.swift in Sources */,
				B9E03AC823032FDD00E2B3F5 /* HouseDataModelConvertible.swift in Sources */,
				B9E03A9D23032E4000E2B3F5 /* AppDelegate.swift in Sources */,
				B9E03B032303345B00E2B3F5 /* HouseListProtocol.swift in Sources */,
				B9E03AEC2303343A00E2B3F5 /* HouseDetailPresenterDependencies.swift in Sources */,
				B9E03B002303345B00E2B3F5 /* HouseListEvent.swift in Sources */,
				B9E03AFF2303345B00E2B3F5 /* HouseListInteractor.swift in Sources */,
				B9E03AFD2303345B00E2B3F5 /* HouseListView.swift in Sources */,
				B9E03AEB2303343A00E2B3F5 /* HouseDetailInteractor.swift in Sources */,
				B9E03AFE2303345B00E2B3F5 /* HouseListWireframe.swift in Sources */,
				B9E03AE72303343A00E2B3F5 /* HouseDetailDelegateProtocol.swift in Sources */,
				B9E03AE62303343A00E2B3F5 /* HouseDetailAction.swift in Sources */,
				B9E03AD72303343100E2B3F5 /* HouseSeatsView.swift in Sources */,
				B9E03AD52303343100E2B3F5 /* HouseTitlesView.swift in Sources */,
				B9E03AC523032FD600E2B3F5 /* APIServiceError.swift in Sources */,
				B9E03AE82303343A00E2B3F5 /* HouseDetailWireframe.swift in Sources */,
				B9E03AE52303343A00E2B3F5 /* HouseDetailView.swift in Sources */,
				B9E03AED2303343A00E2B3F5 /* HouseDetailProtocol.swift in Sources */,
				B9E03A9F23032E4000E2B3F5 /* SceneDelegate.swift in Sources */,
				B9E03AE92303343A00E2B3F5 /* HouseDetailInteractorDependencies.swift in Sources */,
				B9E03ADA2303343100E2B3F5 /* HouseAncestralWeaponsView.swift in Sources */,
				B9E03AD62303343100E2B3F5 /* HouseSwornMembersView.swift in Sources */,
				B9E03ACA23032FE300E2B3F5 /* APIService.swift in Sources */,
				B9E03AC423032FD600E2B3F5 /* HouseDataModelConvertibleError.swift in Sources */,
				B9E03AEA2303343A00E2B3F5 /* HouseDetailPresenter.swift in Sources */,
				B9E03B012303345B00E2B3F5 /* HouseListAction.swift in Sources */,
				B9E03AC223032FD600E2B3F5 /* HouseDataModel.swift in Sources */,
				B9E03AA123032E4000E2B3F5 /* ContentView.swift in Sources */,
				B9BA37A123096E3300D3CCA8 /* HouseListInteractorError.swift in Sources */,
				B9E03AEE2303343A00E2B3F5 /* HouseDetailEvent.swift in Sources */,
				B9E03B022303345B00E2B3F5 /* HouseListPresenterDependencies.swift in Sources */,
				B9E03AD82303343100E2B3F5 /* HouseFactsView.swift in Sources */,
				B9E03AFC2303345B00E2B3F5 /* HouseListDelegateProtocol.swift in Sources */,
				B9E03B042303345B00E2B3F5 /* HouseListInteractorDependencies.swift in Sources */,
			);
			runOnlyForDeploymentPostprocessing = 0;
		};
/* End PBXSourcesBuildPhase section */

/* Begin PBXVariantGroup section */
		B9E03AA723032E4100E2B3F5 /* LaunchScreen.storyboard */ = {
			isa = PBXVariantGroup;
			children = (
				B9E03AA823032E4100E2B3F5 /* Base */,
			);
			name = LaunchScreen.storyboard;
			sourceTree = "<group>";
		};
/* End PBXVariantGroup section */

/* Begin XCBuildConfiguration section */
		B9E03AAB23032E4100E2B3F5 /* Debug */ = {
			isa = XCBuildConfiguration;
			buildSettings = {
				ALWAYS_SEARCH_USER_PATHS = NO;
				CLANG_ANALYZER_NONNULL = YES;
				CLANG_ANALYZER_NUMBER_OBJECT_CONVERSION = YES_AGGRESSIVE;
				CLANG_CXX_LANGUAGE_STANDARD = "gnu++14";
				CLANG_CXX_LIBRARY = "libc++";
				CLANG_ENABLE_MODULES = YES;
				CLANG_ENABLE_OBJC_ARC = YES;
				CLANG_ENABLE_OBJC_WEAK = YES;
				CLANG_WARN_BLOCK_CAPTURE_AUTORELEASING = YES;
				CLANG_WARN_BOOL_CONVERSION = YES;
				CLANG_WARN_COMMA = YES;
				CLANG_WARN_CONSTANT_CONVERSION = YES;
				CLANG_WARN_DEPRECATED_OBJC_IMPLEMENTATIONS = YES;
				CLANG_WARN_DIRECT_OBJC_ISA_USAGE = YES_ERROR;
				CLANG_WARN_DOCUMENTATION_COMMENTS = YES;
				CLANG_WARN_EMPTY_BODY = YES;
				CLANG_WARN_ENUM_CONVERSION = YES;
				CLANG_WARN_INFINITE_RECURSION = YES;
				CLANG_WARN_INT_CONVERSION = YES;
				CLANG_WARN_NON_LITERAL_NULL_CONVERSION = YES;
				CLANG_WARN_OBJC_IMPLICIT_RETAIN_SELF = YES;
				CLANG_WARN_OBJC_LITERAL_CONVERSION = YES;
				CLANG_WARN_OBJC_ROOT_CLASS = YES_ERROR;
				CLANG_WARN_RANGE_LOOP_ANALYSIS = YES;
				CLANG_WARN_STRICT_PROTOTYPES = YES;
				CLANG_WARN_SUSPICIOUS_MOVE = YES;
				CLANG_WARN_UNGUARDED_AVAILABILITY = YES_AGGRESSIVE;
				CLANG_WARN_UNREACHABLE_CODE = YES;
				CLANG_WARN__DUPLICATE_METHOD_MATCH = YES;
				COPY_PHASE_STRIP = NO;
				DEBUG_INFORMATION_FORMAT = dwarf;
				ENABLE_STRICT_OBJC_MSGSEND = YES;
				ENABLE_TESTABILITY = YES;
				GCC_C_LANGUAGE_STANDARD = gnu11;
				GCC_DYNAMIC_NO_PIC = NO;
				GCC_NO_COMMON_BLOCKS = YES;
				GCC_OPTIMIZATION_LEVEL = 0;
				GCC_PREPROCESSOR_DEFINITIONS = (
					"DEBUG=1",
					"$(inherited)",
				);
				GCC_WARN_64_TO_32_BIT_CONVERSION = YES;
				GCC_WARN_ABOUT_RETURN_TYPE = YES_ERROR;
				GCC_WARN_UNDECLARED_SELECTOR = YES;
				GCC_WARN_UNINITIALIZED_AUTOS = YES_AGGRESSIVE;
				GCC_WARN_UNUSED_FUNCTION = YES;
				GCC_WARN_UNUSED_VARIABLE = YES;
				IPHONEOS_DEPLOYMENT_TARGET = 13.0;
				MTL_ENABLE_DEBUG_INFO = INCLUDE_SOURCE;
				MTL_FAST_MATH = YES;
				ONLY_ACTIVE_ARCH = YES;
				SDKROOT = iphoneos;
				SWIFT_ACTIVE_COMPILATION_CONDITIONS = DEBUG;
				SWIFT_OPTIMIZATION_LEVEL = "-Onone";
			};
			name = Debug;
		};
		B9E03AAC23032E4100E2B3F5 /* Release */ = {
			isa = XCBuildConfiguration;
			buildSettings = {
				ALWAYS_SEARCH_USER_PATHS = NO;
				CLANG_ANALYZER_NONNULL = YES;
				CLANG_ANALYZER_NUMBER_OBJECT_CONVERSION = YES_AGGRESSIVE;
				CLANG_CXX_LANGUAGE_STANDARD = "gnu++14";
				CLANG_CXX_LIBRARY = "libc++";
				CLANG_ENABLE_MODULES = YES;
				CLANG_ENABLE_OBJC_ARC = YES;
				CLANG_ENABLE_OBJC_WEAK = YES;
				CLANG_WARN_BLOCK_CAPTURE_AUTORELEASING = YES;
				CLANG_WARN_BOOL_CONVERSION = YES;
				CLANG_WARN_COMMA = YES;
				CLANG_WARN_CONSTANT_CONVERSION = YES;
				CLANG_WARN_DEPRECATED_OBJC_IMPLEMENTATIONS = YES;
				CLANG_WARN_DIRECT_OBJC_ISA_USAGE = YES_ERROR;
				CLANG_WARN_DOCUMENTATION_COMMENTS = YES;
				CLANG_WARN_EMPTY_BODY = YES;
				CLANG_WARN_ENUM_CONVERSION = YES;
				CLANG_WARN_INFINITE_RECURSION = YES;
				CLANG_WARN_INT_CONVERSION = YES;
				CLANG_WARN_NON_LITERAL_NULL_CONVERSION = YES;
				CLANG_WARN_OBJC_IMPLICIT_RETAIN_SELF = YES;
				CLANG_WARN_OBJC_LITERAL_CONVERSION = YES;
				CLANG_WARN_OBJC_ROOT_CLASS = YES_ERROR;
				CLANG_WARN_RANGE_LOOP_ANALYSIS = YES;
				CLANG_WARN_STRICT_PROTOTYPES = YES;
				CLANG_WARN_SUSPICIOUS_MOVE = YES;
				CLANG_WARN_UNGUARDED_AVAILABILITY = YES_AGGRESSIVE;
				CLANG_WARN_UNREACHABLE_CODE = YES;
				CLANG_WARN__DUPLICATE_METHOD_MATCH = YES;
				COPY_PHASE_STRIP = NO;
				DEBUG_INFORMATION_FORMAT = "dwarf-with-dsym";
				ENABLE_NS_ASSERTIONS = NO;
				ENABLE_STRICT_OBJC_MSGSEND = YES;
				GCC_C_LANGUAGE_STANDARD = gnu11;
				GCC_NO_COMMON_BLOCKS = YES;
				GCC_WARN_64_TO_32_BIT_CONVERSION = YES;
				GCC_WARN_ABOUT_RETURN_TYPE = YES_ERROR;
				GCC_WARN_UNDECLARED_SELECTOR = YES;
				GCC_WARN_UNINITIALIZED_AUTOS = YES_AGGRESSIVE;
				GCC_WARN_UNUSED_FUNCTION = YES;
				GCC_WARN_UNUSED_VARIABLE = YES;
				IPHONEOS_DEPLOYMENT_TARGET = 13.0;
				MTL_ENABLE_DEBUG_INFO = NO;
				MTL_FAST_MATH = YES;
				SDKROOT = iphoneos;
				SWIFT_COMPILATION_MODE = wholemodule;
				SWIFT_OPTIMIZATION_LEVEL = "-O";
				VALIDATE_PRODUCT = YES;
			};
			name = Release;
		};
		B9E03AAE23032E4100E2B3F5 /* Debug */ = {
			isa = XCBuildConfiguration;
			buildSettings = {
				ASSETCATALOG_COMPILER_APPICON_NAME = AppIcon;
				CODE_SIGN_ENTITLEMENTS = "Game-of-Thrones-VIPER-SwiftUI/Game-of-Thrones-VIPER-SwiftUI.entitlements";
				CODE_SIGN_IDENTITY = "Apple Development";
				"CODE_SIGN_IDENTITY[sdk=macosx*]" = "-";
				CODE_SIGN_STYLE = Manual;
				DERIVE_MACCATALYST_PRODUCT_BUNDLE_IDENTIFIER = YES;
				DEVELOPMENT_ASSET_PATHS = "Game-of-Thrones-VIPER-SwiftUI/Preview\\ Content";
				DEVELOPMENT_TEAM = "";
				ENABLE_PREVIEWS = YES;
				INFOPLIST_FILE = "Game-of-Thrones-VIPER-SwiftUI/Info.plist";
				LD_RUNPATH_SEARCH_PATHS = (
					"$(inherited)",
					"@executable_path/Frameworks",
				);
				PRODUCT_BUNDLE_IDENTIFIER = "de.crelies.Game-of-Thrones-VIPER-SwiftUI";
				PRODUCT_NAME = "$(TARGET_NAME)";
				PROVISIONING_PROFILE_SPECIFIER = "";
				"PROVISIONING_PROFILE_SPECIFIER[sdk=macosx*]" = "";
				SUPPORTS_MACCATALYST = YES;
				SWIFT_VERSION = 5.0;
				TARGETED_DEVICE_FAMILY = "1,2";
			};
			name = Debug;
		};
		B9E03AAF23032E4100E2B3F5 /* Release */ = {
			isa = XCBuildConfiguration;
			buildSettings = {
				ASSETCATALOG_COMPILER_APPICON_NAME = AppIcon;
				CODE_SIGN_ENTITLEMENTS = "Game-of-Thrones-VIPER-SwiftUI/Game-of-Thrones-VIPER-SwiftUI.entitlements";
				CODE_SIGN_IDENTITY = "Apple Development";
				"CODE_SIGN_IDENTITY[sdk=macosx*]" = "-";
				CODE_SIGN_STYLE = Manual;
				DERIVE_MACCATALYST_PRODUCT_BUNDLE_IDENTIFIER = YES;
				DEVELOPMENT_ASSET_PATHS = "Game-of-Thrones-VIPER-SwiftUI/Preview\\ Content";
				DEVELOPMENT_TEAM = "";
				ENABLE_PREVIEWS = YES;
				INFOPLIST_FILE = "Game-of-Thrones-VIPER-SwiftUI/Info.plist";
				LD_RUNPATH_SEARCH_PATHS = (
					"$(inherited)",
					"@executable_path/Frameworks",
				);
				PRODUCT_BUNDLE_IDENTIFIER = "de.crelies.Game-of-Thrones-VIPER-SwiftUI";
				PRODUCT_NAME = "$(TARGET_NAME)";
				PROVISIONING_PROFILE_SPECIFIER = "";
				"PROVISIONING_PROFILE_SPECIFIER[sdk=macosx*]" = "";
				SUPPORTS_MACCATALYST = YES;
				SWIFT_VERSION = 5.0;
				TARGETED_DEVICE_FAMILY = "1,2";
			};
			name = Release;
		};
/* End XCBuildConfiguration section */

/* Begin XCConfigurationList section */
		B9E03A9423032E4000E2B3F5 /* Build configuration list for PBXProject "Game-of-Thrones-VIPER-SwiftUI" */ = {
			isa = XCConfigurationList;
			buildConfigurations = (
				B9E03AAB23032E4100E2B3F5 /* Debug */,
				B9E03AAC23032E4100E2B3F5 /* Release */,
			);
			defaultConfigurationIsVisible = 0;
			defaultConfigurationName = Release;
		};
		B9E03AAD23032E4100E2B3F5 /* Build configuration list for PBXNativeTarget "Game-of-Thrones-VIPER-SwiftUI" */ = {
			isa = XCConfigurationList;
			buildConfigurations = (
				B9E03AAE23032E4100E2B3F5 /* Debug */,
				B9E03AAF23032E4100E2B3F5 /* Release */,
			);
			defaultConfigurationIsVisible = 0;
			defaultConfigurationName = Release;
		};
/* End XCConfigurationList section */

/* Begin XCRemoteSwiftPackageReference section */
		B91CAD642306B5F300EB67B1 /* XCRemoteSwiftPackageReference "AdvancedList" */ = {
			isa = XCRemoteSwiftPackageReference;
			repositoryURL = "https://github.com/crelies/AdvancedList.git";
			requirement = {
				branch = master;
				kind = branch;
			};
		};
/* End XCRemoteSwiftPackageReference section */

/* Begin XCSwiftPackageProductDependency section */
		B91CAD652306B5F300EB67B1 /* AdvancedList */ = {
			isa = XCSwiftPackageProductDependency;
			package = B91CAD642306B5F300EB67B1 /* XCRemoteSwiftPackageReference "AdvancedList" */;
			productName = AdvancedList;
		};
/* End XCSwiftPackageProductDependency section */
	};
	rootObject = B9E03A9123032E4000E2B3F5 /* Project object */;
}
