// !$*UTF8*$!
{
	archiveVersion = 1;
	classes = {
	};
	objectVersion = 52;
	objects = {

/* Begin PBXBuildFile section */
		B92B64E826DB9113004EB679 /* ComposableArchitecture in Frameworks */ = {isa = PBXBuildFile; productRef = B92B64E726DB9113004EB679 /* ComposableArchitecture */; };
		B92B64F326DB92E1004EB679 /* HouseListAction.swift in Sources */ = {isa = PBXBuildFile; fileRef = B92B64EA26DB92E1004EB679 /* HouseListAction.swift */; };
		B92B64F526DB92E1004EB679 /* HouseListState+view.swift in Sources */ = {isa = PBXBuildFile; fileRef = B92B64EB26DB92E1004EB679 /* HouseListState+view.swift */; };
		B92B64F726DB92E1004EB679 /* HouseListView.Action+feature.swift in Sources */ = {isa = PBXBuildFile; fileRef = B92B64EC26DB92E1004EB679 /* HouseListView.Action+feature.swift */; };
		B92B64F926DB92E1004EB679 /* HouseListView+Action.swift in Sources */ = {isa = PBXBuildFile; fileRef = B92B64ED26DB92E1004EB679 /* HouseListView+Action.swift */; };
		B92B64FB26DB92E1004EB679 /* HouseListView.swift in Sources */ = {isa = PBXBuildFile; fileRef = B92B64EE26DB92E1004EB679 /* HouseListView.swift */; };
		B92B64FD26DB92E1004EB679 /* HouseListEnvironment.swift in Sources */ = {isa = PBXBuildFile; fileRef = B92B64EF26DB92E1004EB679 /* HouseListEnvironment.swift */; };
		B92B64FF26DB92E1004EB679 /* HouseListView+State.swift in Sources */ = {isa = PBXBuildFile; fileRef = B92B64F026DB92E1004EB679 /* HouseListView+State.swift */; };
		B92B650126DB92E1004EB679 /* HouseListReducer.swift in Sources */ = {isa = PBXBuildFile; fileRef = B92B64F126DB92E1004EB679 /* HouseListReducer.swift */; };
		B92B650326DB92E1004EB679 /* HouseListState.swift in Sources */ = {isa = PBXBuildFile; fileRef = B92B64F226DB92E1004EB679 /* HouseListState.swift */; };
		B92B650F26DB963C004EB679 /* HouseListRowAction.swift in Sources */ = {isa = PBXBuildFile; fileRef = B92B650626DB963C004EB679 /* HouseListRowAction.swift */; };
		B92B651026DB963C004EB679 /* HouseListRowState+view.swift in Sources */ = {isa = PBXBuildFile; fileRef = B92B650726DB963C004EB679 /* HouseListRowState+view.swift */; };
		B92B651126DB963C004EB679 /* HouseListRowView.Action+feature.swift in Sources */ = {isa = PBXBuildFile; fileRef = B92B650826DB963C004EB679 /* HouseListRowView.Action+feature.swift */; };
		B92B651226DB963C004EB679 /* HouseListRowView+Action.swift in Sources */ = {isa = PBXBuildFile; fileRef = B92B650926DB963C004EB679 /* HouseListRowView+Action.swift */; };
		B92B651326DB963C004EB679 /* HouseListRowView.swift in Sources */ = {isa = PBXBuildFile; fileRef = B92B650A26DB963C004EB679 /* HouseListRowView.swift */; };
		B92B651426DB963C004EB679 /* HouseListRowEnvironment.swift in Sources */ = {isa = PBXBuildFile; fileRef = B92B650B26DB963C004EB679 /* HouseListRowEnvironment.swift */; };
		B92B651526DB963C004EB679 /* HouseListRowView+State.swift in Sources */ = {isa = PBXBuildFile; fileRef = B92B650C26DB963C004EB679 /* HouseListRowView+State.swift */; };
		B92B651626DB963C004EB679 /* HouseListRowReducer.swift in Sources */ = {isa = PBXBuildFile; fileRef = B92B650D26DB963C004EB679 /* HouseListRowReducer.swift */; };
		B92B651726DB963C004EB679 /* HouseListRowState.swift in Sources */ = {isa = PBXBuildFile; fileRef = B92B650E26DB963C004EB679 /* HouseListRowState.swift */; };
		B92B652226DC24FD004EB679 /* HouseDetailAction.swift in Sources */ = {isa = PBXBuildFile; fileRef = B92B651926DC24FD004EB679 /* HouseDetailAction.swift */; };
		B92B652326DC24FD004EB679 /* HouseDetailState+view.swift in Sources */ = {isa = PBXBuildFile; fileRef = B92B651A26DC24FD004EB679 /* HouseDetailState+view.swift */; };
		B92B652426DC24FD004EB679 /* HouseDetailView.Action+feature.swift in Sources */ = {isa = PBXBuildFile; fileRef = B92B651B26DC24FD004EB679 /* HouseDetailView.Action+feature.swift */; };
		B92B652526DC24FD004EB679 /* HouseDetailView+Action.swift in Sources */ = {isa = PBXBuildFile; fileRef = B92B651C26DC24FD004EB679 /* HouseDetailView+Action.swift */; };
		B92B652626DC24FD004EB679 /* HouseDetailView.swift in Sources */ = {isa = PBXBuildFile; fileRef = B92B651D26DC24FD004EB679 /* HouseDetailView.swift */; };
		B92B652726DC24FD004EB679 /* HouseDetailEnvironment.swift in Sources */ = {isa = PBXBuildFile; fileRef = B92B651E26DC24FD004EB679 /* HouseDetailEnvironment.swift */; };
		B92B652826DC24FD004EB679 /* HouseDetailView+State.swift in Sources */ = {isa = PBXBuildFile; fileRef = B92B651F26DC24FD004EB679 /* HouseDetailView+State.swift */; };
		B92B652926DC24FD004EB679 /* HouseDetailReducer.swift in Sources */ = {isa = PBXBuildFile; fileRef = B92B652026DC24FD004EB679 /* HouseDetailReducer.swift */; };
		B92B652A26DC24FD004EB679 /* HouseDetailState.swift in Sources */ = {isa = PBXBuildFile; fileRef = B92B652126DC24FD004EB679 /* HouseDetailState.swift */; };
		B936304528834ABA00D48437 /* Store+Hashable.swift in Sources */ = {isa = PBXBuildFile; fileRef = B936304428834ABA00D48437 /* Store+Hashable.swift */; };
		B93630492883628400D48437 /* ViewState.swift in Sources */ = {isa = PBXBuildFile; fileRef = B93630482883628400D48437 /* ViewState.swift */; };
		B93630552883698E00D48437 /* CategoryListAction.swift in Sources */ = {isa = PBXBuildFile; fileRef = B936304C2883698E00D48437 /* CategoryListAction.swift */; };
		B93630562883698E00D48437 /* CategoryListState+view.swift in Sources */ = {isa = PBXBuildFile; fileRef = B936304D2883698E00D48437 /* CategoryListState+view.swift */; };
		B93630572883698E00D48437 /* CategoryListView.Action+feature.swift in Sources */ = {isa = PBXBuildFile; fileRef = B936304E2883698E00D48437 /* CategoryListView.Action+feature.swift */; };
		B93630582883698E00D48437 /* CategoryListView+Action.swift in Sources */ = {isa = PBXBuildFile; fileRef = B936304F2883698E00D48437 /* CategoryListView+Action.swift */; };
		B93630592883698E00D48437 /* CategoryListView.swift in Sources */ = {isa = PBXBuildFile; fileRef = B93630502883698E00D48437 /* CategoryListView.swift */; };
		B936305A2883698E00D48437 /* CategoryListEnvironment.swift in Sources */ = {isa = PBXBuildFile; fileRef = B93630512883698E00D48437 /* CategoryListEnvironment.swift */; };
		B936305B2883698E00D48437 /* CategoryListView+State.swift in Sources */ = {isa = PBXBuildFile; fileRef = B93630522883698E00D48437 /* CategoryListView+State.swift */; };
		B936305C2883698E00D48437 /* CategoryListReducer.swift in Sources */ = {isa = PBXBuildFile; fileRef = B93630532883698E00D48437 /* CategoryListReducer.swift */; };
		B936305D2883698E00D48437 /* CategoryListState.swift in Sources */ = {isa = PBXBuildFile; fileRef = B93630542883698E00D48437 /* CategoryListState.swift */; };
		B936306028836FB500D48437 /* CategorySelection.swift in Sources */ = {isa = PBXBuildFile; fileRef = B936305F28836FB500D48437 /* CategorySelection.swift */; };
		B93630622883752700D48437 /* Dependencies.swift in Sources */ = {isa = PBXBuildFile; fileRef = B93630612883752700D48437 /* Dependencies.swift */; };
		B95616E224C8BF0F003A3ACF /* GameOfThronesApp.swift in Sources */ = {isa = PBXBuildFile; fileRef = B95616D024C8BF0D003A3ACF /* GameOfThronesApp.swift */; };
		B95616E624C8BF0F003A3ACF /* Assets.xcassets in Resources */ = {isa = PBXBuildFile; fileRef = B95616D224C8BF0F003A3ACF /* Assets.xcassets */; };
		B95616EE24C8C7FD003A3ACF /* HouseDataModel.swift in Sources */ = {isa = PBXBuildFile; fileRef = B9E03ABD23032FD600E2B3F5 /* HouseDataModel.swift */; };
		B95616EF24C8C7FD003A3ACF /* APIServiceError.swift in Sources */ = {isa = PBXBuildFile; fileRef = B9E03AC023032FD600E2B3F5 /* APIServiceError.swift */; };
		B95616F024C8C7FD003A3ACF /* HouseResponseModel.swift in Sources */ = {isa = PBXBuildFile; fileRef = B9E03ABE23032FD600E2B3F5 /* HouseResponseModel.swift */; };
		B95616F124C8C7FD003A3ACF /* HouseDataModelConvertibleError.swift in Sources */ = {isa = PBXBuildFile; fileRef = B9E03ABF23032FD600E2B3F5 /* HouseDataModelConvertibleError.swift */; };
		B95616F224C8C7FD003A3ACF /* HouseResponseModel+HouseDataModelConvertible.swift in Sources */ = {isa = PBXBuildFile; fileRef = B9E03AC123032FD600E2B3F5 /* HouseResponseModel+HouseDataModelConvertible.swift */; };
		B95616F824C8C801003A3ACF /* HouseDataModelConvertible.swift in Sources */ = {isa = PBXBuildFile; fileRef = B9E03AC723032FDD00E2B3F5 /* HouseDataModelConvertible.swift */; };
		B95616FA24C8C805003A3ACF /* DefaultAPIService.swift in Sources */ = {isa = PBXBuildFile; fileRef = B9E03AC923032FE300E2B3F5 /* DefaultAPIService.swift */; };
		B95616FC24C8C808003A3ACF /* HouseMetadataModel.swift in Sources */ = {isa = PBXBuildFile; fileRef = B9E03ACB23032FEA00E2B3F5 /* HouseMetadataModel.swift */; };
		B956171824C8C81B003A3ACF /* HouseListError.swift in Sources */ = {isa = PBXBuildFile; fileRef = B9BA37A023096E3300D3CCA8 /* HouseListError.swift */; };
		B956172124C8C836003A3ACF /* AdvancedList in Frameworks */ = {isa = PBXBuildFile; productRef = B956172024C8C836003A3ACF /* AdvancedList */; };
		B956172D24C8ED08003A3ACF /* Category.swift in Sources */ = {isa = PBXBuildFile; fileRef = B956172C24C8ED08003A3ACF /* Category.swift */; };
		B972EAD228843B3600D5028B /* StyleConstants.swift in Sources */ = {isa = PBXBuildFile; fileRef = B972EAD128843B3600D5028B /* StyleConstants.swift */; };
		B972EAD428843C9300D5028B /* HouseDataModel+mock.swift in Sources */ = {isa = PBXBuildFile; fileRef = B972EAD328843C9300D5028B /* HouseDataModel+mock.swift */; };
		B972EAD928844ACF00D5028B /* HousesAPIService.swift in Sources */ = {isa = PBXBuildFile; fileRef = B972EAD828844ACF00D5028B /* HousesAPIService.swift */; };
		B972EAE7288494DD00D5028B /* CharacterListAction.swift in Sources */ = {isa = PBXBuildFile; fileRef = B972EADE288494DD00D5028B /* CharacterListAction.swift */; };
		B972EAE8288494DD00D5028B /* CharacterListState+view.swift in Sources */ = {isa = PBXBuildFile; fileRef = B972EADF288494DD00D5028B /* CharacterListState+view.swift */; };
		B972EAE9288494DD00D5028B /* CharacterListView.Action+feature.swift in Sources */ = {isa = PBXBuildFile; fileRef = B972EAE0288494DD00D5028B /* CharacterListView.Action+feature.swift */; };
		B972EAEA288494DD00D5028B /* CharacterListView+Action.swift in Sources */ = {isa = PBXBuildFile; fileRef = B972EAE1288494DD00D5028B /* CharacterListView+Action.swift */; };
		B972EAEB288494DD00D5028B /* CharacterListView.swift in Sources */ = {isa = PBXBuildFile; fileRef = B972EAE2288494DD00D5028B /* CharacterListView.swift */; };
		B972EAEC288494DD00D5028B /* CharacterListEnvironment.swift in Sources */ = {isa = PBXBuildFile; fileRef = B972EAE3288494DD00D5028B /* CharacterListEnvironment.swift */; };
		B972EAED288494DD00D5028B /* CharacterListView+State.swift in Sources */ = {isa = PBXBuildFile; fileRef = B972EAE4288494DD00D5028B /* CharacterListView+State.swift */; };
		B972EAEE288494DD00D5028B /* CharacterListReducer.swift in Sources */ = {isa = PBXBuildFile; fileRef = B972EAE5288494DD00D5028B /* CharacterListReducer.swift */; };
		B972EAEF288494DD00D5028B /* CharacterListState.swift in Sources */ = {isa = PBXBuildFile; fileRef = B972EAE6288494DD00D5028B /* CharacterListState.swift */; };
		B972EAF9288494EB00D5028B /* CharacterDetailAction.swift in Sources */ = {isa = PBXBuildFile; fileRef = B972EAF0288494EB00D5028B /* CharacterDetailAction.swift */; };
		B972EAFA288494EB00D5028B /* CharacterDetailState+view.swift in Sources */ = {isa = PBXBuildFile; fileRef = B972EAF1288494EB00D5028B /* CharacterDetailState+view.swift */; };
		B972EAFB288494EB00D5028B /* CharacterDetailView.Action+feature.swift in Sources */ = {isa = PBXBuildFile; fileRef = B972EAF2288494EB00D5028B /* CharacterDetailView.Action+feature.swift */; };
		B972EAFC288494EB00D5028B /* CharacterDetailView+Action.swift in Sources */ = {isa = PBXBuildFile; fileRef = B972EAF3288494EB00D5028B /* CharacterDetailView+Action.swift */; };
		B972EAFD288494EB00D5028B /* CharacterDetailView.swift in Sources */ = {isa = PBXBuildFile; fileRef = B972EAF4288494EB00D5028B /* CharacterDetailView.swift */; };
		B972EAFE288494EB00D5028B /* CharacterDetailEnvironment.swift in Sources */ = {isa = PBXBuildFile; fileRef = B972EAF5288494EB00D5028B /* CharacterDetailEnvironment.swift */; };
		B972EAFF288494EB00D5028B /* CharacterDetailView+State.swift in Sources */ = {isa = PBXBuildFile; fileRef = B972EAF6288494EB00D5028B /* CharacterDetailView+State.swift */; };
		B972EB00288494EB00D5028B /* CharacterDetailReducer.swift in Sources */ = {isa = PBXBuildFile; fileRef = B972EAF7288494EB00D5028B /* CharacterDetailReducer.swift */; };
		B972EB01288494EB00D5028B /* CharacterDetailState.swift in Sources */ = {isa = PBXBuildFile; fileRef = B972EAF8288494EB00D5028B /* CharacterDetailState.swift */; };
		B972EB032884986000D5028B /* CharactersAPIService.swift in Sources */ = {isa = PBXBuildFile; fileRef = B972EB022884986000D5028B /* CharactersAPIService.swift */; };
		B972EB05288498AE00D5028B /* CharacterResponseModel.swift in Sources */ = {isa = PBXBuildFile; fileRef = B972EB04288498AE00D5028B /* CharacterResponseModel.swift */; };
		B972EB0728849A9A00D5028B /* CharacterDataModel.swift in Sources */ = {isa = PBXBuildFile; fileRef = B972EB0628849A9A00D5028B /* CharacterDataModel.swift */; };
		B972EB0928849B3300D5028B /* CharacterDataModelConvertible.swift in Sources */ = {isa = PBXBuildFile; fileRef = B972EB0828849B3300D5028B /* CharacterDataModelConvertible.swift */; };
		B972EB0B28849B8100D5028B /* CharacterResponseModel+CharacterDataModelConvertible.swift in Sources */ = {isa = PBXBuildFile; fileRef = B972EB0A28849B8100D5028B /* CharacterResponseModel+CharacterDataModelConvertible.swift */; };
		B972EB0D28849BA200D5028B /* CharacterDataModelConvertibleError.swift in Sources */ = {isa = PBXBuildFile; fileRef = B972EB0C28849BA200D5028B /* CharacterDataModelConvertibleError.swift */; };
		B972EB0F28849F8700D5028B /* HouseClient.swift in Sources */ = {isa = PBXBuildFile; fileRef = B972EB0E28849F8700D5028B /* HouseClient.swift */; };
		B972EB112884A0F700D5028B /* CharacterClient.swift in Sources */ = {isa = PBXBuildFile; fileRef = B972EB102884A0F700D5028B /* CharacterClient.swift */; };
		B972EB132884A1C000D5028B /* CharacterClientError.swift in Sources */ = {isa = PBXBuildFile; fileRef = B972EB122884A1C000D5028B /* CharacterClientError.swift */; };
		B972EB152884A1FF00D5028B /* CharacterMetadataModel.swift in Sources */ = {isa = PBXBuildFile; fileRef = B972EB142884A1FF00D5028B /* CharacterMetadataModel.swift */; };
		B972EB172885EDB700D5028B /* CharacterDataModel+mock.swift in Sources */ = {isa = PBXBuildFile; fileRef = B972EB162885EDB700D5028B /* CharacterDataModel+mock.swift */; };
		B98956C226DD8FF900FE3277 /* AppAction.swift in Sources */ = {isa = PBXBuildFile; fileRef = B98956B926DD8FF900FE3277 /* AppAction.swift */; };
		B98956C426DD8FF900FE3277 /* AppState+view.swift in Sources */ = {isa = PBXBuildFile; fileRef = B98956BA26DD8FF900FE3277 /* AppState+view.swift */; };
		B98956C626DD8FF900FE3277 /* AppView.Action+feature.swift in Sources */ = {isa = PBXBuildFile; fileRef = B98956BB26DD8FF900FE3277 /* AppView.Action+feature.swift */; };
		B98956C826DD8FF900FE3277 /* AppView+Action.swift in Sources */ = {isa = PBXBuildFile; fileRef = B98956BC26DD8FF900FE3277 /* AppView+Action.swift */; };
		B98956CA26DD8FF900FE3277 /* AppView.swift in Sources */ = {isa = PBXBuildFile; fileRef = B98956BD26DD8FF900FE3277 /* AppView.swift */; };
		B98956CC26DD8FF900FE3277 /* AppEnvironment.swift in Sources */ = {isa = PBXBuildFile; fileRef = B98956BE26DD8FF900FE3277 /* AppEnvironment.swift */; };
		B98956CE26DD8FF900FE3277 /* AppView+State.swift in Sources */ = {isa = PBXBuildFile; fileRef = B98956BF26DD8FF900FE3277 /* AppView+State.swift */; };
		B98956D026DD8FF900FE3277 /* AppReducer.swift in Sources */ = {isa = PBXBuildFile; fileRef = B98956C026DD8FF900FE3277 /* AppReducer.swift */; };
		B98956D226DD8FF900FE3277 /* AppState.swift in Sources */ = {isa = PBXBuildFile; fileRef = B98956C126DD8FF900FE3277 /* AppState.swift */; };
		B98956E226E6CA8C00FE3277 /* HouseListTests.swift in Sources */ = {isa = PBXBuildFile; fileRef = B98956E126E6CA8C00FE3277 /* HouseListTests.swift */; };
/* End PBXBuildFile section */

/* Begin PBXContainerItemProxy section */
		B98956DC26E6CA0900FE3277 /* PBXContainerItemProxy */ = {
			isa = PBXContainerItemProxy;
			containerPortal = B9E03A9123032E4000E2B3F5 /* Project object */;
			proxyType = 1;
			remoteGlobalIDString = B95616D624C8BF0F003A3ACF;
			remoteInfo = "GameOfThrones (iOS)";
		};
/* End PBXContainerItemProxy section */

/* Begin PBXFileReference section */
		B92B64EA26DB92E1004EB679 /* HouseListAction.swift */ = {isa = PBXFileReference; lastKnownFileType = sourcecode.swift; path = HouseListAction.swift; sourceTree = "<group>"; };
		B92B64EB26DB92E1004EB679 /* HouseListState+view.swift */ = {isa = PBXFileReference; lastKnownFileType = sourcecode.swift; path = "HouseListState+view.swift"; sourceTree = "<group>"; };
		B92B64EC26DB92E1004EB679 /* HouseListView.Action+feature.swift */ = {isa = PBXFileReference; lastKnownFileType = sourcecode.swift; path = "HouseListView.Action+feature.swift"; sourceTree = "<group>"; };
		B92B64ED26DB92E1004EB679 /* HouseListView+Action.swift */ = {isa = PBXFileReference; lastKnownFileType = sourcecode.swift; path = "HouseListView+Action.swift"; sourceTree = "<group>"; };
		B92B64EE26DB92E1004EB679 /* HouseListView.swift */ = {isa = PBXFileReference; lastKnownFileType = sourcecode.swift; path = HouseListView.swift; sourceTree = "<group>"; };
		B92B64EF26DB92E1004EB679 /* HouseListEnvironment.swift */ = {isa = PBXFileReference; lastKnownFileType = sourcecode.swift; path = HouseListEnvironment.swift; sourceTree = "<group>"; };
		B92B64F026DB92E1004EB679 /* HouseListView+State.swift */ = {isa = PBXFileReference; lastKnownFileType = sourcecode.swift; path = "HouseListView+State.swift"; sourceTree = "<group>"; };
		B92B64F126DB92E1004EB679 /* HouseListReducer.swift */ = {isa = PBXFileReference; lastKnownFileType = sourcecode.swift; path = HouseListReducer.swift; sourceTree = "<group>"; };
		B92B64F226DB92E1004EB679 /* HouseListState.swift */ = {isa = PBXFileReference; lastKnownFileType = sourcecode.swift; path = HouseListState.swift; sourceTree = "<group>"; };
		B92B650626DB963C004EB679 /* HouseListRowAction.swift */ = {isa = PBXFileReference; lastKnownFileType = sourcecode.swift; path = HouseListRowAction.swift; sourceTree = "<group>"; };
		B92B650726DB963C004EB679 /* HouseListRowState+view.swift */ = {isa = PBXFileReference; lastKnownFileType = sourcecode.swift; path = "HouseListRowState+view.swift"; sourceTree = "<group>"; };
		B92B650826DB963C004EB679 /* HouseListRowView.Action+feature.swift */ = {isa = PBXFileReference; lastKnownFileType = sourcecode.swift; path = "HouseListRowView.Action+feature.swift"; sourceTree = "<group>"; };
		B92B650926DB963C004EB679 /* HouseListRowView+Action.swift */ = {isa = PBXFileReference; lastKnownFileType = sourcecode.swift; path = "HouseListRowView+Action.swift"; sourceTree = "<group>"; };
		B92B650A26DB963C004EB679 /* HouseListRowView.swift */ = {isa = PBXFileReference; lastKnownFileType = sourcecode.swift; path = HouseListRowView.swift; sourceTree = "<group>"; };
		B92B650B26DB963C004EB679 /* HouseListRowEnvironment.swift */ = {isa = PBXFileReference; lastKnownFileType = sourcecode.swift; path = HouseListRowEnvironment.swift; sourceTree = "<group>"; };
		B92B650C26DB963C004EB679 /* HouseListRowView+State.swift */ = {isa = PBXFileReference; lastKnownFileType = sourcecode.swift; path = "HouseListRowView+State.swift"; sourceTree = "<group>"; };
		B92B650D26DB963C004EB679 /* HouseListRowReducer.swift */ = {isa = PBXFileReference; lastKnownFileType = sourcecode.swift; path = HouseListRowReducer.swift; sourceTree = "<group>"; };
		B92B650E26DB963C004EB679 /* HouseListRowState.swift */ = {isa = PBXFileReference; lastKnownFileType = sourcecode.swift; path = HouseListRowState.swift; sourceTree = "<group>"; };
		B92B651926DC24FD004EB679 /* HouseDetailAction.swift */ = {isa = PBXFileReference; lastKnownFileType = sourcecode.swift; path = HouseDetailAction.swift; sourceTree = "<group>"; };
		B92B651A26DC24FD004EB679 /* HouseDetailState+view.swift */ = {isa = PBXFileReference; lastKnownFileType = sourcecode.swift; path = "HouseDetailState+view.swift"; sourceTree = "<group>"; };
		B92B651B26DC24FD004EB679 /* HouseDetailView.Action+feature.swift */ = {isa = PBXFileReference; lastKnownFileType = sourcecode.swift; path = "HouseDetailView.Action+feature.swift"; sourceTree = "<group>"; };
		B92B651C26DC24FD004EB679 /* HouseDetailView+Action.swift */ = {isa = PBXFileReference; lastKnownFileType = sourcecode.swift; path = "HouseDetailView+Action.swift"; sourceTree = "<group>"; };
		B92B651D26DC24FD004EB679 /* HouseDetailView.swift */ = {isa = PBXFileReference; lastKnownFileType = sourcecode.swift; path = HouseDetailView.swift; sourceTree = "<group>"; };
		B92B651E26DC24FD004EB679 /* HouseDetailEnvironment.swift */ = {isa = PBXFileReference; lastKnownFileType = sourcecode.swift; path = HouseDetailEnvironment.swift; sourceTree = "<group>"; };
		B92B651F26DC24FD004EB679 /* HouseDetailView+State.swift */ = {isa = PBXFileReference; lastKnownFileType = sourcecode.swift; path = "HouseDetailView+State.swift"; sourceTree = "<group>"; };
		B92B652026DC24FD004EB679 /* HouseDetailReducer.swift */ = {isa = PBXFileReference; lastKnownFileType = sourcecode.swift; path = HouseDetailReducer.swift; sourceTree = "<group>"; };
		B92B652126DC24FD004EB679 /* HouseDetailState.swift */ = {isa = PBXFileReference; lastKnownFileType = sourcecode.swift; path = HouseDetailState.swift; sourceTree = "<group>"; };
		B936304428834ABA00D48437 /* Store+Hashable.swift */ = {isa = PBXFileReference; lastKnownFileType = sourcecode.swift; path = "Store+Hashable.swift"; sourceTree = "<group>"; };
		B93630482883628400D48437 /* ViewState.swift */ = {isa = PBXFileReference; lastKnownFileType = sourcecode.swift; path = ViewState.swift; sourceTree = "<group>"; };
		B936304C2883698E00D48437 /* CategoryListAction.swift */ = {isa = PBXFileReference; lastKnownFileType = sourcecode.swift; path = CategoryListAction.swift; sourceTree = "<group>"; };
		B936304D2883698E00D48437 /* CategoryListState+view.swift */ = {isa = PBXFileReference; lastKnownFileType = sourcecode.swift; path = "CategoryListState+view.swift"; sourceTree = "<group>"; };
		B936304E2883698E00D48437 /* CategoryListView.Action+feature.swift */ = {isa = PBXFileReference; lastKnownFileType = sourcecode.swift; path = "CategoryListView.Action+feature.swift"; sourceTree = "<group>"; };
		B936304F2883698E00D48437 /* CategoryListView+Action.swift */ = {isa = PBXFileReference; lastKnownFileType = sourcecode.swift; path = "CategoryListView+Action.swift"; sourceTree = "<group>"; };
		B93630502883698E00D48437 /* CategoryListView.swift */ = {isa = PBXFileReference; lastKnownFileType = sourcecode.swift; path = CategoryListView.swift; sourceTree = "<group>"; };
		B93630512883698E00D48437 /* CategoryListEnvironment.swift */ = {isa = PBXFileReference; lastKnownFileType = sourcecode.swift; path = CategoryListEnvironment.swift; sourceTree = "<group>"; };
		B93630522883698E00D48437 /* CategoryListView+State.swift */ = {isa = PBXFileReference; lastKnownFileType = sourcecode.swift; path = "CategoryListView+State.swift"; sourceTree = "<group>"; };
		B93630532883698E00D48437 /* CategoryListReducer.swift */ = {isa = PBXFileReference; lastKnownFileType = sourcecode.swift; path = CategoryListReducer.swift; sourceTree = "<group>"; };
		B93630542883698E00D48437 /* CategoryListState.swift */ = {isa = PBXFileReference; lastKnownFileType = sourcecode.swift; path = CategoryListState.swift; sourceTree = "<group>"; };
		B936305F28836FB500D48437 /* CategorySelection.swift */ = {isa = PBXFileReference; lastKnownFileType = sourcecode.swift; path = CategorySelection.swift; sourceTree = "<group>"; };
		B93630612883752700D48437 /* Dependencies.swift */ = {isa = PBXFileReference; lastKnownFileType = sourcecode.swift; path = Dependencies.swift; sourceTree = "<group>"; };
		B943C44A230336DF00E1BBA0 /* README.md */ = {isa = PBXFileReference; lastKnownFileType = net.daringfireball.markdown; path = README.md; sourceTree = "<group>"; };
		B95616D024C8BF0D003A3ACF /* GameOfThronesApp.swift */ = {isa = PBXFileReference; lastKnownFileType = sourcecode.swift; path = GameOfThronesApp.swift; sourceTree = "<group>"; };
		B95616D224C8BF0F003A3ACF /* Assets.xcassets */ = {isa = PBXFileReference; lastKnownFileType = folder.assetcatalog; path = Assets.xcassets; sourceTree = "<group>"; };
		B95616D724C8BF0F003A3ACF /* GameOfThrones.app */ = {isa = PBXFileReference; explicitFileType = wrapper.application; includeInIndex = 0; path = GameOfThrones.app; sourceTree = BUILT_PRODUCTS_DIR; };
		B956172C24C8ED08003A3ACF /* Category.swift */ = {isa = PBXFileReference; lastKnownFileType = sourcecode.swift; path = Category.swift; sourceTree = "<group>"; };
		B95E9F062883472D006BEB6E /* GameOfThrones.entitlements */ = {isa = PBXFileReference; lastKnownFileType = text.plist.entitlements; path = GameOfThrones.entitlements; sourceTree = "<group>"; };
		B972EAD128843B3600D5028B /* StyleConstants.swift */ = {isa = PBXFileReference; lastKnownFileType = sourcecode.swift; path = StyleConstants.swift; sourceTree = "<group>"; };
		B972EAD328843C9300D5028B /* HouseDataModel+mock.swift */ = {isa = PBXFileReference; lastKnownFileType = sourcecode.swift; path = "HouseDataModel+mock.swift"; sourceTree = "<group>"; };
		B972EAD828844ACF00D5028B /* HousesAPIService.swift */ = {isa = PBXFileReference; lastKnownFileType = sourcecode.swift; path = HousesAPIService.swift; sourceTree = "<group>"; };
		B972EADE288494DD00D5028B /* CharacterListAction.swift */ = {isa = PBXFileReference; lastKnownFileType = sourcecode.swift; path = CharacterListAction.swift; sourceTree = "<group>"; };
		B972EADF288494DD00D5028B /* CharacterListState+view.swift */ = {isa = PBXFileReference; lastKnownFileType = sourcecode.swift; path = "CharacterListState+view.swift"; sourceTree = "<group>"; };
		B972EAE0288494DD00D5028B /* CharacterListView.Action+feature.swift */ = {isa = PBXFileReference; lastKnownFileType = sourcecode.swift; path = "CharacterListView.Action+feature.swift"; sourceTree = "<group>"; };
		B972EAE1288494DD00D5028B /* CharacterListView+Action.swift */ = {isa = PBXFileReference; lastKnownFileType = sourcecode.swift; path = "CharacterListView+Action.swift"; sourceTree = "<group>"; };
		B972EAE2288494DD00D5028B /* CharacterListView.swift */ = {isa = PBXFileReference; lastKnownFileType = sourcecode.swift; path = CharacterListView.swift; sourceTree = "<group>"; };
		B972EAE3288494DD00D5028B /* CharacterListEnvironment.swift */ = {isa = PBXFileReference; lastKnownFileType = sourcecode.swift; path = CharacterListEnvironment.swift; sourceTree = "<group>"; };
		B972EAE4288494DD00D5028B /* CharacterListView+State.swift */ = {isa = PBXFileReference; lastKnownFileType = sourcecode.swift; path = "CharacterListView+State.swift"; sourceTree = "<group>"; };
		B972EAE5288494DD00D5028B /* CharacterListReducer.swift */ = {isa = PBXFileReference; lastKnownFileType = sourcecode.swift; path = CharacterListReducer.swift; sourceTree = "<group>"; };
		B972EAE6288494DD00D5028B /* CharacterListState.swift */ = {isa = PBXFileReference; lastKnownFileType = sourcecode.swift; path = CharacterListState.swift; sourceTree = "<group>"; };
		B972EAF0288494EB00D5028B /* CharacterDetailAction.swift */ = {isa = PBXFileReference; lastKnownFileType = sourcecode.swift; path = CharacterDetailAction.swift; sourceTree = "<group>"; };
		B972EAF1288494EB00D5028B /* CharacterDetailState+view.swift */ = {isa = PBXFileReference; lastKnownFileType = sourcecode.swift; path = "CharacterDetailState+view.swift"; sourceTree = "<group>"; };
		B972EAF2288494EB00D5028B /* CharacterDetailView.Action+feature.swift */ = {isa = PBXFileReference; lastKnownFileType = sourcecode.swift; path = "CharacterDetailView.Action+feature.swift"; sourceTree = "<group>"; };
		B972EAF3288494EB00D5028B /* CharacterDetailView+Action.swift */ = {isa = PBXFileReference; lastKnownFileType = sourcecode.swift; path = "CharacterDetailView+Action.swift"; sourceTree = "<group>"; };
		B972EAF4288494EB00D5028B /* CharacterDetailView.swift */ = {isa = PBXFileReference; lastKnownFileType = sourcecode.swift; path = CharacterDetailView.swift; sourceTree = "<group>"; };
		B972EAF5288494EB00D5028B /* CharacterDetailEnvironment.swift */ = {isa = PBXFileReference; lastKnownFileType = sourcecode.swift; path = CharacterDetailEnvironment.swift; sourceTree = "<group>"; };
		B972EAF6288494EB00D5028B /* CharacterDetailView+State.swift */ = {isa = PBXFileReference; lastKnownFileType = sourcecode.swift; path = "CharacterDetailView+State.swift"; sourceTree = "<group>"; };
		B972EAF7288494EB00D5028B /* CharacterDetailReducer.swift */ = {isa = PBXFileReference; lastKnownFileType = sourcecode.swift; path = CharacterDetailReducer.swift; sourceTree = "<group>"; };
		B972EAF8288494EB00D5028B /* CharacterDetailState.swift */ = {isa = PBXFileReference; lastKnownFileType = sourcecode.swift; path = CharacterDetailState.swift; sourceTree = "<group>"; };
		B972EB022884986000D5028B /* CharactersAPIService.swift */ = {isa = PBXFileReference; lastKnownFileType = sourcecode.swift; path = CharactersAPIService.swift; sourceTree = "<group>"; };
		B972EB04288498AE00D5028B /* CharacterResponseModel.swift */ = {isa = PBXFileReference; lastKnownFileType = sourcecode.swift; path = CharacterResponseModel.swift; sourceTree = "<group>"; };
		B972EB0628849A9A00D5028B /* CharacterDataModel.swift */ = {isa = PBXFileReference; lastKnownFileType = sourcecode.swift; path = CharacterDataModel.swift; sourceTree = "<group>"; };
		B972EB0828849B3300D5028B /* CharacterDataModelConvertible.swift */ = {isa = PBXFileReference; lastKnownFileType = sourcecode.swift; path = CharacterDataModelConvertible.swift; sourceTree = "<group>"; };
		B972EB0A28849B8100D5028B /* CharacterResponseModel+CharacterDataModelConvertible.swift */ = {isa = PBXFileReference; lastKnownFileType = sourcecode.swift; path = "CharacterResponseModel+CharacterDataModelConvertible.swift"; sourceTree = "<group>"; };
		B972EB0C28849BA200D5028B /* CharacterDataModelConvertibleError.swift */ = {isa = PBXFileReference; lastKnownFileType = sourcecode.swift; path = CharacterDataModelConvertibleError.swift; sourceTree = "<group>"; };
		B972EB0E28849F8700D5028B /* HouseClient.swift */ = {isa = PBXFileReference; lastKnownFileType = sourcecode.swift; path = HouseClient.swift; sourceTree = "<group>"; };
		B972EB102884A0F700D5028B /* CharacterClient.swift */ = {isa = PBXFileReference; lastKnownFileType = sourcecode.swift; path = CharacterClient.swift; sourceTree = "<group>"; };
		B972EB122884A1C000D5028B /* CharacterClientError.swift */ = {isa = PBXFileReference; lastKnownFileType = sourcecode.swift; path = CharacterClientError.swift; sourceTree = "<group>"; };
		B972EB142884A1FF00D5028B /* CharacterMetadataModel.swift */ = {isa = PBXFileReference; lastKnownFileType = sourcecode.swift; path = CharacterMetadataModel.swift; sourceTree = "<group>"; };
		B972EB162885EDB700D5028B /* CharacterDataModel+mock.swift */ = {isa = PBXFileReference; lastKnownFileType = sourcecode.swift; path = "CharacterDataModel+mock.swift"; sourceTree = "<group>"; };
		B98956B726DD80EC00FE3277 /* Game-of-Thrones-SwiftUI.gif */ = {isa = PBXFileReference; lastKnownFileType = image.gif; path = "Game-of-Thrones-SwiftUI.gif"; sourceTree = "<group>"; };
		B98956B926DD8FF900FE3277 /* AppAction.swift */ = {isa = PBXFileReference; lastKnownFileType = sourcecode.swift; path = AppAction.swift; sourceTree = "<group>"; };
		B98956BA26DD8FF900FE3277 /* AppState+view.swift */ = {isa = PBXFileReference; lastKnownFileType = sourcecode.swift; path = "AppState+view.swift"; sourceTree = "<group>"; };
		B98956BB26DD8FF900FE3277 /* AppView.Action+feature.swift */ = {isa = PBXFileReference; lastKnownFileType = sourcecode.swift; path = "AppView.Action+feature.swift"; sourceTree = "<group>"; };
		B98956BC26DD8FF900FE3277 /* AppView+Action.swift */ = {isa = PBXFileReference; lastKnownFileType = sourcecode.swift; path = "AppView+Action.swift"; sourceTree = "<group>"; };
		B98956BD26DD8FF900FE3277 /* AppView.swift */ = {isa = PBXFileReference; lastKnownFileType = sourcecode.swift; path = AppView.swift; sourceTree = "<group>"; };
		B98956BE26DD8FF900FE3277 /* AppEnvironment.swift */ = {isa = PBXFileReference; lastKnownFileType = sourcecode.swift; path = AppEnvironment.swift; sourceTree = "<group>"; };
		B98956BF26DD8FF900FE3277 /* AppView+State.swift */ = {isa = PBXFileReference; lastKnownFileType = sourcecode.swift; path = "AppView+State.swift"; sourceTree = "<group>"; };
		B98956C026DD8FF900FE3277 /* AppReducer.swift */ = {isa = PBXFileReference; lastKnownFileType = sourcecode.swift; path = AppReducer.swift; sourceTree = "<group>"; };
		B98956C126DD8FF900FE3277 /* AppState.swift */ = {isa = PBXFileReference; lastKnownFileType = sourcecode.swift; path = AppState.swift; sourceTree = "<group>"; };
		B98956D826E6CA0900FE3277 /* GameOfThronesTests.xctest */ = {isa = PBXFileReference; explicitFileType = wrapper.cfbundle; includeInIndex = 0; path = GameOfThronesTests.xctest; sourceTree = BUILT_PRODUCTS_DIR; };
		B98956E126E6CA8C00FE3277 /* HouseListTests.swift */ = {isa = PBXFileReference; lastKnownFileType = sourcecode.swift; path = HouseListTests.swift; sourceTree = "<group>"; };
		B9BA37A023096E3300D3CCA8 /* HouseListError.swift */ = {isa = PBXFileReference; lastKnownFileType = sourcecode.swift; path = HouseListError.swift; sourceTree = "<group>"; };
		B9E03ABD23032FD600E2B3F5 /* HouseDataModel.swift */ = {isa = PBXFileReference; fileEncoding = 4; lastKnownFileType = sourcecode.swift; path = HouseDataModel.swift; sourceTree = "<group>"; };
		B9E03ABE23032FD600E2B3F5 /* HouseResponseModel.swift */ = {isa = PBXFileReference; fileEncoding = 4; lastKnownFileType = sourcecode.swift; path = HouseResponseModel.swift; sourceTree = "<group>"; };
		B9E03ABF23032FD600E2B3F5 /* HouseDataModelConvertibleError.swift */ = {isa = PBXFileReference; fileEncoding = 4; lastKnownFileType = sourcecode.swift; path = HouseDataModelConvertibleError.swift; sourceTree = "<group>"; };
		B9E03AC023032FD600E2B3F5 /* APIServiceError.swift */ = {isa = PBXFileReference; fileEncoding = 4; lastKnownFileType = sourcecode.swift; path = APIServiceError.swift; sourceTree = "<group>"; };
		B9E03AC123032FD600E2B3F5 /* HouseResponseModel+HouseDataModelConvertible.swift */ = {isa = PBXFileReference; fileEncoding = 4; lastKnownFileType = sourcecode.swift; path = "HouseResponseModel+HouseDataModelConvertible.swift"; sourceTree = "<group>"; };
		B9E03AC723032FDD00E2B3F5 /* HouseDataModelConvertible.swift */ = {isa = PBXFileReference; fileEncoding = 4; lastKnownFileType = sourcecode.swift; path = HouseDataModelConvertible.swift; sourceTree = "<group>"; };
		B9E03AC923032FE300E2B3F5 /* DefaultAPIService.swift */ = {isa = PBXFileReference; fileEncoding = 4; lastKnownFileType = sourcecode.swift; path = DefaultAPIService.swift; sourceTree = "<group>"; };
		B9E03ACB23032FEA00E2B3F5 /* HouseMetadataModel.swift */ = {isa = PBXFileReference; fileEncoding = 4; lastKnownFileType = sourcecode.swift; path = HouseMetadataModel.swift; sourceTree = "<group>"; };
/* End PBXFileReference section */

/* Begin PBXFrameworksBuildPhase section */
		B95616D424C8BF0F003A3ACF /* Frameworks */ = {
			isa = PBXFrameworksBuildPhase;
			buildActionMask = 2147483647;
			files = (
				B92B64E826DB9113004EB679 /* ComposableArchitecture in Frameworks */,
				B956172124C8C836003A3ACF /* AdvancedList in Frameworks */,
			);
			runOnlyForDeploymentPostprocessing = 0;
		};
		B98956D526E6CA0900FE3277 /* Frameworks */ = {
			isa = PBXFrameworksBuildPhase;
			buildActionMask = 2147483647;
			files = (
			);
			runOnlyForDeploymentPostprocessing = 0;
		};
/* End PBXFrameworksBuildPhase section */

/* Begin PBXGroup section */
		B91CAD612305AB6400EB67B1 /* Frameworks */ = {
			isa = PBXGroup;
			children = (
			);
			name = Frameworks;
			sourceTree = "<group>";
		};
		B92B650526DB962A004EB679 /* Row */ = {
			isa = PBXGroup;
			children = (
				B93630402883493E00D48437 /* TCA */,
			);
			path = Row;
			sourceTree = "<group>";
		};
		B936303F2883493400D48437 /* TCA */ = {
			isa = PBXGroup;
			children = (
				B92B651926DC24FD004EB679 /* HouseDetailAction.swift */,
				B92B651E26DC24FD004EB679 /* HouseDetailEnvironment.swift */,
				B92B652026DC24FD004EB679 /* HouseDetailReducer.swift */,
				B92B652126DC24FD004EB679 /* HouseDetailState.swift */,
				B92B651A26DC24FD004EB679 /* HouseDetailState+view.swift */,
				B92B651B26DC24FD004EB679 /* HouseDetailView.Action+feature.swift */,
				B92B651D26DC24FD004EB679 /* HouseDetailView.swift */,
				B92B651C26DC24FD004EB679 /* HouseDetailView+Action.swift */,
				B92B651F26DC24FD004EB679 /* HouseDetailView+State.swift */,
			);
			path = TCA;
			sourceTree = "<group>";
		};
		B93630402883493E00D48437 /* TCA */ = {
			isa = PBXGroup;
			children = (
				B92B650626DB963C004EB679 /* HouseListRowAction.swift */,
				B92B650B26DB963C004EB679 /* HouseListRowEnvironment.swift */,
				B92B650D26DB963C004EB679 /* HouseListRowReducer.swift */,
				B92B650E26DB963C004EB679 /* HouseListRowState.swift */,
				B92B650726DB963C004EB679 /* HouseListRowState+view.swift */,
				B92B650826DB963C004EB679 /* HouseListRowView.Action+feature.swift */,
				B92B650A26DB963C004EB679 /* HouseListRowView.swift */,
				B92B650926DB963C004EB679 /* HouseListRowView+Action.swift */,
				B92B650C26DB963C004EB679 /* HouseListRowView+State.swift */,
			);
			path = TCA;
			sourceTree = "<group>";
		};
		B93630412883494900D48437 /* TCA */ = {
			isa = PBXGroup;
			children = (
				B92B64EA26DB92E1004EB679 /* HouseListAction.swift */,
				B92B64EF26DB92E1004EB679 /* HouseListEnvironment.swift */,
				B9BA37A023096E3300D3CCA8 /* HouseListError.swift */,
				B92B64F126DB92E1004EB679 /* HouseListReducer.swift */,
				B92B64F226DB92E1004EB679 /* HouseListState.swift */,
				B92B64EB26DB92E1004EB679 /* HouseListState+view.swift */,
				B92B64EC26DB92E1004EB679 /* HouseListView.Action+feature.swift */,
				B92B64EE26DB92E1004EB679 /* HouseListView.swift */,
				B92B64ED26DB92E1004EB679 /* HouseListView+Action.swift */,
				B92B64F026DB92E1004EB679 /* HouseListView+State.swift */,
			);
			path = TCA;
			sourceTree = "<group>";
		};
		B93630422883495700D48437 /* TCA */ = {
			isa = PBXGroup;
			children = (
				B98956B926DD8FF900FE3277 /* AppAction.swift */,
				B98956BE26DD8FF900FE3277 /* AppEnvironment.swift */,
				B98956C026DD8FF900FE3277 /* AppReducer.swift */,
				B98956C126DD8FF900FE3277 /* AppState.swift */,
				B98956BA26DD8FF900FE3277 /* AppState+view.swift */,
				B98956BB26DD8FF900FE3277 /* AppView.Action+feature.swift */,
				B98956BD26DD8FF900FE3277 /* AppView.swift */,
				B98956BC26DD8FF900FE3277 /* AppView+Action.swift */,
				B98956BF26DD8FF900FE3277 /* AppView+State.swift */,
			);
			path = TCA;
			sourceTree = "<group>";
		};
		B936304328834AAC00D48437 /* Extensions */ = {
			isa = PBXGroup;
			children = (
				B936304428834ABA00D48437 /* Store+Hashable.swift */,
			);
			path = Extensions;
			sourceTree = "<group>";
		};
		B936304A288368EF00D48437 /* CategoryList */ = {
			isa = PBXGroup;
			children = (
				B936304B288368FF00D48437 /* TCA */,
			);
			path = CategoryList;
			sourceTree = "<group>";
		};
		B936304B288368FF00D48437 /* TCA */ = {
			isa = PBXGroup;
			children = (
				B936304C2883698E00D48437 /* CategoryListAction.swift */,
				B93630512883698E00D48437 /* CategoryListEnvironment.swift */,
				B93630532883698E00D48437 /* CategoryListReducer.swift */,
				B93630542883698E00D48437 /* CategoryListState.swift */,
				B936304D2883698E00D48437 /* CategoryListState+view.swift */,
				B936304E2883698E00D48437 /* CategoryListView.Action+feature.swift */,
				B93630502883698E00D48437 /* CategoryListView.swift */,
				B936304F2883698E00D48437 /* CategoryListView+Action.swift */,
				B93630522883698E00D48437 /* CategoryListView+State.swift */,
			);
			path = TCA;
			sourceTree = "<group>";
		};
		B936305E28836FA400D48437 /* Views */ = {
			isa = PBXGroup;
			children = (
				B936305F28836FB500D48437 /* CategorySelection.swift */,
			);
			path = Views;
			sourceTree = "<group>";
		};
		B95616CF24C8BF0D003A3ACF /* Shared */ = {
			isa = PBXGroup;
			children = (
				B9E03AB123032E6D00E2B3F5 /* Global */,
				B9E03AB023032E6700E2B3F5 /* Features */,
				B95616D024C8BF0D003A3ACF /* GameOfThronesApp.swift */,
				B95616D224C8BF0F003A3ACF /* Assets.xcassets */,
			);
			path = Shared;
			sourceTree = "<group>";
		};
		B95616D824C8BF0F003A3ACF /* iOS */ = {
			isa = PBXGroup;
			children = (
			);
			path = iOS;
			sourceTree = "<group>";
		};
		B95616DF24C8BF0F003A3ACF /* macOS */ = {
			isa = PBXGroup;
			children = (
			);
			path = macOS;
			sourceTree = "<group>";
		};
		B972EAD5288449AC00D5028B /* Response */ = {
			isa = PBXGroup;
			children = (
				B972EB04288498AE00D5028B /* CharacterResponseModel.swift */,
				B972EB0A28849B8100D5028B /* CharacterResponseModel+CharacterDataModelConvertible.swift */,
				B9E03ABE23032FD600E2B3F5 /* HouseResponseModel.swift */,
				B9E03AC123032FD600E2B3F5 /* HouseResponseModel+HouseDataModelConvertible.swift */,
			);
			path = Response;
			sourceTree = "<group>";
		};
		B972EAD6288449BF00D5028B /* Domain */ = {
			isa = PBXGroup;
			children = (
				B972EB0628849A9A00D5028B /* CharacterDataModel.swift */,
				B972EB162885EDB700D5028B /* CharacterDataModel+mock.swift */,
				B972EB142884A1FF00D5028B /* CharacterMetadataModel.swift */,
				B972EB0828849B3300D5028B /* CharacterDataModelConvertible.swift */,
				B9E03ABD23032FD600E2B3F5 /* HouseDataModel.swift */,
				B9E03AC723032FDD00E2B3F5 /* HouseDataModelConvertible.swift */,
				B972EAD328843C9300D5028B /* HouseDataModel+mock.swift */,
				B9E03ACB23032FEA00E2B3F5 /* HouseMetadataModel.swift */,
			);
			path = Domain;
			sourceTree = "<group>";
		};
		B972EAD7288449CB00D5028B /* Errors */ = {
			isa = PBXGroup;
			children = (
				B9E03AC023032FD600E2B3F5 /* APIServiceError.swift */,
				B972EB122884A1C000D5028B /* CharacterClientError.swift */,
				B972EB0C28849BA200D5028B /* CharacterDataModelConvertibleError.swift */,
				B9E03ABF23032FD600E2B3F5 /* HouseDataModelConvertibleError.swift */,
			);
			path = Errors;
			sourceTree = "<group>";
		};
		B972EADA288494B500D5028B /* CharacterList */ = {
			isa = PBXGroup;
			children = (
				B972EADB288494BD00D5028B /* TCA */,
			);
			path = CharacterList;
			sourceTree = "<group>";
		};
		B972EADB288494BD00D5028B /* TCA */ = {
			isa = PBXGroup;
			children = (
				B972EADE288494DD00D5028B /* CharacterListAction.swift */,
				B972EAE3288494DD00D5028B /* CharacterListEnvironment.swift */,
				B972EAE5288494DD00D5028B /* CharacterListReducer.swift */,
				B972EAE6288494DD00D5028B /* CharacterListState.swift */,
				B972EADF288494DD00D5028B /* CharacterListState+view.swift */,
				B972EAE0288494DD00D5028B /* CharacterListView.Action+feature.swift */,
				B972EAE2288494DD00D5028B /* CharacterListView.swift */,
				B972EAE1288494DD00D5028B /* CharacterListView+Action.swift */,
				B972EAE4288494DD00D5028B /* CharacterListView+State.swift */,
			);
			path = TCA;
			sourceTree = "<group>";
		};
		B972EADC288494C200D5028B /* CharacterDetail */ = {
			isa = PBXGroup;
			children = (
				B972EADD288494CA00D5028B /* TCA */,
			);
			path = CharacterDetail;
			sourceTree = "<group>";
		};
		B972EADD288494CA00D5028B /* TCA */ = {
			isa = PBXGroup;
			children = (
				B972EAF0288494EB00D5028B /* CharacterDetailAction.swift */,
				B972EAF5288494EB00D5028B /* CharacterDetailEnvironment.swift */,
				B972EAF7288494EB00D5028B /* CharacterDetailReducer.swift */,
				B972EAF8288494EB00D5028B /* CharacterDetailState.swift */,
				B972EAF1288494EB00D5028B /* CharacterDetailState+view.swift */,
				B972EAF2288494EB00D5028B /* CharacterDetailView.Action+feature.swift */,
				B972EAF4288494EB00D5028B /* CharacterDetailView.swift */,
				B972EAF3288494EB00D5028B /* CharacterDetailView+Action.swift */,
				B972EAF6288494EB00D5028B /* CharacterDetailView+State.swift */,
			);
			path = TCA;
			sourceTree = "<group>";
		};
		B98956B826DD8FEC00FE3277 /* App */ = {
			isa = PBXGroup;
			children = (
				B93630422883495700D48437 /* TCA */,
				B936305E28836FA400D48437 /* Views */,
			);
			path = App;
			sourceTree = "<group>";
		};
		B98956D926E6CA0900FE3277 /* GameOfThronesTests */ = {
			isa = PBXGroup;
			children = (
				B98956E126E6CA8C00FE3277 /* HouseListTests.swift */,
			);
			path = GameOfThronesTests;
			sourceTree = "<group>";
		};
		B9E03A9023032E4000E2B3F5 = {
			isa = PBXGroup;
			children = (
				B95E9F062883472D006BEB6E /* GameOfThrones.entitlements */,
				B98956B726DD80EC00FE3277 /* Game-of-Thrones-SwiftUI.gif */,
				B943C44A230336DF00E1BBA0 /* README.md */,
				B95616CF24C8BF0D003A3ACF /* Shared */,
				B95616D824C8BF0F003A3ACF /* iOS */,
				B95616DF24C8BF0F003A3ACF /* macOS */,
				B98956D926E6CA0900FE3277 /* GameOfThronesTests */,
				B9E03A9A23032E4000E2B3F5 /* Products */,
				B91CAD612305AB6400EB67B1 /* Frameworks */,
			);
			sourceTree = "<group>";
		};
		B9E03A9A23032E4000E2B3F5 /* Products */ = {
			isa = PBXGroup;
			children = (
				B95616D724C8BF0F003A3ACF /* GameOfThrones.app */,
				B98956D826E6CA0900FE3277 /* GameOfThronesTests.xctest */,
			);
			name = Products;
			sourceTree = "<group>";
		};
		B9E03AB023032E6700E2B3F5 /* Features */ = {
			isa = PBXGroup;
			children = (
				B936304A288368EF00D48437 /* CategoryList */,
				B972EADC288494C200D5028B /* CharacterDetail */,
				B972EADA288494B500D5028B /* CharacterList */,
				B9E03AB223032E7700E2B3F5 /* HouseDetail */,
				B9E03AB323032E7D00E2B3F5 /* HouseList */,
			);
			path = Features;
			sourceTree = "<group>";
		};
		B9E03AB123032E6D00E2B3F5 /* Global */ = {
			isa = PBXGroup;
			children = (
				B98956B826DD8FEC00FE3277 /* App */,
				B936304328834AAC00D48437 /* Extensions */,
				B9E03AB423032E8800E2B3F5 /* Models */,
				B9E03AB623032E9400E2B3F5 /* Services */,
				B972EB102884A0F700D5028B /* CharacterClient.swift */,
				B972EB0E28849F8700D5028B /* HouseClient.swift */,
			);
			path = Global;
			sourceTree = "<group>";
		};
		B9E03AB223032E7700E2B3F5 /* HouseDetail */ = {
			isa = PBXGroup;
			children = (
				B936303F2883493400D48437 /* TCA */,
			);
			path = HouseDetail;
			sourceTree = "<group>";
		};
		B9E03AB323032E7D00E2B3F5 /* HouseList */ = {
			isa = PBXGroup;
			children = (
				B93630412883494900D48437 /* TCA */,
				B92B650526DB962A004EB679 /* Row */,
			);
			path = HouseList;
			sourceTree = "<group>";
		};
		B9E03AB423032E8800E2B3F5 /* Models */ = {
			isa = PBXGroup;
			children = (
				B972EAD6288449BF00D5028B /* Domain */,
				B972EAD7288449CB00D5028B /* Errors */,
				B972EAD5288449AC00D5028B /* Response */,
				B956172C24C8ED08003A3ACF /* Category.swift */,
				B93630612883752700D48437 /* Dependencies.swift */,
				B972EAD128843B3600D5028B /* StyleConstants.swift */,
				B93630482883628400D48437 /* ViewState.swift */,
			);
			path = Models;
			sourceTree = "<group>";
		};
		B9E03AB623032E9400E2B3F5 /* Services */ = {
			isa = PBXGroup;
			children = (
				B972EB022884986000D5028B /* CharactersAPIService.swift */,
				B9E03AC923032FE300E2B3F5 /* DefaultAPIService.swift */,
				B972EAD828844ACF00D5028B /* HousesAPIService.swift */,
			);
			path = Services;
			sourceTree = "<group>";
		};
/* End PBXGroup section */

/* Begin PBXNativeTarget section */
		B95616D624C8BF0F003A3ACF /* GameOfThrones */ = {
			isa = PBXNativeTarget;
			buildConfigurationList = B95616E824C8BF0F003A3ACF /* Build configuration list for PBXNativeTarget "GameOfThrones" */;
			buildPhases = (
				B95616D324C8BF0F003A3ACF /* Sources */,
				B95616D424C8BF0F003A3ACF /* Frameworks */,
				B95616D524C8BF0F003A3ACF /* Resources */,
			);
			buildRules = (
			);
			dependencies = (
			);
			name = GameOfThrones;
			packageProductDependencies = (
				B956172024C8C836003A3ACF /* AdvancedList */,
				B92B64E726DB9113004EB679 /* ComposableArchitecture */,
			);
			productName = "GameOfThrones (iOS)";
			productReference = B95616D724C8BF0F003A3ACF /* GameOfThrones.app */;
			productType = "com.apple.product-type.application";
		};
		B98956D726E6CA0900FE3277 /* GameOfThronesTests */ = {
			isa = PBXNativeTarget;
			buildConfigurationList = B98956DE26E6CA0900FE3277 /* Build configuration list for PBXNativeTarget "GameOfThronesTests" */;
			buildPhases = (
				B98956D426E6CA0900FE3277 /* Sources */,
				B98956D526E6CA0900FE3277 /* Frameworks */,
				B98956D626E6CA0900FE3277 /* Resources */,
			);
			buildRules = (
			);
			dependencies = (
				B98956DD26E6CA0900FE3277 /* PBXTargetDependency */,
			);
			name = GameOfThronesTests;
			productName = GameOfThronesTests;
			productReference = B98956D826E6CA0900FE3277 /* GameOfThronesTests.xctest */;
			productType = "com.apple.product-type.bundle.unit-test";
		};
/* End PBXNativeTarget section */

/* Begin PBXProject section */
		B9E03A9123032E4000E2B3F5 /* Project object */ = {
			isa = PBXProject;
			attributes = {
				LastSwiftUpdateCheck = 1300;
				LastUpgradeCheck = 1200;
				ORGANIZATIONNAME = "Christian Elies";
				TargetAttributes = {
					B95616D624C8BF0F003A3ACF = {
						CreatedOnToolsVersion = 12.0;
					};
					B98956D726E6CA0900FE3277 = {
						CreatedOnToolsVersion = 13.0;
						LastSwiftMigration = 1300;
						TestTargetID = B95616D624C8BF0F003A3ACF;
					};
				};
			};
			buildConfigurationList = B9E03A9423032E4000E2B3F5 /* Build configuration list for PBXProject "Game-of-Thrones-SwiftUI" */;
			compatibilityVersion = "Xcode 9.3";
			developmentRegion = en;
			hasScannedForEncodings = 0;
			knownRegions = (
				en,
				Base,
			);
			mainGroup = B9E03A9023032E4000E2B3F5;
			packageReferences = (
				B91CAD642306B5F300EB67B1 /* XCRemoteSwiftPackageReference "AdvancedList" */,
				B92B64E626DB9113004EB679 /* XCRemoteSwiftPackageReference "swift-composable-architecture" */,
			);
			productRefGroup = B9E03A9A23032E4000E2B3F5 /* Products */;
			projectDirPath = "";
			projectRoot = "";
			targets = (
				B95616D624C8BF0F003A3ACF /* GameOfThrones */,
				B98956D726E6CA0900FE3277 /* GameOfThronesTests */,
			);
		};
/* End PBXProject section */

/* Begin PBXResourcesBuildPhase section */
		B95616D524C8BF0F003A3ACF /* Resources */ = {
			isa = PBXResourcesBuildPhase;
			buildActionMask = 2147483647;
			files = (
				B95616E624C8BF0F003A3ACF /* Assets.xcassets in Resources */,
			);
			runOnlyForDeploymentPostprocessing = 0;
		};
		B98956D626E6CA0900FE3277 /* Resources */ = {
			isa = PBXResourcesBuildPhase;
			buildActionMask = 2147483647;
			files = (
			);
			runOnlyForDeploymentPostprocessing = 0;
		};
/* End PBXResourcesBuildPhase section */

/* Begin PBXSourcesBuildPhase section */
		B95616D324C8BF0F003A3ACF /* Sources */ = {
			isa = PBXSourcesBuildPhase;
			buildActionMask = 2147483647;
			files = (
				B98956C226DD8FF900FE3277 /* AppAction.swift in Sources */,
				B972EAEF288494DD00D5028B /* CharacterListState.swift in Sources */,
				B92B64F726DB92E1004EB679 /* HouseListView.Action+feature.swift in Sources */,
				B972EAED288494DD00D5028B /* CharacterListView+State.swift in Sources */,
				B972EB0F28849F8700D5028B /* HouseClient.swift in Sources */,
				B972EB0B28849B8100D5028B /* CharacterResponseModel+CharacterDataModelConvertible.swift in Sources */,
				B936305A2883698E00D48437 /* CategoryListEnvironment.swift in Sources */,
				B95616F024C8C7FD003A3ACF /* HouseResponseModel.swift in Sources */,
				B92B651726DB963C004EB679 /* HouseListRowState.swift in Sources */,
				B93630622883752700D48437 /* Dependencies.swift in Sources */,
				B972EAEC288494DD00D5028B /* CharacterListEnvironment.swift in Sources */,
				B98956C626DD8FF900FE3277 /* AppView.Action+feature.swift in Sources */,
				B936305D2883698E00D48437 /* CategoryListState.swift in Sources */,
				B98956D226DD8FF900FE3277 /* AppState.swift in Sources */,
				B972EB00288494EB00D5028B /* CharacterDetailReducer.swift in Sources */,
				B972EAEB288494DD00D5028B /* CharacterListView.swift in Sources */,
				B93630562883698E00D48437 /* CategoryListState+view.swift in Sources */,
				B972EAFD288494EB00D5028B /* CharacterDetailView.swift in Sources */,
				B93630492883628400D48437 /* ViewState.swift in Sources */,
				B972EAF9288494EB00D5028B /* CharacterDetailAction.swift in Sources */,
				B98956C426DD8FF900FE3277 /* AppState+view.swift in Sources */,
				B972EAE9288494DD00D5028B /* CharacterListView.Action+feature.swift in Sources */,
				B972EB032884986000D5028B /* CharactersAPIService.swift in Sources */,
				B92B650126DB92E1004EB679 /* HouseListReducer.swift in Sources */,
				B972EB01288494EB00D5028B /* CharacterDetailState.swift in Sources */,
				B93630552883698E00D48437 /* CategoryListAction.swift in Sources */,
				B92B64FF26DB92E1004EB679 /* HouseListView+State.swift in Sources */,
				B972EAFC288494EB00D5028B /* CharacterDetailView+Action.swift in Sources */,
				B92B650326DB92E1004EB679 /* HouseListState.swift in Sources */,
				B92B651526DB963C004EB679 /* HouseListRowView+State.swift in Sources */,
				B95616EF24C8C7FD003A3ACF /* APIServiceError.swift in Sources */,
				B92B64F326DB92E1004EB679 /* HouseListAction.swift in Sources */,
				B92B651226DB963C004EB679 /* HouseListRowView+Action.swift in Sources */,
				B972EAFB288494EB00D5028B /* CharacterDetailView.Action+feature.swift in Sources */,
				B972EAEA288494DD00D5028B /* CharacterListView+Action.swift in Sources */,
				B95616F124C8C7FD003A3ACF /* HouseDataModelConvertibleError.swift in Sources */,
				B972EAE7288494DD00D5028B /* CharacterListAction.swift in Sources */,
				B972EB172885EDB700D5028B /* CharacterDataModel+mock.swift in Sources */,
				B972EB152884A1FF00D5028B /* CharacterMetadataModel.swift in Sources */,
				B93630572883698E00D48437 /* CategoryListView.Action+feature.swift in Sources */,
				B92B652226DC24FD004EB679 /* HouseDetailAction.swift in Sources */,
				B972EAFF288494EB00D5028B /* CharacterDetailView+State.swift in Sources */,
				B92B651126DB963C004EB679 /* HouseListRowView.Action+feature.swift in Sources */,
				B936305B2883698E00D48437 /* CategoryListView+State.swift in Sources */,
				B972EAEE288494DD00D5028B /* CharacterListReducer.swift in Sources */,
				B92B651626DB963C004EB679 /* HouseListRowReducer.swift in Sources */,
				B92B652926DC24FD004EB679 /* HouseDetailReducer.swift in Sources */,
				B92B652326DC24FD004EB679 /* HouseDetailState+view.swift in Sources */,
				B98956CC26DD8FF900FE3277 /* AppEnvironment.swift in Sources */,
				B936304528834ABA00D48437 /* Store+Hashable.swift in Sources */,
				B92B652826DC24FD004EB679 /* HouseDetailView+State.swift in Sources */,
				B972EB132884A1C000D5028B /* CharacterClientError.swift in Sources */,
				B93630582883698E00D48437 /* CategoryListView+Action.swift in Sources */,
				B92B64FD26DB92E1004EB679 /* HouseListEnvironment.swift in Sources */,
				B92B652626DC24FD004EB679 /* HouseDetailView.swift in Sources */,
				B92B651426DB963C004EB679 /* HouseListRowEnvironment.swift in Sources */,
				B972EB05288498AE00D5028B /* CharacterResponseModel.swift in Sources */,
				B98956D026DD8FF900FE3277 /* AppReducer.swift in Sources */,
				B95616F224C8C7FD003A3ACF /* HouseResponseModel+HouseDataModelConvertible.swift in Sources */,
				B98956CE26DD8FF900FE3277 /* AppView+State.swift in Sources */,
				B972EAFA288494EB00D5028B /* CharacterDetailState+view.swift in Sources */,
				B92B650F26DB963C004EB679 /* HouseListRowAction.swift in Sources */,
				B936305C2883698E00D48437 /* CategoryListReducer.swift in Sources */,
				B972EB0728849A9A00D5028B /* CharacterDataModel.swift in Sources */,
				B92B651026DB963C004EB679 /* HouseListRowState+view.swift in Sources */,
				B972EAFE288494EB00D5028B /* CharacterDetailEnvironment.swift in Sources */,
				B95616E224C8BF0F003A3ACF /* GameOfThronesApp.swift in Sources */,
				B972EAD428843C9300D5028B /* HouseDataModel+mock.swift in Sources */,
				B92B652526DC24FD004EB679 /* HouseDetailView+Action.swift in Sources */,
				B972EB0928849B3300D5028B /* CharacterDataModelConvertible.swift in Sources */,
				B956172D24C8ED08003A3ACF /* Category.swift in Sources */,
				B95616F824C8C801003A3ACF /* HouseDataModelConvertible.swift in Sources */,
				B956171824C8C81B003A3ACF /* HouseListError.swift in Sources */,
				B93630592883698E00D48437 /* CategoryListView.swift in Sources */,
				B95616FA24C8C805003A3ACF /* DefaultAPIService.swift in Sources */,
				B92B64FB26DB92E1004EB679 /* HouseListView.swift in Sources */,
				B972EB112884A0F700D5028B /* CharacterClient.swift in Sources */,
				B92B64F926DB92E1004EB679 /* HouseListView+Action.swift in Sources */,
				B92B652726DC24FD004EB679 /* HouseDetailEnvironment.swift in Sources */,
				B95616EE24C8C7FD003A3ACF /* HouseDataModel.swift in Sources */,
				B936306028836FB500D48437 /* CategorySelection.swift in Sources */,
				B92B652426DC24FD004EB679 /* HouseDetailView.Action+feature.swift in Sources */,
				B972EAD228843B3600D5028B /* StyleConstants.swift in Sources */,
				B92B652A26DC24FD004EB679 /* HouseDetailState.swift in Sources */,
				B92B64F526DB92E1004EB679 /* HouseListState+view.swift in Sources */,
				B972EAD928844ACF00D5028B /* HousesAPIService.swift in Sources */,
				B95616FC24C8C808003A3ACF /* HouseMetadataModel.swift in Sources */,
				B972EAE8288494DD00D5028B /* CharacterListState+view.swift in Sources */,
				B98956CA26DD8FF900FE3277 /* AppView.swift in Sources */,
				B92B651326DB963C004EB679 /* HouseListRowView.swift in Sources */,
				B972EB0D28849BA200D5028B /* CharacterDataModelConvertibleError.swift in Sources */,
				B98956C826DD8FF900FE3277 /* AppView+Action.swift in Sources */,
			);
			runOnlyForDeploymentPostprocessing = 0;
		};
		B98956D426E6CA0900FE3277 /* Sources */ = {
			isa = PBXSourcesBuildPhase;
			buildActionMask = 2147483647;
			files = (
				B98956E226E6CA8C00FE3277 /* HouseListTests.swift in Sources */,
			);
			runOnlyForDeploymentPostprocessing = 0;
		};
/* End PBXSourcesBuildPhase section */

/* Begin PBXTargetDependency section */
		B98956DD26E6CA0900FE3277 /* PBXTargetDependency */ = {
			isa = PBXTargetDependency;
			target = B95616D624C8BF0F003A3ACF /* GameOfThrones */;
			targetProxy = B98956DC26E6CA0900FE3277 /* PBXContainerItemProxy */;
		};
/* End PBXTargetDependency section */

/* Begin XCBuildConfiguration section */
		B95616E924C8BF0F003A3ACF /* Debug */ = {
			isa = XCBuildConfiguration;
			buildSettings = {
				ASSETCATALOG_COMPILER_APPICON_NAME = AppIcon;
				ASSETCATALOG_COMPILER_GLOBAL_ACCENT_COLOR_NAME = AccentColor;
				CLANG_WARN_QUOTED_INCLUDE_IN_FRAMEWORK_HEADER = YES;
				CODE_SIGN_ENTITLEMENTS = GameOfThrones.entitlements;
				CODE_SIGN_IDENTITY = "iPhone Developer";
				"CODE_SIGN_IDENTITY[sdk=macosx*]" = "Mac Developer";
				CODE_SIGN_STYLE = Manual;
				CURRENT_PROJECT_VERSION = 1;
				DEVELOPMENT_TEAM = 766K8ALVVD;
				"DEVELOPMENT_TEAM[sdk=macosx*]" = 766K8ALVVD;
				ENABLE_PREVIEWS = YES;
				LD_RUNPATH_SEARCH_PATHS = (
					"$(inherited)",
					"@executable_path/Frameworks",
				);
				MACOSX_DEPLOYMENT_TARGET = 13.0;
				MARKETING_VERSION = 1.0.0;
				PRODUCT_BUNDLE_IDENTIFIER = de.crelies.GameOfThrones;
				PRODUCT_NAME = GameOfThrones;
				PROVISIONING_PROFILE_SPECIFIER = "match Development de.crelies.*";
				"PROVISIONING_PROFILE_SPECIFIER[sdk=macosx*]" = "match Mac Development de.crelies.*";
				SDKROOT = iphoneos;
				SUPPORTED_PLATFORMS = "iphoneos iphonesimulator macosx";
				SUPPORTS_MACCATALYST = NO;
				SUPPORTS_MAC_DESIGNED_FOR_IPHONE_IPAD = NO;
				TARGETED_DEVICE_FAMILY = "1,2";
			};
			name = Debug;
		};
		B95616EA24C8BF0F003A3ACF /* Release */ = {
			isa = XCBuildConfiguration;
			buildSettings = {
				ASSETCATALOG_COMPILER_APPICON_NAME = AppIcon;
				ASSETCATALOG_COMPILER_GLOBAL_ACCENT_COLOR_NAME = AccentColor;
				CLANG_WARN_QUOTED_INCLUDE_IN_FRAMEWORK_HEADER = YES;
				CODE_SIGN_ENTITLEMENTS = GameOfThrones.entitlements;
				CODE_SIGN_IDENTITY = "iPhone Distribution";
				CODE_SIGN_STYLE = Manual;
				CURRENT_PROJECT_VERSION = 1;
				DEVELOPMENT_TEAM = 766K8ALVVD;
				ENABLE_PREVIEWS = YES;
				LD_RUNPATH_SEARCH_PATHS = (
					"$(inherited)",
					"@executable_path/Frameworks",
				);
				MACOSX_DEPLOYMENT_TARGET = 13.0;
				MARKETING_VERSION = 1.0.0;
				PRODUCT_BUNDLE_IDENTIFIER = de.crelies.GameOfThrones;
				PRODUCT_NAME = GameOfThrones;
				PROVISIONING_PROFILE_SPECIFIER = "match AdHoc de.crelies.*";
				SDKROOT = iphoneos;
				SUPPORTED_PLATFORMS = "iphoneos iphonesimulator macosx";
				SUPPORTS_MACCATALYST = NO;
				SUPPORTS_MAC_DESIGNED_FOR_IPHONE_IPAD = NO;
				TARGETED_DEVICE_FAMILY = "1,2";
				VALIDATE_PRODUCT = YES;
			};
			name = Release;
		};
		B98956DF26E6CA0900FE3277 /* Debug */ = {
			isa = XCBuildConfiguration;
			buildSettings = {
				ASSETCATALOG_COMPILER_APPICON_NAME = AppIcon;
				BUNDLE_LOADER = "$(TEST_HOST)";
				CLANG_CXX_LANGUAGE_STANDARD = "gnu++17";
				CLANG_ENABLE_MODULES = YES;
				"CODE_SIGN_IDENTITY[sdk=macosx*]" = "-";
				CODE_SIGN_STYLE = Manual;
				CURRENT_PROJECT_VERSION = 1;
				DEVELOPMENT_TEAM = 766K8ALVVD;
				LD_RUNPATH_SEARCH_PATHS = (
					"$(inherited)",
					"@executable_path/Frameworks",
					"@loader_path/Frameworks",
				);
				MARKETING_VERSION = 1.0.0;
				PRODUCT_BUNDLE_IDENTIFIER = de.crelies.GameOfThronesTests;
				PRODUCT_NAME = "$(TARGET_NAME)";
				PROVISIONING_PROFILE_SPECIFIER = "";
				"PROVISIONING_PROFILE_SPECIFIER[sdk=macosx*]" = "";
				SUPPORTED_PLATFORMS = "iphoneos iphonesimulator macosx";
				SUPPORTS_MACCATALYST = NO;
				SUPPORTS_MAC_DESIGNED_FOR_IPHONE_IPAD = NO;
				SWIFT_EMIT_LOC_STRINGS = NO;
				SWIFT_OPTIMIZATION_LEVEL = "-Onone";
				SWIFT_VERSION = 5.0;
				TARGETED_DEVICE_FAMILY = "1,2";
				TEST_HOST = "$(BUILT_PRODUCTS_DIR)/GameOfThrones.app/$(BUNDLE_EXECUTABLE_FOLDER_PATH)/GameOfThrones";
			};
			name = Debug;
		};
		B98956E026E6CA0900FE3277 /* Release */ = {
			isa = XCBuildConfiguration;
			buildSettings = {
				ASSETCATALOG_COMPILER_APPICON_NAME = AppIcon;
				BUNDLE_LOADER = "$(TEST_HOST)";
				CLANG_CXX_LANGUAGE_STANDARD = "gnu++17";
				CLANG_ENABLE_MODULES = YES;
				CODE_SIGN_IDENTITY = "Apple Distribution";
				"CODE_SIGN_IDENTITY[sdk=macosx*]" = "-";
				CODE_SIGN_STYLE = Manual;
				CURRENT_PROJECT_VERSION = 1;
				DEVELOPMENT_TEAM = 766K8ALVVD;
				LD_RUNPATH_SEARCH_PATHS = (
					"$(inherited)",
					"@executable_path/Frameworks",
					"@loader_path/Frameworks",
				);
				MARKETING_VERSION = 1.0.0;
				PRODUCT_BUNDLE_IDENTIFIER = de.crelies.GameOfThronesTests;
				PRODUCT_NAME = "$(TARGET_NAME)";
				PROVISIONING_PROFILE_SPECIFIER = "";
				"PROVISIONING_PROFILE_SPECIFIER[sdk=macosx*]" = "";
				SUPPORTED_PLATFORMS = "iphoneos iphonesimulator macosx";
				SUPPORTS_MACCATALYST = NO;
				SUPPORTS_MAC_DESIGNED_FOR_IPHONE_IPAD = NO;
				SWIFT_EMIT_LOC_STRINGS = NO;
				SWIFT_VERSION = 5.0;
				TARGETED_DEVICE_FAMILY = "1,2";
				TEST_HOST = "$(BUILT_PRODUCTS_DIR)/GameOfThrones.app/$(BUNDLE_EXECUTABLE_FOLDER_PATH)/GameOfThrones";
			};
			name = Release;
		};
		B9E03AAB23032E4100E2B3F5 /* Debug */ = {
			isa = XCBuildConfiguration;
			buildSettings = {
				ALWAYS_SEARCH_USER_PATHS = NO;
				CLANG_ANALYZER_NONNULL = YES;
				CLANG_ANALYZER_NUMBER_OBJECT_CONVERSION = YES_AGGRESSIVE;
				CLANG_CXX_LANGUAGE_STANDARD = "gnu++14";
				CLANG_CXX_LIBRARY = "libc++";
				CLANG_ENABLE_MODULES = YES;
				CLANG_ENABLE_OBJC_ARC = YES;
				CLANG_ENABLE_OBJC_WEAK = YES;
				CLANG_WARN_BLOCK_CAPTURE_AUTORELEASING = YES;
				CLANG_WARN_BOOL_CONVERSION = YES;
				CLANG_WARN_COMMA = YES;
				CLANG_WARN_CONSTANT_CONVERSION = YES;
				CLANG_WARN_DEPRECATED_OBJC_IMPLEMENTATIONS = YES;
				CLANG_WARN_DIRECT_OBJC_ISA_USAGE = YES_ERROR;
				CLANG_WARN_DOCUMENTATION_COMMENTS = YES;
				CLANG_WARN_EMPTY_BODY = YES;
				CLANG_WARN_ENUM_CONVERSION = YES;
				CLANG_WARN_INFINITE_RECURSION = YES;
				CLANG_WARN_INT_CONVERSION = YES;
				CLANG_WARN_NON_LITERAL_NULL_CONVERSION = YES;
				CLANG_WARN_OBJC_IMPLICIT_RETAIN_SELF = YES;
				CLANG_WARN_OBJC_LITERAL_CONVERSION = YES;
				CLANG_WARN_OBJC_ROOT_CLASS = YES_ERROR;
				CLANG_WARN_QUOTED_INCLUDE_IN_FRAMEWORK_HEADER = YES;
				CLANG_WARN_RANGE_LOOP_ANALYSIS = YES;
				CLANG_WARN_STRICT_PROTOTYPES = YES;
				CLANG_WARN_SUSPICIOUS_MOVE = YES;
				CLANG_WARN_UNGUARDED_AVAILABILITY = YES_AGGRESSIVE;
				CLANG_WARN_UNREACHABLE_CODE = YES;
				CLANG_WARN__DUPLICATE_METHOD_MATCH = YES;
				COPY_PHASE_STRIP = NO;
				DEBUG_INFORMATION_FORMAT = dwarf;
				ENABLE_STRICT_OBJC_MSGSEND = YES;
				ENABLE_TESTABILITY = YES;
				GCC_C_LANGUAGE_STANDARD = gnu11;
				GCC_DYNAMIC_NO_PIC = NO;
				GCC_NO_COMMON_BLOCKS = YES;
				GCC_OPTIMIZATION_LEVEL = 0;
				GCC_PREPROCESSOR_DEFINITIONS = (
					"DEBUG=1",
					"$(inherited)",
				);
				GCC_WARN_64_TO_32_BIT_CONVERSION = YES;
				GCC_WARN_ABOUT_RETURN_TYPE = YES_ERROR;
				GCC_WARN_UNDECLARED_SELECTOR = YES;
				GCC_WARN_UNINITIALIZED_AUTOS = YES_AGGRESSIVE;
				GCC_WARN_UNUSED_FUNCTION = YES;
				GCC_WARN_UNUSED_VARIABLE = YES;
				GENERATE_INFOPLIST_FILE = YES;
				INFOPLIST_KEY_UILaunchScreen_Generation = YES;
				IPHONEOS_DEPLOYMENT_TARGET = 16.0;
				MACOSX_DEPLOYMENT_TARGET = 13.0;
				MTL_ENABLE_DEBUG_INFO = INCLUDE_SOURCE;
				MTL_FAST_MATH = YES;
				ONLY_ACTIVE_ARCH = YES;
				SDKROOT = iphoneos;
				SWIFT_ACTIVE_COMPILATION_CONDITIONS = DEBUG;
				SWIFT_OPTIMIZATION_LEVEL = "-Onone";
				SWIFT_VERSION = 5.0;
			};
			name = Debug;
		};
		B9E03AAC23032E4100E2B3F5 /* Release */ = {
			isa = XCBuildConfiguration;
			buildSettings = {
				ALWAYS_SEARCH_USER_PATHS = NO;
				CLANG_ANALYZER_NONNULL = YES;
				CLANG_ANALYZER_NUMBER_OBJECT_CONVERSION = YES_AGGRESSIVE;
				CLANG_CXX_LANGUAGE_STANDARD = "gnu++14";
				CLANG_CXX_LIBRARY = "libc++";
				CLANG_ENABLE_MODULES = YES;
				CLANG_ENABLE_OBJC_ARC = YES;
				CLANG_ENABLE_OBJC_WEAK = YES;
				CLANG_WARN_BLOCK_CAPTURE_AUTORELEASING = YES;
				CLANG_WARN_BOOL_CONVERSION = YES;
				CLANG_WARN_COMMA = YES;
				CLANG_WARN_CONSTANT_CONVERSION = YES;
				CLANG_WARN_DEPRECATED_OBJC_IMPLEMENTATIONS = YES;
				CLANG_WARN_DIRECT_OBJC_ISA_USAGE = YES_ERROR;
				CLANG_WARN_DOCUMENTATION_COMMENTS = YES;
				CLANG_WARN_EMPTY_BODY = YES;
				CLANG_WARN_ENUM_CONVERSION = YES;
				CLANG_WARN_INFINITE_RECURSION = YES;
				CLANG_WARN_INT_CONVERSION = YES;
				CLANG_WARN_NON_LITERAL_NULL_CONVERSION = YES;
				CLANG_WARN_OBJC_IMPLICIT_RETAIN_SELF = YES;
				CLANG_WARN_OBJC_LITERAL_CONVERSION = YES;
				CLANG_WARN_OBJC_ROOT_CLASS = YES_ERROR;
				CLANG_WARN_QUOTED_INCLUDE_IN_FRAMEWORK_HEADER = YES;
				CLANG_WARN_RANGE_LOOP_ANALYSIS = YES;
				CLANG_WARN_STRICT_PROTOTYPES = YES;
				CLANG_WARN_SUSPICIOUS_MOVE = YES;
				CLANG_WARN_UNGUARDED_AVAILABILITY = YES_AGGRESSIVE;
				CLANG_WARN_UNREACHABLE_CODE = YES;
				CLANG_WARN__DUPLICATE_METHOD_MATCH = YES;
				COPY_PHASE_STRIP = NO;
				DEBUG_INFORMATION_FORMAT = "dwarf-with-dsym";
				ENABLE_NS_ASSERTIONS = NO;
				ENABLE_STRICT_OBJC_MSGSEND = YES;
				GCC_C_LANGUAGE_STANDARD = gnu11;
				GCC_NO_COMMON_BLOCKS = YES;
				GCC_WARN_64_TO_32_BIT_CONVERSION = YES;
				GCC_WARN_ABOUT_RETURN_TYPE = YES_ERROR;
				GCC_WARN_UNDECLARED_SELECTOR = YES;
				GCC_WARN_UNINITIALIZED_AUTOS = YES_AGGRESSIVE;
				GCC_WARN_UNUSED_FUNCTION = YES;
				GCC_WARN_UNUSED_VARIABLE = YES;
				GENERATE_INFOPLIST_FILE = YES;
				INFOPLIST_KEY_UILaunchScreen_Generation = YES;
				IPHONEOS_DEPLOYMENT_TARGET = 16.0;
				MACOSX_DEPLOYMENT_TARGET = 13.0;
				MTL_ENABLE_DEBUG_INFO = NO;
				MTL_FAST_MATH = YES;
				SDKROOT = iphoneos;
				SWIFT_COMPILATION_MODE = wholemodule;
				SWIFT_OPTIMIZATION_LEVEL = "-O";
				SWIFT_VERSION = 5.0;
				VALIDATE_PRODUCT = YES;
			};
			name = Release;
		};
/* End XCBuildConfiguration section */

/* Begin XCConfigurationList section */
		B95616E824C8BF0F003A3ACF /* Build configuration list for PBXNativeTarget "GameOfThrones" */ = {
			isa = XCConfigurationList;
			buildConfigurations = (
				B95616E924C8BF0F003A3ACF /* Debug */,
				B95616EA24C8BF0F003A3ACF /* Release */,
			);
			defaultConfigurationIsVisible = 0;
			defaultConfigurationName = Release;
		};
		B98956DE26E6CA0900FE3277 /* Build configuration list for PBXNativeTarget "GameOfThronesTests" */ = {
			isa = XCConfigurationList;
			buildConfigurations = (
				B98956DF26E6CA0900FE3277 /* Debug */,
				B98956E026E6CA0900FE3277 /* Release */,
			);
			defaultConfigurationIsVisible = 0;
			defaultConfigurationName = Release;
		};
		B9E03A9423032E4000E2B3F5 /* Build configuration list for PBXProject "Game-of-Thrones-SwiftUI" */ = {
			isa = XCConfigurationList;
			buildConfigurations = (
				B9E03AAB23032E4100E2B3F5 /* Debug */,
				B9E03AAC23032E4100E2B3F5 /* Release */,
			);
			defaultConfigurationIsVisible = 0;
			defaultConfigurationName = Release;
		};
/* End XCConfigurationList section */

/* Begin XCRemoteSwiftPackageReference section */
		B91CAD642306B5F300EB67B1 /* XCRemoteSwiftPackageReference "AdvancedList" */ = {
			isa = XCRemoteSwiftPackageReference;
			repositoryURL = "https://github.com/crelies/AdvancedList.git";
			requirement = {
				kind = upToNextMajorVersion;
				minimumVersion = 4.0.0;
			};
		};
		B92B64E626DB9113004EB679 /* XCRemoteSwiftPackageReference "swift-composable-architecture" */ = {
			isa = XCRemoteSwiftPackageReference;
			repositoryURL = "https://github.com/pointfreeco/swift-composable-architecture";
			requirement = {
				kind = upToNextMajorVersion;
				minimumVersion = 0.38.0;
			};
		};
/* End XCRemoteSwiftPackageReference section */

/* Begin XCSwiftPackageProductDependency section */
		B92B64E726DB9113004EB679 /* ComposableArchitecture */ = {
			isa = XCSwiftPackageProductDependency;
			package = B92B64E626DB9113004EB679 /* XCRemoteSwiftPackageReference "swift-composable-architecture" */;
			productName = ComposableArchitecture;
		};
		B956172024C8C836003A3ACF /* AdvancedList */ = {
			isa = XCSwiftPackageProductDependency;
			package = B91CAD642306B5F300EB67B1 /* XCRemoteSwiftPackageReference "AdvancedList" */;
			productName = AdvancedList;
		};
/* End XCSwiftPackageProductDependency section */
	};
	rootObject = B9E03A9123032E4000E2B3F5 /* Project object */;
}
