// !$*UTF8*$!
{
	archiveVersion = 1;
	classes = {
	};
	objectVersion = 52;
	objects = {

/* Begin PBXBuildFile section */
		B92B64E826DB9113004EB679 /* ComposableArchitecture in Frameworks */ = {isa = PBXBuildFile; productRef = B92B64E726DB9113004EB679 /* ComposableArchitecture */; };
		B92B64F326DB92E1004EB679 /* HouseListAction.swift in Sources */ = {isa = PBXBuildFile; fileRef = B92B64EA26DB92E1004EB679 /* HouseListAction.swift */; };
		B92B64F426DB92E1004EB679 /* HouseListAction.swift in Sources */ = {isa = PBXBuildFile; fileRef = B92B64EA26DB92E1004EB679 /* HouseListAction.swift */; };
		B92B64F526DB92E1004EB679 /* HouseListState+view.swift in Sources */ = {isa = PBXBuildFile; fileRef = B92B64EB26DB92E1004EB679 /* HouseListState+view.swift */; };
		B92B64F626DB92E1004EB679 /* HouseListState+view.swift in Sources */ = {isa = PBXBuildFile; fileRef = B92B64EB26DB92E1004EB679 /* HouseListState+view.swift */; };
		B92B64F726DB92E1004EB679 /* HouseListView.Action+feature.swift in Sources */ = {isa = PBXBuildFile; fileRef = B92B64EC26DB92E1004EB679 /* HouseListView.Action+feature.swift */; };
		B92B64F826DB92E1004EB679 /* HouseListView.Action+feature.swift in Sources */ = {isa = PBXBuildFile; fileRef = B92B64EC26DB92E1004EB679 /* HouseListView.Action+feature.swift */; };
		B92B64F926DB92E1004EB679 /* HouseListView+Action.swift in Sources */ = {isa = PBXBuildFile; fileRef = B92B64ED26DB92E1004EB679 /* HouseListView+Action.swift */; };
		B92B64FA26DB92E1004EB679 /* HouseListView+Action.swift in Sources */ = {isa = PBXBuildFile; fileRef = B92B64ED26DB92E1004EB679 /* HouseListView+Action.swift */; };
		B92B64FB26DB92E1004EB679 /* HouseListView.swift in Sources */ = {isa = PBXBuildFile; fileRef = B92B64EE26DB92E1004EB679 /* HouseListView.swift */; };
		B92B64FC26DB92E1004EB679 /* HouseListView.swift in Sources */ = {isa = PBXBuildFile; fileRef = B92B64EE26DB92E1004EB679 /* HouseListView.swift */; };
		B92B64FD26DB92E1004EB679 /* HouseListEnvironment.swift in Sources */ = {isa = PBXBuildFile; fileRef = B92B64EF26DB92E1004EB679 /* HouseListEnvironment.swift */; };
		B92B64FE26DB92E1004EB679 /* HouseListEnvironment.swift in Sources */ = {isa = PBXBuildFile; fileRef = B92B64EF26DB92E1004EB679 /* HouseListEnvironment.swift */; };
		B92B64FF26DB92E1004EB679 /* HouseListView+State.swift in Sources */ = {isa = PBXBuildFile; fileRef = B92B64F026DB92E1004EB679 /* HouseListView+State.swift */; };
		B92B650026DB92E1004EB679 /* HouseListView+State.swift in Sources */ = {isa = PBXBuildFile; fileRef = B92B64F026DB92E1004EB679 /* HouseListView+State.swift */; };
		B92B650126DB92E1004EB679 /* HouseListReducer.swift in Sources */ = {isa = PBXBuildFile; fileRef = B92B64F126DB92E1004EB679 /* HouseListReducer.swift */; };
		B92B650226DB92E1004EB679 /* HouseListReducer.swift in Sources */ = {isa = PBXBuildFile; fileRef = B92B64F126DB92E1004EB679 /* HouseListReducer.swift */; };
		B92B650326DB92E1004EB679 /* HouseListState.swift in Sources */ = {isa = PBXBuildFile; fileRef = B92B64F226DB92E1004EB679 /* HouseListState.swift */; };
		B92B650426DB92E1004EB679 /* HouseListState.swift in Sources */ = {isa = PBXBuildFile; fileRef = B92B64F226DB92E1004EB679 /* HouseListState.swift */; };
		B92B650F26DB963C004EB679 /* HouseListRowAction.swift in Sources */ = {isa = PBXBuildFile; fileRef = B92B650626DB963C004EB679 /* HouseListRowAction.swift */; };
		B92B651026DB963C004EB679 /* HouseListRowState+view.swift in Sources */ = {isa = PBXBuildFile; fileRef = B92B650726DB963C004EB679 /* HouseListRowState+view.swift */; };
		B92B651126DB963C004EB679 /* HouseListRowView.Action+feature.swift in Sources */ = {isa = PBXBuildFile; fileRef = B92B650826DB963C004EB679 /* HouseListRowView.Action+feature.swift */; };
		B92B651226DB963C004EB679 /* HouseListRowView+Action.swift in Sources */ = {isa = PBXBuildFile; fileRef = B92B650926DB963C004EB679 /* HouseListRowView+Action.swift */; };
		B92B651326DB963C004EB679 /* HouseListRowView.swift in Sources */ = {isa = PBXBuildFile; fileRef = B92B650A26DB963C004EB679 /* HouseListRowView.swift */; };
		B92B651426DB963C004EB679 /* HouseListRowEnvironment.swift in Sources */ = {isa = PBXBuildFile; fileRef = B92B650B26DB963C004EB679 /* HouseListRowEnvironment.swift */; };
		B92B651526DB963C004EB679 /* HouseListRowView+State.swift in Sources */ = {isa = PBXBuildFile; fileRef = B92B650C26DB963C004EB679 /* HouseListRowView+State.swift */; };
		B92B651626DB963C004EB679 /* HouseListRowReducer.swift in Sources */ = {isa = PBXBuildFile; fileRef = B92B650D26DB963C004EB679 /* HouseListRowReducer.swift */; };
		B92B651726DB963C004EB679 /* HouseListRowState.swift in Sources */ = {isa = PBXBuildFile; fileRef = B92B650E26DB963C004EB679 /* HouseListRowState.swift */; };
		B92B652226DC24FD004EB679 /* HouseDetailAction.swift in Sources */ = {isa = PBXBuildFile; fileRef = B92B651926DC24FD004EB679 /* HouseDetailAction.swift */; };
		B92B652326DC24FD004EB679 /* HouseDetailState+view.swift in Sources */ = {isa = PBXBuildFile; fileRef = B92B651A26DC24FD004EB679 /* HouseDetailState+view.swift */; };
		B92B652426DC24FD004EB679 /* HouseDetailView.Action+feature.swift in Sources */ = {isa = PBXBuildFile; fileRef = B92B651B26DC24FD004EB679 /* HouseDetailView.Action+feature.swift */; };
		B92B652526DC24FD004EB679 /* HouseDetailView+Action.swift in Sources */ = {isa = PBXBuildFile; fileRef = B92B651C26DC24FD004EB679 /* HouseDetailView+Action.swift */; };
		B92B652626DC24FD004EB679 /* HouseDetailView.swift in Sources */ = {isa = PBXBuildFile; fileRef = B92B651D26DC24FD004EB679 /* HouseDetailView.swift */; };
		B92B652726DC24FD004EB679 /* HouseDetailEnvironment.swift in Sources */ = {isa = PBXBuildFile; fileRef = B92B651E26DC24FD004EB679 /* HouseDetailEnvironment.swift */; };
		B92B652826DC24FD004EB679 /* HouseDetailView+State.swift in Sources */ = {isa = PBXBuildFile; fileRef = B92B651F26DC24FD004EB679 /* HouseDetailView+State.swift */; };
		B92B652926DC24FD004EB679 /* HouseDetailReducer.swift in Sources */ = {isa = PBXBuildFile; fileRef = B92B652026DC24FD004EB679 /* HouseDetailReducer.swift */; };
		B92B652A26DC24FD004EB679 /* HouseDetailState.swift in Sources */ = {isa = PBXBuildFile; fileRef = B92B652126DC24FD004EB679 /* HouseDetailState.swift */; };
		B92B652B26DC3B2B004EB679 /* HouseDetailView.Action+feature.swift in Sources */ = {isa = PBXBuildFile; fileRef = B92B651B26DC24FD004EB679 /* HouseDetailView.Action+feature.swift */; };
		B92B652C26DC3B2B004EB679 /* HouseDetailView+Action.swift in Sources */ = {isa = PBXBuildFile; fileRef = B92B651C26DC24FD004EB679 /* HouseDetailView+Action.swift */; };
		B92B652D26DC3B2B004EB679 /* HouseDetailAction.swift in Sources */ = {isa = PBXBuildFile; fileRef = B92B651926DC24FD004EB679 /* HouseDetailAction.swift */; };
		B92B652E26DC3B2B004EB679 /* HouseDetailEnvironment.swift in Sources */ = {isa = PBXBuildFile; fileRef = B92B651E26DC24FD004EB679 /* HouseDetailEnvironment.swift */; };
		B92B652F26DC3B2B004EB679 /* HouseDetailReducer.swift in Sources */ = {isa = PBXBuildFile; fileRef = B92B652026DC24FD004EB679 /* HouseDetailReducer.swift */; };
		B92B653026DC3B2B004EB679 /* HouseDetailState.swift in Sources */ = {isa = PBXBuildFile; fileRef = B92B652126DC24FD004EB679 /* HouseDetailState.swift */; };
		B92B653126DC3B2B004EB679 /* HouseDetailView.swift in Sources */ = {isa = PBXBuildFile; fileRef = B92B651D26DC24FD004EB679 /* HouseDetailView.swift */; };
		B92B653226DC3B2B004EB679 /* HouseDetailState+view.swift in Sources */ = {isa = PBXBuildFile; fileRef = B92B651A26DC24FD004EB679 /* HouseDetailState+view.swift */; };
		B92B653326DC3B2B004EB679 /* HouseDetailView+State.swift in Sources */ = {isa = PBXBuildFile; fileRef = B92B651F26DC24FD004EB679 /* HouseDetailView+State.swift */; };
		B92B653426DC3B36004EB679 /* HouseListRowReducer.swift in Sources */ = {isa = PBXBuildFile; fileRef = B92B650D26DB963C004EB679 /* HouseListRowReducer.swift */; };
		B92B653526DC3B36004EB679 /* HouseListRowView.Action+feature.swift in Sources */ = {isa = PBXBuildFile; fileRef = B92B650826DB963C004EB679 /* HouseListRowView.Action+feature.swift */; };
		B92B653626DC3B36004EB679 /* HouseListRowEnvironment.swift in Sources */ = {isa = PBXBuildFile; fileRef = B92B650B26DB963C004EB679 /* HouseListRowEnvironment.swift */; };
		B92B653726DC3B36004EB679 /* HouseListRowAction.swift in Sources */ = {isa = PBXBuildFile; fileRef = B92B650626DB963C004EB679 /* HouseListRowAction.swift */; };
		B92B653826DC3B36004EB679 /* HouseListRowView+Action.swift in Sources */ = {isa = PBXBuildFile; fileRef = B92B650926DB963C004EB679 /* HouseListRowView+Action.swift */; };
		B92B653926DC3B36004EB679 /* HouseListRowState.swift in Sources */ = {isa = PBXBuildFile; fileRef = B92B650E26DB963C004EB679 /* HouseListRowState.swift */; };
		B92B653A26DC3B36004EB679 /* HouseListRowView.swift in Sources */ = {isa = PBXBuildFile; fileRef = B92B650A26DB963C004EB679 /* HouseListRowView.swift */; };
		B92B653B26DC3B36004EB679 /* HouseListRowState+view.swift in Sources */ = {isa = PBXBuildFile; fileRef = B92B650726DB963C004EB679 /* HouseListRowState+view.swift */; };
		B92B653C26DC3B36004EB679 /* HouseListRowView+State.swift in Sources */ = {isa = PBXBuildFile; fileRef = B92B650C26DB963C004EB679 /* HouseListRowView+State.swift */; };
		B92B653E26DC3B42004EB679 /* ComposableArchitecture in Frameworks */ = {isa = PBXBuildFile; productRef = B92B653D26DC3B42004EB679 /* ComposableArchitecture */; };
		B95616E224C8BF0F003A3ACF /* GameOfThronesApp.swift in Sources */ = {isa = PBXBuildFile; fileRef = B95616D024C8BF0D003A3ACF /* GameOfThronesApp.swift */; };
		B95616E324C8BF0F003A3ACF /* GameOfThronesApp.swift in Sources */ = {isa = PBXBuildFile; fileRef = B95616D024C8BF0D003A3ACF /* GameOfThronesApp.swift */; };
		B95616E624C8BF0F003A3ACF /* Assets.xcassets in Resources */ = {isa = PBXBuildFile; fileRef = B95616D224C8BF0F003A3ACF /* Assets.xcassets */; };
		B95616E724C8BF0F003A3ACF /* Assets.xcassets in Resources */ = {isa = PBXBuildFile; fileRef = B95616D224C8BF0F003A3ACF /* Assets.xcassets */; };
		B95616EE24C8C7FD003A3ACF /* HouseDataModel.swift in Sources */ = {isa = PBXBuildFile; fileRef = B9E03ABD23032FD600E2B3F5 /* HouseDataModel.swift */; };
		B95616EF24C8C7FD003A3ACF /* APIServiceError.swift in Sources */ = {isa = PBXBuildFile; fileRef = B9E03AC023032FD600E2B3F5 /* APIServiceError.swift */; };
		B95616F024C8C7FD003A3ACF /* HouseResponseModel.swift in Sources */ = {isa = PBXBuildFile; fileRef = B9E03ABE23032FD600E2B3F5 /* HouseResponseModel.swift */; };
		B95616F124C8C7FD003A3ACF /* HouseDataModelConvertibleError.swift in Sources */ = {isa = PBXBuildFile; fileRef = B9E03ABF23032FD600E2B3F5 /* HouseDataModelConvertibleError.swift */; };
		B95616F224C8C7FD003A3ACF /* HouseResponseModel+HouseDataModelConvertible.swift in Sources */ = {isa = PBXBuildFile; fileRef = B9E03AC123032FD600E2B3F5 /* HouseResponseModel+HouseDataModelConvertible.swift */; };
		B95616F324C8C7FD003A3ACF /* HouseDataModel.swift in Sources */ = {isa = PBXBuildFile; fileRef = B9E03ABD23032FD600E2B3F5 /* HouseDataModel.swift */; };
		B95616F424C8C7FD003A3ACF /* APIServiceError.swift in Sources */ = {isa = PBXBuildFile; fileRef = B9E03AC023032FD600E2B3F5 /* APIServiceError.swift */; };
		B95616F524C8C7FD003A3ACF /* HouseResponseModel.swift in Sources */ = {isa = PBXBuildFile; fileRef = B9E03ABE23032FD600E2B3F5 /* HouseResponseModel.swift */; };
		B95616F624C8C7FD003A3ACF /* HouseDataModelConvertibleError.swift in Sources */ = {isa = PBXBuildFile; fileRef = B9E03ABF23032FD600E2B3F5 /* HouseDataModelConvertibleError.swift */; };
		B95616F724C8C7FD003A3ACF /* HouseResponseModel+HouseDataModelConvertible.swift in Sources */ = {isa = PBXBuildFile; fileRef = B9E03AC123032FD600E2B3F5 /* HouseResponseModel+HouseDataModelConvertible.swift */; };
		B95616F824C8C801003A3ACF /* HouseDataModelConvertible.swift in Sources */ = {isa = PBXBuildFile; fileRef = B9E03AC723032FDD00E2B3F5 /* HouseDataModelConvertible.swift */; };
		B95616F924C8C801003A3ACF /* HouseDataModelConvertible.swift in Sources */ = {isa = PBXBuildFile; fileRef = B9E03AC723032FDD00E2B3F5 /* HouseDataModelConvertible.swift */; };
		B95616FA24C8C805003A3ACF /* APIService.swift in Sources */ = {isa = PBXBuildFile; fileRef = B9E03AC923032FE300E2B3F5 /* APIService.swift */; };
		B95616FB24C8C805003A3ACF /* APIService.swift in Sources */ = {isa = PBXBuildFile; fileRef = B9E03AC923032FE300E2B3F5 /* APIService.swift */; };
		B95616FC24C8C808003A3ACF /* HouseMetadataModel.swift in Sources */ = {isa = PBXBuildFile; fileRef = B9E03ACB23032FEA00E2B3F5 /* HouseMetadataModel.swift */; };
		B95616FD24C8C808003A3ACF /* HouseMetadataModel.swift in Sources */ = {isa = PBXBuildFile; fileRef = B9E03ACB23032FEA00E2B3F5 /* HouseMetadataModel.swift */; };
		B956170024C8C812003A3ACF /* HouseSwornMembersView.swift in Sources */ = {isa = PBXBuildFile; fileRef = B9E03AD02303343100E2B3F5 /* HouseSwornMembersView.swift */; };
		B956170124C8C812003A3ACF /* HouseAncestralWeaponsView.swift in Sources */ = {isa = PBXBuildFile; fileRef = B9E03AD42303343100E2B3F5 /* HouseAncestralWeaponsView.swift */; };
		B956170224C8C812003A3ACF /* HouseCadetBranchesView.swift in Sources */ = {isa = PBXBuildFile; fileRef = B9E03AD32303343100E2B3F5 /* HouseCadetBranchesView.swift */; };
		B956170324C8C812003A3ACF /* HouseFactsView.swift in Sources */ = {isa = PBXBuildFile; fileRef = B9E03AD22303343100E2B3F5 /* HouseFactsView.swift */; };
		B956170424C8C812003A3ACF /* HouseTitlesView.swift in Sources */ = {isa = PBXBuildFile; fileRef = B9E03ACF2303343100E2B3F5 /* HouseTitlesView.swift */; };
		B956170524C8C812003A3ACF /* HouseSeatsView.swift in Sources */ = {isa = PBXBuildFile; fileRef = B9E03AD12303343100E2B3F5 /* HouseSeatsView.swift */; };
		B956170624C8C813003A3ACF /* HouseSwornMembersView.swift in Sources */ = {isa = PBXBuildFile; fileRef = B9E03AD02303343100E2B3F5 /* HouseSwornMembersView.swift */; };
		B956170724C8C813003A3ACF /* HouseAncestralWeaponsView.swift in Sources */ = {isa = PBXBuildFile; fileRef = B9E03AD42303343100E2B3F5 /* HouseAncestralWeaponsView.swift */; };
		B956170824C8C813003A3ACF /* HouseCadetBranchesView.swift in Sources */ = {isa = PBXBuildFile; fileRef = B9E03AD32303343100E2B3F5 /* HouseCadetBranchesView.swift */; };
		B956170924C8C813003A3ACF /* HouseFactsView.swift in Sources */ = {isa = PBXBuildFile; fileRef = B9E03AD22303343100E2B3F5 /* HouseFactsView.swift */; };
		B956170A24C8C813003A3ACF /* HouseTitlesView.swift in Sources */ = {isa = PBXBuildFile; fileRef = B9E03ACF2303343100E2B3F5 /* HouseTitlesView.swift */; };
		B956170B24C8C813003A3ACF /* HouseSeatsView.swift in Sources */ = {isa = PBXBuildFile; fileRef = B9E03AD12303343100E2B3F5 /* HouseSeatsView.swift */; };
		B956171824C8C81B003A3ACF /* HouseListError.swift in Sources */ = {isa = PBXBuildFile; fileRef = B9BA37A023096E3300D3CCA8 /* HouseListError.swift */; };
		B956171D24C8C81C003A3ACF /* HouseListError.swift in Sources */ = {isa = PBXBuildFile; fileRef = B9BA37A023096E3300D3CCA8 /* HouseListError.swift */; };
		B956171F24C8C82F003A3ACF /* AdvancedList in Frameworks */ = {isa = PBXBuildFile; productRef = B956171E24C8C82F003A3ACF /* AdvancedList */; };
		B956172124C8C836003A3ACF /* AdvancedList in Frameworks */ = {isa = PBXBuildFile; productRef = B956172024C8C836003A3ACF /* AdvancedList */; };
		B956172724C8EBC3003A3ACF /* PrimaryView.swift in Sources */ = {isa = PBXBuildFile; fileRef = B956172624C8EBC3003A3ACF /* PrimaryView.swift */; };
		B956172824C8EBC3003A3ACF /* PrimaryView.swift in Sources */ = {isa = PBXBuildFile; fileRef = B956172624C8EBC3003A3ACF /* PrimaryView.swift */; };
		B956172D24C8ED08003A3ACF /* NavigationItem.swift in Sources */ = {isa = PBXBuildFile; fileRef = B956172C24C8ED08003A3ACF /* NavigationItem.swift */; };
		B956172E24C8ED08003A3ACF /* NavigationItem.swift in Sources */ = {isa = PBXBuildFile; fileRef = B956172C24C8ED08003A3ACF /* NavigationItem.swift */; };
		B9DD1A4224CDD7FC00E3C35F /* Sidebar.swift in Sources */ = {isa = PBXBuildFile; fileRef = B956172324C8EB70003A3ACF /* Sidebar.swift */; };
		B9DD1A4924CE240D00E3C35F /* Sidebar.swift in Sources */ = {isa = PBXBuildFile; fileRef = B956172324C8EB70003A3ACF /* Sidebar.swift */; };
		B9DD1A5424CE326500E3C35F /* DetailView.swift in Sources */ = {isa = PBXBuildFile; fileRef = B9DD1A5324CE326500E3C35F /* DetailView.swift */; };
		B9DD1A5524CE326500E3C35F /* DetailView.swift in Sources */ = {isa = PBXBuildFile; fileRef = B9DD1A5324CE326500E3C35F /* DetailView.swift */; };
/* End PBXBuildFile section */

/* Begin PBXFileReference section */
		B92B64EA26DB92E1004EB679 /* HouseListAction.swift */ = {isa = PBXFileReference; lastKnownFileType = sourcecode.swift; path = HouseListAction.swift; sourceTree = "<group>"; };
		B92B64EB26DB92E1004EB679 /* HouseListState+view.swift */ = {isa = PBXFileReference; lastKnownFileType = sourcecode.swift; path = "HouseListState+view.swift"; sourceTree = "<group>"; };
		B92B64EC26DB92E1004EB679 /* HouseListView.Action+feature.swift */ = {isa = PBXFileReference; lastKnownFileType = sourcecode.swift; path = "HouseListView.Action+feature.swift"; sourceTree = "<group>"; };
		B92B64ED26DB92E1004EB679 /* HouseListView+Action.swift */ = {isa = PBXFileReference; lastKnownFileType = sourcecode.swift; path = "HouseListView+Action.swift"; sourceTree = "<group>"; };
		B92B64EE26DB92E1004EB679 /* HouseListView.swift */ = {isa = PBXFileReference; lastKnownFileType = sourcecode.swift; path = HouseListView.swift; sourceTree = "<group>"; };
		B92B64EF26DB92E1004EB679 /* HouseListEnvironment.swift */ = {isa = PBXFileReference; lastKnownFileType = sourcecode.swift; path = HouseListEnvironment.swift; sourceTree = "<group>"; };
		B92B64F026DB92E1004EB679 /* HouseListView+State.swift */ = {isa = PBXFileReference; lastKnownFileType = sourcecode.swift; path = "HouseListView+State.swift"; sourceTree = "<group>"; };
		B92B64F126DB92E1004EB679 /* HouseListReducer.swift */ = {isa = PBXFileReference; lastKnownFileType = sourcecode.swift; path = HouseListReducer.swift; sourceTree = "<group>"; };
		B92B64F226DB92E1004EB679 /* HouseListState.swift */ = {isa = PBXFileReference; lastKnownFileType = sourcecode.swift; path = HouseListState.swift; sourceTree = "<group>"; };
		B92B650626DB963C004EB679 /* HouseListRowAction.swift */ = {isa = PBXFileReference; lastKnownFileType = sourcecode.swift; path = HouseListRowAction.swift; sourceTree = "<group>"; };
		B92B650726DB963C004EB679 /* HouseListRowState+view.swift */ = {isa = PBXFileReference; lastKnownFileType = sourcecode.swift; path = "HouseListRowState+view.swift"; sourceTree = "<group>"; };
		B92B650826DB963C004EB679 /* HouseListRowView.Action+feature.swift */ = {isa = PBXFileReference; lastKnownFileType = sourcecode.swift; path = "HouseListRowView.Action+feature.swift"; sourceTree = "<group>"; };
		B92B650926DB963C004EB679 /* HouseListRowView+Action.swift */ = {isa = PBXFileReference; lastKnownFileType = sourcecode.swift; path = "HouseListRowView+Action.swift"; sourceTree = "<group>"; };
		B92B650A26DB963C004EB679 /* HouseListRowView.swift */ = {isa = PBXFileReference; lastKnownFileType = sourcecode.swift; path = HouseListRowView.swift; sourceTree = "<group>"; };
		B92B650B26DB963C004EB679 /* HouseListRowEnvironment.swift */ = {isa = PBXFileReference; lastKnownFileType = sourcecode.swift; path = HouseListRowEnvironment.swift; sourceTree = "<group>"; };
		B92B650C26DB963C004EB679 /* HouseListRowView+State.swift */ = {isa = PBXFileReference; lastKnownFileType = sourcecode.swift; path = "HouseListRowView+State.swift"; sourceTree = "<group>"; };
		B92B650D26DB963C004EB679 /* HouseListRowReducer.swift */ = {isa = PBXFileReference; lastKnownFileType = sourcecode.swift; path = HouseListRowReducer.swift; sourceTree = "<group>"; };
		B92B650E26DB963C004EB679 /* HouseListRowState.swift */ = {isa = PBXFileReference; lastKnownFileType = sourcecode.swift; path = HouseListRowState.swift; sourceTree = "<group>"; };
		B92B651926DC24FD004EB679 /* HouseDetailAction.swift */ = {isa = PBXFileReference; lastKnownFileType = sourcecode.swift; path = HouseDetailAction.swift; sourceTree = "<group>"; };
		B92B651A26DC24FD004EB679 /* HouseDetailState+view.swift */ = {isa = PBXFileReference; lastKnownFileType = sourcecode.swift; path = "HouseDetailState+view.swift"; sourceTree = "<group>"; };
		B92B651B26DC24FD004EB679 /* HouseDetailView.Action+feature.swift */ = {isa = PBXFileReference; lastKnownFileType = sourcecode.swift; path = "HouseDetailView.Action+feature.swift"; sourceTree = "<group>"; };
		B92B651C26DC24FD004EB679 /* HouseDetailView+Action.swift */ = {isa = PBXFileReference; lastKnownFileType = sourcecode.swift; path = "HouseDetailView+Action.swift"; sourceTree = "<group>"; };
		B92B651D26DC24FD004EB679 /* HouseDetailView.swift */ = {isa = PBXFileReference; lastKnownFileType = sourcecode.swift; path = HouseDetailView.swift; sourceTree = "<group>"; };
		B92B651E26DC24FD004EB679 /* HouseDetailEnvironment.swift */ = {isa = PBXFileReference; lastKnownFileType = sourcecode.swift; path = HouseDetailEnvironment.swift; sourceTree = "<group>"; };
		B92B651F26DC24FD004EB679 /* HouseDetailView+State.swift */ = {isa = PBXFileReference; lastKnownFileType = sourcecode.swift; path = "HouseDetailView+State.swift"; sourceTree = "<group>"; };
		B92B652026DC24FD004EB679 /* HouseDetailReducer.swift */ = {isa = PBXFileReference; lastKnownFileType = sourcecode.swift; path = HouseDetailReducer.swift; sourceTree = "<group>"; };
		B92B652126DC24FD004EB679 /* HouseDetailState.swift */ = {isa = PBXFileReference; lastKnownFileType = sourcecode.swift; path = HouseDetailState.swift; sourceTree = "<group>"; };
		B943C44A230336DF00E1BBA0 /* README.md */ = {isa = PBXFileReference; lastKnownFileType = net.daringfireball.markdown; path = README.md; sourceTree = "<group>"; };
		B95616D024C8BF0D003A3ACF /* GameOfThronesApp.swift */ = {isa = PBXFileReference; lastKnownFileType = sourcecode.swift; path = GameOfThronesApp.swift; sourceTree = "<group>"; };
		B95616D224C8BF0F003A3ACF /* Assets.xcassets */ = {isa = PBXFileReference; lastKnownFileType = folder.assetcatalog; path = Assets.xcassets; sourceTree = "<group>"; };
		B95616D724C8BF0F003A3ACF /* GameOfThrones.app */ = {isa = PBXFileReference; explicitFileType = wrapper.application; includeInIndex = 0; path = GameOfThrones.app; sourceTree = BUILT_PRODUCTS_DIR; };
		B95616D924C8BF0F003A3ACF /* Info.plist */ = {isa = PBXFileReference; lastKnownFileType = text.plist.xml; path = Info.plist; sourceTree = "<group>"; };
		B95616DE24C8BF0F003A3ACF /* GameOfThrones.app */ = {isa = PBXFileReference; explicitFileType = wrapper.application; includeInIndex = 0; path = GameOfThrones.app; sourceTree = BUILT_PRODUCTS_DIR; };
		B95616E024C8BF0F003A3ACF /* Info.plist */ = {isa = PBXFileReference; lastKnownFileType = text.plist.xml; path = Info.plist; sourceTree = "<group>"; };
		B95616E124C8BF0F003A3ACF /* macOS.entitlements */ = {isa = PBXFileReference; lastKnownFileType = text.plist.entitlements; path = macOS.entitlements; sourceTree = "<group>"; };
		B956172324C8EB70003A3ACF /* Sidebar.swift */ = {isa = PBXFileReference; lastKnownFileType = sourcecode.swift; path = Sidebar.swift; sourceTree = "<group>"; };
		B956172624C8EBC3003A3ACF /* PrimaryView.swift */ = {isa = PBXFileReference; lastKnownFileType = sourcecode.swift; path = PrimaryView.swift; sourceTree = "<group>"; };
		B956172C24C8ED08003A3ACF /* NavigationItem.swift */ = {isa = PBXFileReference; lastKnownFileType = sourcecode.swift; path = NavigationItem.swift; sourceTree = "<group>"; };
		B98956B726DD80EC00FE3277 /* Game-of-Thrones-SwiftUI.gif */ = {isa = PBXFileReference; lastKnownFileType = image.gif; path = "Game-of-Thrones-SwiftUI.gif"; sourceTree = "<group>"; };
		B9BA37A023096E3300D3CCA8 /* HouseListError.swift */ = {isa = PBXFileReference; lastKnownFileType = sourcecode.swift; path = HouseListError.swift; sourceTree = "<group>"; };
		B9DD1A5324CE326500E3C35F /* DetailView.swift */ = {isa = PBXFileReference; lastKnownFileType = sourcecode.swift; path = DetailView.swift; sourceTree = "<group>"; };
		B9E03ABD23032FD600E2B3F5 /* HouseDataModel.swift */ = {isa = PBXFileReference; fileEncoding = 4; lastKnownFileType = sourcecode.swift; path = HouseDataModel.swift; sourceTree = "<group>"; };
		B9E03ABE23032FD600E2B3F5 /* HouseResponseModel.swift */ = {isa = PBXFileReference; fileEncoding = 4; lastKnownFileType = sourcecode.swift; path = HouseResponseModel.swift; sourceTree = "<group>"; };
		B9E03ABF23032FD600E2B3F5 /* HouseDataModelConvertibleError.swift */ = {isa = PBXFileReference; fileEncoding = 4; lastKnownFileType = sourcecode.swift; path = HouseDataModelConvertibleError.swift; sourceTree = "<group>"; };
		B9E03AC023032FD600E2B3F5 /* APIServiceError.swift */ = {isa = PBXFileReference; fileEncoding = 4; lastKnownFileType = sourcecode.swift; path = APIServiceError.swift; sourceTree = "<group>"; };
		B9E03AC123032FD600E2B3F5 /* HouseResponseModel+HouseDataModelConvertible.swift */ = {isa = PBXFileReference; fileEncoding = 4; lastKnownFileType = sourcecode.swift; path = "HouseResponseModel+HouseDataModelConvertible.swift"; sourceTree = "<group>"; };
		B9E03AC723032FDD00E2B3F5 /* HouseDataModelConvertible.swift */ = {isa = PBXFileReference; fileEncoding = 4; lastKnownFileType = sourcecode.swift; path = HouseDataModelConvertible.swift; sourceTree = "<group>"; };
		B9E03AC923032FE300E2B3F5 /* APIService.swift */ = {isa = PBXFileReference; fileEncoding = 4; lastKnownFileType = sourcecode.swift; path = APIService.swift; sourceTree = "<group>"; };
		B9E03ACB23032FEA00E2B3F5 /* HouseMetadataModel.swift */ = {isa = PBXFileReference; fileEncoding = 4; lastKnownFileType = sourcecode.swift; path = HouseMetadataModel.swift; sourceTree = "<group>"; };
		B9E03ACF2303343100E2B3F5 /* HouseTitlesView.swift */ = {isa = PBXFileReference; fileEncoding = 4; lastKnownFileType = sourcecode.swift; path = HouseTitlesView.swift; sourceTree = "<group>"; };
		B9E03AD02303343100E2B3F5 /* HouseSwornMembersView.swift */ = {isa = PBXFileReference; fileEncoding = 4; lastKnownFileType = sourcecode.swift; path = HouseSwornMembersView.swift; sourceTree = "<group>"; };
		B9E03AD12303343100E2B3F5 /* HouseSeatsView.swift */ = {isa = PBXFileReference; fileEncoding = 4; lastKnownFileType = sourcecode.swift; path = HouseSeatsView.swift; sourceTree = "<group>"; };
		B9E03AD22303343100E2B3F5 /* HouseFactsView.swift */ = {isa = PBXFileReference; fileEncoding = 4; lastKnownFileType = sourcecode.swift; path = HouseFactsView.swift; sourceTree = "<group>"; };
		B9E03AD32303343100E2B3F5 /* HouseCadetBranchesView.swift */ = {isa = PBXFileReference; fileEncoding = 4; lastKnownFileType = sourcecode.swift; path = HouseCadetBranchesView.swift; sourceTree = "<group>"; };
		B9E03AD42303343100E2B3F5 /* HouseAncestralWeaponsView.swift */ = {isa = PBXFileReference; fileEncoding = 4; lastKnownFileType = sourcecode.swift; path = HouseAncestralWeaponsView.swift; sourceTree = "<group>"; };
/* End PBXFileReference section */

/* Begin PBXFrameworksBuildPhase section */
		B95616D424C8BF0F003A3ACF /* Frameworks */ = {
			isa = PBXFrameworksBuildPhase;
			buildActionMask = 2147483647;
			files = (
				B92B64E826DB9113004EB679 /* ComposableArchitecture in Frameworks */,
				B956172124C8C836003A3ACF /* AdvancedList in Frameworks */,
			);
			runOnlyForDeploymentPostprocessing = 0;
		};
		B95616DB24C8BF0F003A3ACF /* Frameworks */ = {
			isa = PBXFrameworksBuildPhase;
			buildActionMask = 2147483647;
			files = (
				B92B653E26DC3B42004EB679 /* ComposableArchitecture in Frameworks */,
				B956171F24C8C82F003A3ACF /* AdvancedList in Frameworks */,
			);
			runOnlyForDeploymentPostprocessing = 0;
		};
/* End PBXFrameworksBuildPhase section */

/* Begin PBXGroup section */
		B91CAD612305AB6400EB67B1 /* Frameworks */ = {
			isa = PBXGroup;
			children = (
			);
			name = Frameworks;
			sourceTree = "<group>";
		};
		B92B650526DB962A004EB679 /* Row */ = {
			isa = PBXGroup;
			children = (
				B92B650626DB963C004EB679 /* HouseListRowAction.swift */,
				B92B650B26DB963C004EB679 /* HouseListRowEnvironment.swift */,
				B92B650D26DB963C004EB679 /* HouseListRowReducer.swift */,
				B92B650E26DB963C004EB679 /* HouseListRowState.swift */,
				B92B650726DB963C004EB679 /* HouseListRowState+view.swift */,
				B92B650826DB963C004EB679 /* HouseListRowView.Action+feature.swift */,
				B92B650A26DB963C004EB679 /* HouseListRowView.swift */,
				B92B650926DB963C004EB679 /* HouseListRowView+Action.swift */,
				B92B650C26DB963C004EB679 /* HouseListRowView+State.swift */,
			);
			path = Row;
			sourceTree = "<group>";
		};
		B95616CF24C8BF0D003A3ACF /* Shared */ = {
			isa = PBXGroup;
			children = (
				B9E03AB123032E6D00E2B3F5 /* Global */,
				B9E03AB023032E6700E2B3F5 /* Features */,
				B95616D024C8BF0D003A3ACF /* GameOfThronesApp.swift */,
				B95616D224C8BF0F003A3ACF /* Assets.xcassets */,
			);
			path = Shared;
			sourceTree = "<group>";
		};
		B95616D824C8BF0F003A3ACF /* iOS */ = {
			isa = PBXGroup;
			children = (
				B95616D924C8BF0F003A3ACF /* Info.plist */,
			);
			path = iOS;
			sourceTree = "<group>";
		};
		B95616DF24C8BF0F003A3ACF /* macOS */ = {
			isa = PBXGroup;
			children = (
				B95616E024C8BF0F003A3ACF /* Info.plist */,
				B95616E124C8BF0F003A3ACF /* macOS.entitlements */,
			);
			path = macOS;
			sourceTree = "<group>";
		};
		B956172224C8EB5D003A3ACF /* Views */ = {
			isa = PBXGroup;
			children = (
				B956172324C8EB70003A3ACF /* Sidebar.swift */,
				B956172624C8EBC3003A3ACF /* PrimaryView.swift */,
				B9DD1A5324CE326500E3C35F /* DetailView.swift */,
			);
			path = Views;
			sourceTree = "<group>";
		};
		B9E03A9023032E4000E2B3F5 = {
			isa = PBXGroup;
			children = (
				B98956B726DD80EC00FE3277 /* Game-of-Thrones-SwiftUI.gif */,
				B943C44A230336DF00E1BBA0 /* README.md */,
				B95616CF24C8BF0D003A3ACF /* Shared */,
				B95616D824C8BF0F003A3ACF /* iOS */,
				B95616DF24C8BF0F003A3ACF /* macOS */,
				B9E03A9A23032E4000E2B3F5 /* Products */,
				B91CAD612305AB6400EB67B1 /* Frameworks */,
			);
			sourceTree = "<group>";
		};
		B9E03A9A23032E4000E2B3F5 /* Products */ = {
			isa = PBXGroup;
			children = (
				B95616D724C8BF0F003A3ACF /* GameOfThrones.app */,
				B95616DE24C8BF0F003A3ACF /* GameOfThrones.app */,
			);
			name = Products;
			sourceTree = "<group>";
		};
		B9E03AB023032E6700E2B3F5 /* Features */ = {
			isa = PBXGroup;
			children = (
				B9E03AB223032E7700E2B3F5 /* HouseDetail */,
				B9E03AB323032E7D00E2B3F5 /* HouseList */,
			);
			path = Features;
			sourceTree = "<group>";
		};
		B9E03AB123032E6D00E2B3F5 /* Global */ = {
			isa = PBXGroup;
			children = (
				B9E03AB423032E8800E2B3F5 /* Models */,
				B9E03AB523032E8D00E2B3F5 /* Protocols */,
				B9E03AB623032E9400E2B3F5 /* Services */,
				B956172224C8EB5D003A3ACF /* Views */,
			);
			path = Global;
			sourceTree = "<group>";
		};
		B9E03AB223032E7700E2B3F5 /* HouseDetail */ = {
			isa = PBXGroup;
			children = (
				B9E03AB923032EB300E2B3F5 /* Views */,
				B92B651926DC24FD004EB679 /* HouseDetailAction.swift */,
				B92B651E26DC24FD004EB679 /* HouseDetailEnvironment.swift */,
				B92B652026DC24FD004EB679 /* HouseDetailReducer.swift */,
				B92B652126DC24FD004EB679 /* HouseDetailState.swift */,
				B92B651A26DC24FD004EB679 /* HouseDetailState+view.swift */,
				B92B651B26DC24FD004EB679 /* HouseDetailView.Action+feature.swift */,
				B92B651D26DC24FD004EB679 /* HouseDetailView.swift */,
				B92B651C26DC24FD004EB679 /* HouseDetailView+Action.swift */,
				B92B651F26DC24FD004EB679 /* HouseDetailView+State.swift */,
			);
			path = HouseDetail;
			sourceTree = "<group>";
		};
		B9E03AB323032E7D00E2B3F5 /* HouseList */ = {
			isa = PBXGroup;
			children = (
				B92B650526DB962A004EB679 /* Row */,
				B92B64EA26DB92E1004EB679 /* HouseListAction.swift */,
				B92B64EF26DB92E1004EB679 /* HouseListEnvironment.swift */,
				B9BA37A023096E3300D3CCA8 /* HouseListError.swift */,
				B92B64F126DB92E1004EB679 /* HouseListReducer.swift */,
				B92B64F226DB92E1004EB679 /* HouseListState.swift */,
				B92B64EB26DB92E1004EB679 /* HouseListState+view.swift */,
				B92B64EC26DB92E1004EB679 /* HouseListView.Action+feature.swift */,
				B92B64EE26DB92E1004EB679 /* HouseListView.swift */,
				B92B64ED26DB92E1004EB679 /* HouseListView+Action.swift */,
				B92B64F026DB92E1004EB679 /* HouseListView+State.swift */,
			);
			path = HouseList;
			sourceTree = "<group>";
		};
		B9E03AB423032E8800E2B3F5 /* Models */ = {
			isa = PBXGroup;
			children = (
				B9E03AC023032FD600E2B3F5 /* APIServiceError.swift */,
				B9E03ABD23032FD600E2B3F5 /* HouseDataModel.swift */,
				B9E03ABF23032FD600E2B3F5 /* HouseDataModelConvertibleError.swift */,
				B9E03ACB23032FEA00E2B3F5 /* HouseMetadataModel.swift */,
				B9E03ABE23032FD600E2B3F5 /* HouseResponseModel.swift */,
				B9E03AC123032FD600E2B3F5 /* HouseResponseModel+HouseDataModelConvertible.swift */,
				B956172C24C8ED08003A3ACF /* NavigationItem.swift */,
			);
			path = Models;
			sourceTree = "<group>";
		};
		B9E03AB523032E8D00E2B3F5 /* Protocols */ = {
			isa = PBXGroup;
			children = (
				B9E03AC723032FDD00E2B3F5 /* HouseDataModelConvertible.swift */,
			);
			path = Protocols;
			sourceTree = "<group>";
		};
		B9E03AB623032E9400E2B3F5 /* Services */ = {
			isa = PBXGroup;
			children = (
				B9E03AC923032FE300E2B3F5 /* APIService.swift */,
			);
			path = Services;
			sourceTree = "<group>";
		};
		B9E03AB923032EB300E2B3F5 /* Views */ = {
			isa = PBXGroup;
			children = (
				B9E03AD42303343100E2B3F5 /* HouseAncestralWeaponsView.swift */,
				B9E03AD32303343100E2B3F5 /* HouseCadetBranchesView.swift */,
				B9E03AD22303343100E2B3F5 /* HouseFactsView.swift */,
				B9E03AD12303343100E2B3F5 /* HouseSeatsView.swift */,
				B9E03AD02303343100E2B3F5 /* HouseSwornMembersView.swift */,
				B9E03ACF2303343100E2B3F5 /* HouseTitlesView.swift */,
			);
			path = Views;
			sourceTree = "<group>";
		};
/* End PBXGroup section */

/* Begin PBXNativeTarget section */
		B95616D624C8BF0F003A3ACF /* GameOfThrones (iOS) */ = {
			isa = PBXNativeTarget;
			buildConfigurationList = B95616E824C8BF0F003A3ACF /* Build configuration list for PBXNativeTarget "GameOfThrones (iOS)" */;
			buildPhases = (
				B95616D324C8BF0F003A3ACF /* Sources */,
				B95616D424C8BF0F003A3ACF /* Frameworks */,
				B95616D524C8BF0F003A3ACF /* Resources */,
			);
			buildRules = (
			);
			dependencies = (
			);
			name = "GameOfThrones (iOS)";
			packageProductDependencies = (
				B956172024C8C836003A3ACF /* AdvancedList */,
				B92B64E726DB9113004EB679 /* ComposableArchitecture */,
			);
			productName = "GameOfThrones (iOS)";
			productReference = B95616D724C8BF0F003A3ACF /* GameOfThrones.app */;
			productType = "com.apple.product-type.application";
		};
		B95616DD24C8BF0F003A3ACF /* GameOfThrones (macOS) */ = {
			isa = PBXNativeTarget;
			buildConfigurationList = B95616EB24C8BF0F003A3ACF /* Build configuration list for PBXNativeTarget "GameOfThrones (macOS)" */;
			buildPhases = (
				B95616DA24C8BF0F003A3ACF /* Sources */,
				B95616DB24C8BF0F003A3ACF /* Frameworks */,
				B95616DC24C8BF0F003A3ACF /* Resources */,
			);
			buildRules = (
			);
			dependencies = (
			);
			name = "GameOfThrones (macOS)";
			packageProductDependencies = (
				B956171E24C8C82F003A3ACF /* AdvancedList */,
				B92B653D26DC3B42004EB679 /* ComposableArchitecture */,
			);
			productName = "GameOfThrones (macOS)";
			productReference = B95616DE24C8BF0F003A3ACF /* GameOfThrones.app */;
			productType = "com.apple.product-type.application";
		};
/* End PBXNativeTarget section */

/* Begin PBXProject section */
		B9E03A9123032E4000E2B3F5 /* Project object */ = {
			isa = PBXProject;
			attributes = {
				LastSwiftUpdateCheck = 1200;
				LastUpgradeCheck = 1200;
				ORGANIZATIONNAME = "Christian Elies";
				TargetAttributes = {
					B95616D624C8BF0F003A3ACF = {
						CreatedOnToolsVersion = 12.0;
					};
					B95616DD24C8BF0F003A3ACF = {
						CreatedOnToolsVersion = 12.0;
					};
				};
			};
			buildConfigurationList = B9E03A9423032E4000E2B3F5 /* Build configuration list for PBXProject "Game-of-Thrones-SwiftUI" */;
			compatibilityVersion = "Xcode 9.3";
			developmentRegion = en;
			hasScannedForEncodings = 0;
			knownRegions = (
				en,
				Base,
			);
			mainGroup = B9E03A9023032E4000E2B3F5;
			packageReferences = (
				B91CAD642306B5F300EB67B1 /* XCRemoteSwiftPackageReference "AdvancedList" */,
				B92B64E626DB9113004EB679 /* XCRemoteSwiftPackageReference "swift-composable-architecture" */,
			);
			productRefGroup = B9E03A9A23032E4000E2B3F5 /* Products */;
			projectDirPath = "";
			projectRoot = "";
			targets = (
				B95616D624C8BF0F003A3ACF /* GameOfThrones (iOS) */,
				B95616DD24C8BF0F003A3ACF /* GameOfThrones (macOS) */,
			);
		};
/* End PBXProject section */

/* Begin PBXResourcesBuildPhase section */
		B95616D524C8BF0F003A3ACF /* Resources */ = {
			isa = PBXResourcesBuildPhase;
			buildActionMask = 2147483647;
			files = (
				B95616E624C8BF0F003A3ACF /* Assets.xcassets in Resources */,
			);
			runOnlyForDeploymentPostprocessing = 0;
		};
		B95616DC24C8BF0F003A3ACF /* Resources */ = {
			isa = PBXResourcesBuildPhase;
			buildActionMask = 2147483647;
			files = (
				B95616E724C8BF0F003A3ACF /* Assets.xcassets in Resources */,
			);
			runOnlyForDeploymentPostprocessing = 0;
		};
/* End PBXResourcesBuildPhase section */

/* Begin PBXSourcesBuildPhase section */
		B95616D324C8BF0F003A3ACF /* Sources */ = {
			isa = PBXSourcesBuildPhase;
			buildActionMask = 2147483647;
			files = (
				B92B64F726DB92E1004EB679 /* HouseListView.Action+feature.swift in Sources */,
				B95616F024C8C7FD003A3ACF /* HouseResponseModel.swift in Sources */,
				B92B651726DB963C004EB679 /* HouseListRowState.swift in Sources */,
				B956170224C8C812003A3ACF /* HouseCadetBranchesView.swift in Sources */,
				B956170424C8C812003A3ACF /* HouseTitlesView.swift in Sources */,
				B92B650126DB92E1004EB679 /* HouseListReducer.swift in Sources */,
				B92B64FF26DB92E1004EB679 /* HouseListView+State.swift in Sources */,
				B92B650326DB92E1004EB679 /* HouseListState.swift in Sources */,
				B92B651526DB963C004EB679 /* HouseListRowView+State.swift in Sources */,
				B95616EF24C8C7FD003A3ACF /* APIServiceError.swift in Sources */,
				B92B64F326DB92E1004EB679 /* HouseListAction.swift in Sources */,
				B92B651226DB963C004EB679 /* HouseListRowView+Action.swift in Sources */,
				B95616F124C8C7FD003A3ACF /* HouseDataModelConvertibleError.swift in Sources */,
				B92B652226DC24FD004EB679 /* HouseDetailAction.swift in Sources */,
				B92B651126DB963C004EB679 /* HouseListRowView.Action+feature.swift in Sources */,
				B92B651626DB963C004EB679 /* HouseListRowReducer.swift in Sources */,
				B92B652926DC24FD004EB679 /* HouseDetailReducer.swift in Sources */,
				B92B652326DC24FD004EB679 /* HouseDetailState+view.swift in Sources */,
				B92B652826DC24FD004EB679 /* HouseDetailView+State.swift in Sources */,
				B956170024C8C812003A3ACF /* HouseSwornMembersView.swift in Sources */,
				B92B64FD26DB92E1004EB679 /* HouseListEnvironment.swift in Sources */,
				B92B652626DC24FD004EB679 /* HouseDetailView.swift in Sources */,
				B956172724C8EBC3003A3ACF /* PrimaryView.swift in Sources */,
				B956170324C8C812003A3ACF /* HouseFactsView.swift in Sources */,
				B956170124C8C812003A3ACF /* HouseAncestralWeaponsView.swift in Sources */,
				B92B651426DB963C004EB679 /* HouseListRowEnvironment.swift in Sources */,
				B95616F224C8C7FD003A3ACF /* HouseResponseModel+HouseDataModelConvertible.swift in Sources */,
				B956170524C8C812003A3ACF /* HouseSeatsView.swift in Sources */,
				B92B650F26DB963C004EB679 /* HouseListRowAction.swift in Sources */,
				B92B651026DB963C004EB679 /* HouseListRowState+view.swift in Sources */,
				B95616E224C8BF0F003A3ACF /* GameOfThronesApp.swift in Sources */,
				B9DD1A5424CE326500E3C35F /* DetailView.swift in Sources */,
				B92B652526DC24FD004EB679 /* HouseDetailView+Action.swift in Sources */,
				B956172D24C8ED08003A3ACF /* NavigationItem.swift in Sources */,
				B95616F824C8C801003A3ACF /* HouseDataModelConvertible.swift in Sources */,
				B956171824C8C81B003A3ACF /* HouseListError.swift in Sources */,
				B95616FA24C8C805003A3ACF /* APIService.swift in Sources */,
				B92B64FB26DB92E1004EB679 /* HouseListView.swift in Sources */,
				B92B64F926DB92E1004EB679 /* HouseListView+Action.swift in Sources */,
				B92B652726DC24FD004EB679 /* HouseDetailEnvironment.swift in Sources */,
				B95616EE24C8C7FD003A3ACF /* HouseDataModel.swift in Sources */,
				B92B652426DC24FD004EB679 /* HouseDetailView.Action+feature.swift in Sources */,
				B92B652A26DC24FD004EB679 /* HouseDetailState.swift in Sources */,
				B92B64F526DB92E1004EB679 /* HouseListState+view.swift in Sources */,
				B95616FC24C8C808003A3ACF /* HouseMetadataModel.swift in Sources */,
				B92B651326DB963C004EB679 /* HouseListRowView.swift in Sources */,
				B9DD1A4924CE240D00E3C35F /* Sidebar.swift in Sources */,
			);
			runOnlyForDeploymentPostprocessing = 0;
		};
		B95616DA24C8BF0F003A3ACF /* Sources */ = {
			isa = PBXSourcesBuildPhase;
			buildActionMask = 2147483647;
			files = (
				B92B653A26DC3B36004EB679 /* HouseListRowView.swift in Sources */,
				B92B64F826DB92E1004EB679 /* HouseListView.Action+feature.swift in Sources */,
				B92B652E26DC3B2B004EB679 /* HouseDetailEnvironment.swift in Sources */,
				B95616F524C8C7FD003A3ACF /* HouseResponseModel.swift in Sources */,
				B956170824C8C813003A3ACF /* HouseCadetBranchesView.swift in Sources */,
				B92B653B26DC3B36004EB679 /* HouseListRowState+view.swift in Sources */,
				B956170A24C8C813003A3ACF /* HouseTitlesView.swift in Sources */,
				B92B652D26DC3B2B004EB679 /* HouseDetailAction.swift in Sources */,
				B92B650226DB92E1004EB679 /* HouseListReducer.swift in Sources */,
				B92B650026DB92E1004EB679 /* HouseListView+State.swift in Sources */,
				B92B650426DB92E1004EB679 /* HouseListState.swift in Sources */,
				B95616F424C8C7FD003A3ACF /* APIServiceError.swift in Sources */,
				B92B653326DC3B2B004EB679 /* HouseDetailView+State.swift in Sources */,
				B92B64F426DB92E1004EB679 /* HouseListAction.swift in Sources */,
				B95616F624C8C7FD003A3ACF /* HouseDataModelConvertibleError.swift in Sources */,
				B92B652B26DC3B2B004EB679 /* HouseDetailView.Action+feature.swift in Sources */,
				B92B653426DC3B36004EB679 /* HouseListRowReducer.swift in Sources */,
				B956170624C8C813003A3ACF /* HouseSwornMembersView.swift in Sources */,
				B92B653C26DC3B36004EB679 /* HouseListRowView+State.swift in Sources */,
				B92B653926DC3B36004EB679 /* HouseListRowState.swift in Sources */,
				B92B653826DC3B36004EB679 /* HouseListRowView+Action.swift in Sources */,
				B92B64FE26DB92E1004EB679 /* HouseListEnvironment.swift in Sources */,
				B956172824C8EBC3003A3ACF /* PrimaryView.swift in Sources */,
				B92B653126DC3B2B004EB679 /* HouseDetailView.swift in Sources */,
				B92B653726DC3B36004EB679 /* HouseListRowAction.swift in Sources */,
				B956170924C8C813003A3ACF /* HouseFactsView.swift in Sources */,
				B92B653526DC3B36004EB679 /* HouseListRowView.Action+feature.swift in Sources */,
				B956170724C8C813003A3ACF /* HouseAncestralWeaponsView.swift in Sources */,
				B95616F724C8C7FD003A3ACF /* HouseResponseModel+HouseDataModelConvertible.swift in Sources */,
				B956170B24C8C813003A3ACF /* HouseSeatsView.swift in Sources */,
				B92B652C26DC3B2B004EB679 /* HouseDetailView+Action.swift in Sources */,
				B95616E324C8BF0F003A3ACF /* GameOfThronesApp.swift in Sources */,
				B9DD1A4224CDD7FC00E3C35F /* Sidebar.swift in Sources */,
				B9DD1A5524CE326500E3C35F /* DetailView.swift in Sources */,
				B956172E24C8ED08003A3ACF /* NavigationItem.swift in Sources */,
				B95616F924C8C801003A3ACF /* HouseDataModelConvertible.swift in Sources */,
				B956171D24C8C81C003A3ACF /* HouseListError.swift in Sources */,
				B92B653226DC3B2B004EB679 /* HouseDetailState+view.swift in Sources */,
				B95616FB24C8C805003A3ACF /* APIService.swift in Sources */,
				B92B64FC26DB92E1004EB679 /* HouseListView.swift in Sources */,
				B92B653026DC3B2B004EB679 /* HouseDetailState.swift in Sources */,
				B92B653626DC3B36004EB679 /* HouseListRowEnvironment.swift in Sources */,
				B92B64FA26DB92E1004EB679 /* HouseListView+Action.swift in Sources */,
				B95616F324C8C7FD003A3ACF /* HouseDataModel.swift in Sources */,
				B92B64F626DB92E1004EB679 /* HouseListState+view.swift in Sources */,
				B95616FD24C8C808003A3ACF /* HouseMetadataModel.swift in Sources */,
				B92B652F26DC3B2B004EB679 /* HouseDetailReducer.swift in Sources */,
			);
			runOnlyForDeploymentPostprocessing = 0;
		};
/* End PBXSourcesBuildPhase section */

/* Begin XCBuildConfiguration section */
		B95616E924C8BF0F003A3ACF /* Debug */ = {
			isa = XCBuildConfiguration;
			buildSettings = {
				ASSETCATALOG_COMPILER_APPICON_NAME = AppIcon;
				ASSETCATALOG_COMPILER_GLOBAL_ACCENT_COLOR_NAME = AccentColor;
				CLANG_WARN_QUOTED_INCLUDE_IN_FRAMEWORK_HEADER = YES;
				CODE_SIGN_IDENTITY = "iPhone Developer";
				CODE_SIGN_STYLE = Manual;
				DEVELOPMENT_TEAM = 766K8ALVVD;
				ENABLE_PREVIEWS = YES;
				INFOPLIST_FILE = iOS/Info.plist;
				LD_RUNPATH_SEARCH_PATHS = (
					"$(inherited)",
					"@executable_path/Frameworks",
				);
				PRODUCT_BUNDLE_IDENTIFIER = de.crelies.GameOfThrones;
				PRODUCT_NAME = GameOfThrones;
				PROVISIONING_PROFILE_SPECIFIER = "match Development de.crelies.*";
				SDKROOT = iphoneos;
				TARGETED_DEVICE_FAMILY = "1,2";
			};
			name = Debug;
		};
		B95616EA24C8BF0F003A3ACF /* Release */ = {
			isa = XCBuildConfiguration;
			buildSettings = {
				ASSETCATALOG_COMPILER_APPICON_NAME = AppIcon;
				ASSETCATALOG_COMPILER_GLOBAL_ACCENT_COLOR_NAME = AccentColor;
				CLANG_WARN_QUOTED_INCLUDE_IN_FRAMEWORK_HEADER = YES;
				CODE_SIGN_IDENTITY = "iPhone Distribution";
				CODE_SIGN_STYLE = Manual;
				DEVELOPMENT_TEAM = 766K8ALVVD;
				ENABLE_PREVIEWS = YES;
				INFOPLIST_FILE = iOS/Info.plist;
				LD_RUNPATH_SEARCH_PATHS = (
					"$(inherited)",
					"@executable_path/Frameworks",
				);
				PRODUCT_BUNDLE_IDENTIFIER = de.crelies.GameOfThrones;
				PRODUCT_NAME = GameOfThrones;
				PROVISIONING_PROFILE_SPECIFIER = "match AdHoc de.crelies.*";
				SDKROOT = iphoneos;
				TARGETED_DEVICE_FAMILY = "1,2";
				VALIDATE_PRODUCT = YES;
			};
			name = Release;
		};
		B95616EC24C8BF0F003A3ACF /* Debug */ = {
			isa = XCBuildConfiguration;
			buildSettings = {
				ASSETCATALOG_COMPILER_APPICON_NAME = AppIcon;
				ASSETCATALOG_COMPILER_GLOBAL_ACCENT_COLOR_NAME = AccentColor;
				CLANG_WARN_QUOTED_INCLUDE_IN_FRAMEWORK_HEADER = YES;
				CODE_SIGN_ENTITLEMENTS = macOS/macOS.entitlements;
				CODE_SIGN_IDENTITY = "-";
				CODE_SIGN_STYLE = Manual;
				COMBINE_HIDPI_IMAGES = YES;
				DEVELOPMENT_TEAM = 766K8ALVVD;
				ENABLE_PREVIEWS = YES;
				INFOPLIST_FILE = macOS/Info.plist;
				LD_RUNPATH_SEARCH_PATHS = (
					"$(inherited)",
					"@executable_path/../Frameworks",
				);
				PRODUCT_BUNDLE_IDENTIFIER = de.crelies.GameOfThrones;
				PRODUCT_NAME = GameOfThrones;
				PROVISIONING_PROFILE_SPECIFIER = "";
				SDKROOT = macosx;
			};
			name = Debug;
		};
		B95616ED24C8BF0F003A3ACF /* Release */ = {
			isa = XCBuildConfiguration;
			buildSettings = {
				ASSETCATALOG_COMPILER_APPICON_NAME = AppIcon;
				ASSETCATALOG_COMPILER_GLOBAL_ACCENT_COLOR_NAME = AccentColor;
				CLANG_WARN_QUOTED_INCLUDE_IN_FRAMEWORK_HEADER = YES;
				CODE_SIGN_ENTITLEMENTS = macOS/macOS.entitlements;
				CODE_SIGN_IDENTITY = "-";
				CODE_SIGN_STYLE = Manual;
				COMBINE_HIDPI_IMAGES = YES;
				DEVELOPMENT_TEAM = 766K8ALVVD;
				ENABLE_PREVIEWS = YES;
				INFOPLIST_FILE = macOS/Info.plist;
				LD_RUNPATH_SEARCH_PATHS = (
					"$(inherited)",
					"@executable_path/../Frameworks",
				);
				PRODUCT_BUNDLE_IDENTIFIER = de.crelies.GameOfThrones;
				PRODUCT_NAME = GameOfThrones;
				PROVISIONING_PROFILE_SPECIFIER = "";
				SDKROOT = macosx;
			};
			name = Release;
		};
		B9E03AAB23032E4100E2B3F5 /* Debug */ = {
			isa = XCBuildConfiguration;
			buildSettings = {
				ALWAYS_SEARCH_USER_PATHS = NO;
				CLANG_ANALYZER_NONNULL = YES;
				CLANG_ANALYZER_NUMBER_OBJECT_CONVERSION = YES_AGGRESSIVE;
				CLANG_CXX_LANGUAGE_STANDARD = "gnu++14";
				CLANG_CXX_LIBRARY = "libc++";
				CLANG_ENABLE_MODULES = YES;
				CLANG_ENABLE_OBJC_ARC = YES;
				CLANG_ENABLE_OBJC_WEAK = YES;
				CLANG_WARN_BLOCK_CAPTURE_AUTORELEASING = YES;
				CLANG_WARN_BOOL_CONVERSION = YES;
				CLANG_WARN_COMMA = YES;
				CLANG_WARN_CONSTANT_CONVERSION = YES;
				CLANG_WARN_DEPRECATED_OBJC_IMPLEMENTATIONS = YES;
				CLANG_WARN_DIRECT_OBJC_ISA_USAGE = YES_ERROR;
				CLANG_WARN_DOCUMENTATION_COMMENTS = YES;
				CLANG_WARN_EMPTY_BODY = YES;
				CLANG_WARN_ENUM_CONVERSION = YES;
				CLANG_WARN_INFINITE_RECURSION = YES;
				CLANG_WARN_INT_CONVERSION = YES;
				CLANG_WARN_NON_LITERAL_NULL_CONVERSION = YES;
				CLANG_WARN_OBJC_IMPLICIT_RETAIN_SELF = YES;
				CLANG_WARN_OBJC_LITERAL_CONVERSION = YES;
				CLANG_WARN_OBJC_ROOT_CLASS = YES_ERROR;
				CLANG_WARN_QUOTED_INCLUDE_IN_FRAMEWORK_HEADER = YES;
				CLANG_WARN_RANGE_LOOP_ANALYSIS = YES;
				CLANG_WARN_STRICT_PROTOTYPES = YES;
				CLANG_WARN_SUSPICIOUS_MOVE = YES;
				CLANG_WARN_UNGUARDED_AVAILABILITY = YES_AGGRESSIVE;
				CLANG_WARN_UNREACHABLE_CODE = YES;
				CLANG_WARN__DUPLICATE_METHOD_MATCH = YES;
				COPY_PHASE_STRIP = NO;
				DEBUG_INFORMATION_FORMAT = dwarf;
				ENABLE_STRICT_OBJC_MSGSEND = YES;
				ENABLE_TESTABILITY = YES;
				GCC_C_LANGUAGE_STANDARD = gnu11;
				GCC_DYNAMIC_NO_PIC = NO;
				GCC_NO_COMMON_BLOCKS = YES;
				GCC_OPTIMIZATION_LEVEL = 0;
				GCC_PREPROCESSOR_DEFINITIONS = (
					"DEBUG=1",
					"$(inherited)",
				);
				GCC_WARN_64_TO_32_BIT_CONVERSION = YES;
				GCC_WARN_ABOUT_RETURN_TYPE = YES_ERROR;
				GCC_WARN_UNDECLARED_SELECTOR = YES;
				GCC_WARN_UNINITIALIZED_AUTOS = YES_AGGRESSIVE;
				GCC_WARN_UNUSED_FUNCTION = YES;
				GCC_WARN_UNUSED_VARIABLE = YES;
				IPHONEOS_DEPLOYMENT_TARGET = 15.0;
				MACOSX_DEPLOYMENT_TARGET = 12.0;
				MTL_ENABLE_DEBUG_INFO = INCLUDE_SOURCE;
				MTL_FAST_MATH = YES;
				ONLY_ACTIVE_ARCH = YES;
				SDKROOT = iphoneos;
				SWIFT_ACTIVE_COMPILATION_CONDITIONS = DEBUG;
				SWIFT_OPTIMIZATION_LEVEL = "-Onone";
				SWIFT_VERSION = 5.0;
			};
			name = Debug;
		};
		B9E03AAC23032E4100E2B3F5 /* Release */ = {
			isa = XCBuildConfiguration;
			buildSettings = {
				ALWAYS_SEARCH_USER_PATHS = NO;
				CLANG_ANALYZER_NONNULL = YES;
				CLANG_ANALYZER_NUMBER_OBJECT_CONVERSION = YES_AGGRESSIVE;
				CLANG_CXX_LANGUAGE_STANDARD = "gnu++14";
				CLANG_CXX_LIBRARY = "libc++";
				CLANG_ENABLE_MODULES = YES;
				CLANG_ENABLE_OBJC_ARC = YES;
				CLANG_ENABLE_OBJC_WEAK = YES;
				CLANG_WARN_BLOCK_CAPTURE_AUTORELEASING = YES;
				CLANG_WARN_BOOL_CONVERSION = YES;
				CLANG_WARN_COMMA = YES;
				CLANG_WARN_CONSTANT_CONVERSION = YES;
				CLANG_WARN_DEPRECATED_OBJC_IMPLEMENTATIONS = YES;
				CLANG_WARN_DIRECT_OBJC_ISA_USAGE = YES_ERROR;
				CLANG_WARN_DOCUMENTATION_COMMENTS = YES;
				CLANG_WARN_EMPTY_BODY = YES;
				CLANG_WARN_ENUM_CONVERSION = YES;
				CLANG_WARN_INFINITE_RECURSION = YES;
				CLANG_WARN_INT_CONVERSION = YES;
				CLANG_WARN_NON_LITERAL_NULL_CONVERSION = YES;
				CLANG_WARN_OBJC_IMPLICIT_RETAIN_SELF = YES;
				CLANG_WARN_OBJC_LITERAL_CONVERSION = YES;
				CLANG_WARN_OBJC_ROOT_CLASS = YES_ERROR;
				CLANG_WARN_QUOTED_INCLUDE_IN_FRAMEWORK_HEADER = YES;
				CLANG_WARN_RANGE_LOOP_ANALYSIS = YES;
				CLANG_WARN_STRICT_PROTOTYPES = YES;
				CLANG_WARN_SUSPICIOUS_MOVE = YES;
				CLANG_WARN_UNGUARDED_AVAILABILITY = YES_AGGRESSIVE;
				CLANG_WARN_UNREACHABLE_CODE = YES;
				CLANG_WARN__DUPLICATE_METHOD_MATCH = YES;
				COPY_PHASE_STRIP = NO;
				DEBUG_INFORMATION_FORMAT = "dwarf-with-dsym";
				ENABLE_NS_ASSERTIONS = NO;
				ENABLE_STRICT_OBJC_MSGSEND = YES;
				GCC_C_LANGUAGE_STANDARD = gnu11;
				GCC_NO_COMMON_BLOCKS = YES;
				GCC_WARN_64_TO_32_BIT_CONVERSION = YES;
				GCC_WARN_ABOUT_RETURN_TYPE = YES_ERROR;
				GCC_WARN_UNDECLARED_SELECTOR = YES;
				GCC_WARN_UNINITIALIZED_AUTOS = YES_AGGRESSIVE;
				GCC_WARN_UNUSED_FUNCTION = YES;
				GCC_WARN_UNUSED_VARIABLE = YES;
				IPHONEOS_DEPLOYMENT_TARGET = 15.0;
				MACOSX_DEPLOYMENT_TARGET = 12.0;
				MTL_ENABLE_DEBUG_INFO = NO;
				MTL_FAST_MATH = YES;
				SDKROOT = iphoneos;
				SWIFT_COMPILATION_MODE = wholemodule;
				SWIFT_OPTIMIZATION_LEVEL = "-O";
				SWIFT_VERSION = 5.0;
				VALIDATE_PRODUCT = YES;
			};
			name = Release;
		};
/* End XCBuildConfiguration section */

/* Begin XCConfigurationList section */
		B95616E824C8BF0F003A3ACF /* Build configuration list for PBXNativeTarget "GameOfThrones (iOS)" */ = {
			isa = XCConfigurationList;
			buildConfigurations = (
				B95616E924C8BF0F003A3ACF /* Debug */,
				B95616EA24C8BF0F003A3ACF /* Release */,
			);
			defaultConfigurationIsVisible = 0;
			defaultConfigurationName = Release;
		};
		B95616EB24C8BF0F003A3ACF /* Build configuration list for PBXNativeTarget "GameOfThrones (macOS)" */ = {
			isa = XCConfigurationList;
			buildConfigurations = (
				B95616EC24C8BF0F003A3ACF /* Debug */,
				B95616ED24C8BF0F003A3ACF /* Release */,
			);
			defaultConfigurationIsVisible = 0;
			defaultConfigurationName = Release;
		};
		B9E03A9423032E4000E2B3F5 /* Build configuration list for PBXProject "Game-of-Thrones-SwiftUI" */ = {
			isa = XCConfigurationList;
			buildConfigurations = (
				B9E03AAB23032E4100E2B3F5 /* Debug */,
				B9E03AAC23032E4100E2B3F5 /* Release */,
			);
			defaultConfigurationIsVisible = 0;
			defaultConfigurationName = Release;
		};
/* End XCConfigurationList section */

/* Begin XCRemoteSwiftPackageReference section */
		B91CAD642306B5F300EB67B1 /* XCRemoteSwiftPackageReference "AdvancedList" */ = {
			isa = XCRemoteSwiftPackageReference;
			repositoryURL = "https://github.com/crelies/AdvancedList.git";
			requirement = {
				kind = upToNextMajorVersion;
				minimumVersion = 4.0.0;
			};
		};
		B92B64E626DB9113004EB679 /* XCRemoteSwiftPackageReference "swift-composable-architecture" */ = {
			isa = XCRemoteSwiftPackageReference;
			repositoryURL = "https://github.com/pointfreeco/swift-composable-architecture";
			requirement = {
				kind = upToNextMajorVersion;
				minimumVersion = 0.25.0;
			};
		};
/* End XCRemoteSwiftPackageReference section */

/* Begin XCSwiftPackageProductDependency section */
		B92B64E726DB9113004EB679 /* ComposableArchitecture */ = {
			isa = XCSwiftPackageProductDependency;
			package = B92B64E626DB9113004EB679 /* XCRemoteSwiftPackageReference "swift-composable-architecture" */;
			productName = ComposableArchitecture;
		};
		B92B653D26DC3B42004EB679 /* ComposableArchitecture */ = {
			isa = XCSwiftPackageProductDependency;
			package = B92B64E626DB9113004EB679 /* XCRemoteSwiftPackageReference "swift-composable-architecture" */;
			productName = ComposableArchitecture;
		};
		B956171E24C8C82F003A3ACF /* AdvancedList */ = {
			isa = XCSwiftPackageProductDependency;
			package = B91CAD642306B5F300EB67B1 /* XCRemoteSwiftPackageReference "AdvancedList" */;
			productName = AdvancedList;
		};
		B956172024C8C836003A3ACF /* AdvancedList */ = {
			isa = XCSwiftPackageProductDependency;
			package = B91CAD642306B5F300EB67B1 /* XCRemoteSwiftPackageReference "AdvancedList" */;
			productName = AdvancedList;
		};
/* End XCSwiftPackageProductDependency section */
	};
	rootObject = B9E03A9123032E4000E2B3F5 /* Project object */;
}
